
Microsoft Visual Studio Solution File, Format Version 12.00
# Visual Studio 2013
VisualStudioVersion = 12.0.31101.0
MinimumVisualStudioVersion = 10.0.40219.1
Project("{FAE04EC0-301F-11D3-BF4B-00C04F79EFBC}") = "ScpMonitor", "ScpMonitor\ScpMonitor.csproj", "{6C9F554E-90D6-449C-91E9-130D476D88B5}"
EndProject
Project("{FAE04EC0-301F-11D3-BF4B-00C04F79EFBC}") = "ScpService", "ScpService\ScpService.csproj", "{DA326CAA-4E14-4B0F-993D-91F5BD19FBA0}"
EndProject
Project("{FAE04EC0-301F-11D3-BF4B-00C04F79EFBC}") = "ScpServer", "ScpServer\ScpServer.csproj", "{D553DB39-186A-48B2-B8FA-E9C56C2BC382}"
EndProject
Project("{FAE04EC0-301F-11D3-BF4B-00C04F79EFBC}") = "ScpInstaller", "ScpInstaller\ScpInstaller.csproj", "{D5ED7E4A-0B5B-42C4-BBBE-942842BC4535}"
EndProject
Project("{FAE04EC0-301F-11D3-BF4B-00C04F79EFBC}") = "ScpControl", "ScpControl\ScpControl.csproj", "{DDECF06E-BE48-4610-8BF8-4AE5140D9F0C}"
EndProject
Project("{FAE04EC0-301F-11D3-BF4B-00C04F79EFBC}") = "ScpPair", "ScpPair\ScpPair.csproj", "{FDC70577-8D4C-4E79-87EE-E9B3D09FAA8A}"
EndProject
Project("{FAE04EC0-301F-11D3-BF4B-00C04F79EFBC}") = "ScpLauncher", "ScpLauncher\ScpLauncher.csproj", "{E7BE9E37-4440-47EE-AB51-193CE1112433}"
EndProject
Project("{8BC9CEB8-8B4A-11D0-8D11-00A0C91BC942}") = "ScpVBus", "ScpVBus\ScpVBus.vcxproj", "{5E74D4FF-6121-468C-9697-D9D2FE8054AA}"
EndProject
Project("{8BC9CEB8-8B4A-11D0-8D11-00A0C91BC942}") = "ScpVBus Package", "ScpVBus Package\ScpVBus Package.vcxproj", "{E34D279E-2B61-4EE3-95AE-165631857C37}"
	ProjectSection(ProjectDependencies) = postProject
		{5E74D4FF-6121-468C-9697-D9D2FE8054AA} = {5E74D4FF-6121-468C-9697-D9D2FE8054AA}
	EndProjectSection
EndProject
Project("{FAE04EC0-301F-11D3-BF4B-00C04F79EFBC}") = "ScpProfiler", "ScpProfiler\ScpProfiler.csproj", "{B1EA6F7B-13E6-4D4E-B2A4-720E58ABB20A}"
EndProject
Project("{FAE04EC0-301F-11D3-BF4B-00C04F79EFBC}") = "ScpSettings", "ScpSettings\ScpSettings.csproj", "{97001F94-2EF3-4ED1-A228-F890514F53DC}"
EndProject
Project("{FAE04EC0-301F-11D3-BF4B-00C04F79EFBC}") = "ScpDriverInstaller", "ScpDriverInstaller\ScpDriverInstaller.csproj", "{F39679D5-160D-4334-B3C1-7A0C6B436D69}"
EndProject
Global
	GlobalSection(SolutionConfigurationPlatforms) = preSolution
		Debug|Any CPU = Debug|Any CPU
		Debug|Mixed Platforms = Debug|Mixed Platforms
		Debug|Win32 = Debug|Win32
		Debug|x64 = Debug|x64
		Release|Any CPU = Release|Any CPU
		Release|Mixed Platforms = Release|Mixed Platforms
		Release|Win32 = Release|Win32
		Release|x64 = Release|x64
		Win7 Debug|Any CPU = Win7 Debug|Any CPU
		Win7 Debug|Mixed Platforms = Win7 Debug|Mixed Platforms
		Win7 Debug|Win32 = Win7 Debug|Win32
		Win7 Debug|x64 = Win7 Debug|x64
		Win7 Release|Any CPU = Win7 Release|Any CPU
		Win7 Release|Mixed Platforms = Win7 Release|Mixed Platforms
		Win7 Release|Win32 = Win7 Release|Win32
		Win7 Release|x64 = Win7 Release|x64
		Win8 Debug|Any CPU = Win8 Debug|Any CPU
		Win8 Debug|Mixed Platforms = Win8 Debug|Mixed Platforms
		Win8 Debug|Win32 = Win8 Debug|Win32
		Win8 Debug|x64 = Win8 Debug|x64
		Win8 Release|Any CPU = Win8 Release|Any CPU
		Win8 Release|Mixed Platforms = Win8 Release|Mixed Platforms
		Win8 Release|Win32 = Win8 Release|Win32
		Win8 Release|x64 = Win8 Release|x64
		Win8.1 Debug|Any CPU = Win8.1 Debug|Any CPU
		Win8.1 Debug|Mixed Platforms = Win8.1 Debug|Mixed Platforms
		Win8.1 Debug|Win32 = Win8.1 Debug|Win32
		Win8.1 Debug|x64 = Win8.1 Debug|x64
		Win8.1 Release|Any CPU = Win8.1 Release|Any CPU
		Win8.1 Release|Mixed Platforms = Win8.1 Release|Mixed Platforms
		Win8.1 Release|Win32 = Win8.1 Release|Win32
		Win8.1 Release|x64 = Win8.1 Release|x64
	EndGlobalSection
	GlobalSection(ProjectConfigurationPlatforms) = postSolution
		{6C9F554E-90D6-449C-91E9-130D476D88B5}.Debug|Any CPU.ActiveCfg = Debug|Any CPU
		{6C9F554E-90D6-449C-91E9-130D476D88B5}.Debug|Any CPU.Build.0 = Debug|Any CPU
		{6C9F554E-90D6-449C-91E9-130D476D88B5}.Debug|Mixed Platforms.ActiveCfg = Debug|Any CPU
		{6C9F554E-90D6-449C-91E9-130D476D88B5}.Debug|Mixed Platforms.Build.0 = Debug|Any CPU
		{6C9F554E-90D6-449C-91E9-130D476D88B5}.Debug|Win32.ActiveCfg = Debug|Any CPU
		{6C9F554E-90D6-449C-91E9-130D476D88B5}.Debug|x64.ActiveCfg = Debug|Any CPU
		{6C9F554E-90D6-449C-91E9-130D476D88B5}.Release|Any CPU.ActiveCfg = Release|Any CPU
		{6C9F554E-90D6-449C-91E9-130D476D88B5}.Release|Any CPU.Build.0 = Release|Any CPU
		{6C9F554E-90D6-449C-91E9-130D476D88B5}.Release|Mixed Platforms.ActiveCfg = Release|Any CPU
		{6C9F554E-90D6-449C-91E9-130D476D88B5}.Release|Mixed Platforms.Build.0 = Release|Any CPU
		{6C9F554E-90D6-449C-91E9-130D476D88B5}.Release|Win32.ActiveCfg = Release|Any CPU
		{6C9F554E-90D6-449C-91E9-130D476D88B5}.Release|x64.ActiveCfg = Release|Any CPU
		{6C9F554E-90D6-449C-91E9-130D476D88B5}.Win7 Debug|Any CPU.ActiveCfg = Debug|Any CPU
		{6C9F554E-90D6-449C-91E9-130D476D88B5}.Win7 Debug|Any CPU.Build.0 = Debug|Any CPU
		{6C9F554E-90D6-449C-91E9-130D476D88B5}.Win7 Debug|Mixed Platforms.ActiveCfg = Debug|Any CPU
		{6C9F554E-90D6-449C-91E9-130D476D88B5}.Win7 Debug|Mixed Platforms.Build.0 = Debug|Any CPU
		{6C9F554E-90D6-449C-91E9-130D476D88B5}.Win7 Debug|Win32.ActiveCfg = Debug|Any CPU
		{6C9F554E-90D6-449C-91E9-130D476D88B5}.Win7 Debug|x64.ActiveCfg = Debug|Any CPU
		{6C9F554E-90D6-449C-91E9-130D476D88B5}.Win7 Release|Any CPU.ActiveCfg = Release|Any CPU
		{6C9F554E-90D6-449C-91E9-130D476D88B5}.Win7 Release|Any CPU.Build.0 = Release|Any CPU
		{6C9F554E-90D6-449C-91E9-130D476D88B5}.Win7 Release|Mixed Platforms.ActiveCfg = Release|Any CPU
		{6C9F554E-90D6-449C-91E9-130D476D88B5}.Win7 Release|Mixed Platforms.Build.0 = Release|Any CPU
		{6C9F554E-90D6-449C-91E9-130D476D88B5}.Win7 Release|Win32.ActiveCfg = Release|Any CPU
		{6C9F554E-90D6-449C-91E9-130D476D88B5}.Win7 Release|x64.ActiveCfg = Release|Any CPU
		{6C9F554E-90D6-449C-91E9-130D476D88B5}.Win8 Debug|Any CPU.ActiveCfg = Debug|Any CPU
		{6C9F554E-90D6-449C-91E9-130D476D88B5}.Win8 Debug|Any CPU.Build.0 = Debug|Any CPU
		{6C9F554E-90D6-449C-91E9-130D476D88B5}.Win8 Debug|Mixed Platforms.ActiveCfg = Debug|Any CPU
		{6C9F554E-90D6-449C-91E9-130D476D88B5}.Win8 Debug|Mixed Platforms.Build.0 = Debug|Any CPU
		{6C9F554E-90D6-449C-91E9-130D476D88B5}.Win8 Debug|Win32.ActiveCfg = Debug|Any CPU
		{6C9F554E-90D6-449C-91E9-130D476D88B5}.Win8 Debug|x64.ActiveCfg = Debug|Any CPU
		{6C9F554E-90D6-449C-91E9-130D476D88B5}.Win8 Release|Any CPU.ActiveCfg = Release|Any CPU
		{6C9F554E-90D6-449C-91E9-130D476D88B5}.Win8 Release|Any CPU.Build.0 = Release|Any CPU
		{6C9F554E-90D6-449C-91E9-130D476D88B5}.Win8 Release|Mixed Platforms.ActiveCfg = Release|Any CPU
		{6C9F554E-90D6-449C-91E9-130D476D88B5}.Win8 Release|Mixed Platforms.Build.0 = Release|Any CPU
		{6C9F554E-90D6-449C-91E9-130D476D88B5}.Win8 Release|Win32.ActiveCfg = Release|Any CPU
		{6C9F554E-90D6-449C-91E9-130D476D88B5}.Win8 Release|x64.ActiveCfg = Release|Any CPU
		{6C9F554E-90D6-449C-91E9-130D476D88B5}.Win8.1 Debug|Any CPU.ActiveCfg = Debug|Any CPU
		{6C9F554E-90D6-449C-91E9-130D476D88B5}.Win8.1 Debug|Any CPU.Build.0 = Debug|Any CPU
		{6C9F554E-90D6-449C-91E9-130D476D88B5}.Win8.1 Debug|Mixed Platforms.ActiveCfg = Debug|Any CPU
		{6C9F554E-90D6-449C-91E9-130D476D88B5}.Win8.1 Debug|Mixed Platforms.Build.0 = Debug|Any CPU
		{6C9F554E-90D6-449C-91E9-130D476D88B5}.Win8.1 Debug|Win32.ActiveCfg = Debug|Any CPU
		{6C9F554E-90D6-449C-91E9-130D476D88B5}.Win8.1 Debug|x64.ActiveCfg = Debug|Any CPU
		{6C9F554E-90D6-449C-91E9-130D476D88B5}.Win8.1 Release|Any CPU.ActiveCfg = Release|Any CPU
		{6C9F554E-90D6-449C-91E9-130D476D88B5}.Win8.1 Release|Any CPU.Build.0 = Release|Any CPU
		{6C9F554E-90D6-449C-91E9-130D476D88B5}.Win8.1 Release|Mixed Platforms.ActiveCfg = Release|Any CPU
		{6C9F554E-90D6-449C-91E9-130D476D88B5}.Win8.1 Release|Mixed Platforms.Build.0 = Release|Any CPU
		{6C9F554E-90D6-449C-91E9-130D476D88B5}.Win8.1 Release|Win32.ActiveCfg = Release|Any CPU
		{6C9F554E-90D6-449C-91E9-130D476D88B5}.Win8.1 Release|x64.ActiveCfg = Release|Any CPU
		{DA326CAA-4E14-4B0F-993D-91F5BD19FBA0}.Debug|Any CPU.ActiveCfg = Debug|Any CPU
		{DA326CAA-4E14-4B0F-993D-91F5BD19FBA0}.Debug|Any CPU.Build.0 = Debug|Any CPU
		{DA326CAA-4E14-4B0F-993D-91F5BD19FBA0}.Debug|Mixed Platforms.ActiveCfg = Debug|Any CPU
		{DA326CAA-4E14-4B0F-993D-91F5BD19FBA0}.Debug|Mixed Platforms.Build.0 = Debug|Any CPU
		{DA326CAA-4E14-4B0F-993D-91F5BD19FBA0}.Debug|Win32.ActiveCfg = Debug|Any CPU
		{DA326CAA-4E14-4B0F-993D-91F5BD19FBA0}.Debug|x64.ActiveCfg = Debug|Any CPU
		{DA326CAA-4E14-4B0F-993D-91F5BD19FBA0}.Release|Any CPU.ActiveCfg = Release|Any CPU
		{DA326CAA-4E14-4B0F-993D-91F5BD19FBA0}.Release|Any CPU.Build.0 = Release|Any CPU
		{DA326CAA-4E14-4B0F-993D-91F5BD19FBA0}.Release|Mixed Platforms.ActiveCfg = Release|Any CPU
		{DA326CAA-4E14-4B0F-993D-91F5BD19FBA0}.Release|Mixed Platforms.Build.0 = Release|Any CPU
		{DA326CAA-4E14-4B0F-993D-91F5BD19FBA0}.Release|Win32.ActiveCfg = Release|Any CPU
		{DA326CAA-4E14-4B0F-993D-91F5BD19FBA0}.Release|x64.ActiveCfg = Release|Any CPU
		{DA326CAA-4E14-4B0F-993D-91F5BD19FBA0}.Win7 Debug|Any CPU.ActiveCfg = Debug|Any CPU
		{DA326CAA-4E14-4B0F-993D-91F5BD19FBA0}.Win7 Debug|Any CPU.Build.0 = Debug|Any CPU
		{DA326CAA-4E14-4B0F-993D-91F5BD19FBA0}.Win7 Debug|Mixed Platforms.ActiveCfg = Debug|Any CPU
		{DA326CAA-4E14-4B0F-993D-91F5BD19FBA0}.Win7 Debug|Mixed Platforms.Build.0 = Debug|Any CPU
		{DA326CAA-4E14-4B0F-993D-91F5BD19FBA0}.Win7 Debug|Win32.ActiveCfg = Debug|Any CPU
		{DA326CAA-4E14-4B0F-993D-91F5BD19FBA0}.Win7 Debug|x64.ActiveCfg = Debug|Any CPU
		{DA326CAA-4E14-4B0F-993D-91F5BD19FBA0}.Win7 Release|Any CPU.ActiveCfg = Release|Any CPU
		{DA326CAA-4E14-4B0F-993D-91F5BD19FBA0}.Win7 Release|Any CPU.Build.0 = Release|Any CPU
		{DA326CAA-4E14-4B0F-993D-91F5BD19FBA0}.Win7 Release|Mixed Platforms.ActiveCfg = Release|Any CPU
		{DA326CAA-4E14-4B0F-993D-91F5BD19FBA0}.Win7 Release|Mixed Platforms.Build.0 = Release|Any CPU
		{DA326CAA-4E14-4B0F-993D-91F5BD19FBA0}.Win7 Release|Win32.ActiveCfg = Release|Any CPU
		{DA326CAA-4E14-4B0F-993D-91F5BD19FBA0}.Win7 Release|x64.ActiveCfg = Release|Any CPU
		{DA326CAA-4E14-4B0F-993D-91F5BD19FBA0}.Win8 Debug|Any CPU.ActiveCfg = Debug|Any CPU
		{DA326CAA-4E14-4B0F-993D-91F5BD19FBA0}.Win8 Debug|Any CPU.Build.0 = Debug|Any CPU
		{DA326CAA-4E14-4B0F-993D-91F5BD19FBA0}.Win8 Debug|Mixed Platforms.ActiveCfg = Debug|Any CPU
		{DA326CAA-4E14-4B0F-993D-91F5BD19FBA0}.Win8 Debug|Mixed Platforms.Build.0 = Debug|Any CPU
		{DA326CAA-4E14-4B0F-993D-91F5BD19FBA0}.Win8 Debug|Win32.ActiveCfg = Debug|Any CPU
		{DA326CAA-4E14-4B0F-993D-91F5BD19FBA0}.Win8 Debug|x64.ActiveCfg = Debug|Any CPU
		{DA326CAA-4E14-4B0F-993D-91F5BD19FBA0}.Win8 Release|Any CPU.ActiveCfg = Release|Any CPU
		{DA326CAA-4E14-4B0F-993D-91F5BD19FBA0}.Win8 Release|Any CPU.Build.0 = Release|Any CPU
		{DA326CAA-4E14-4B0F-993D-91F5BD19FBA0}.Win8 Release|Mixed Platforms.ActiveCfg = Release|Any CPU
		{DA326CAA-4E14-4B0F-993D-91F5BD19FBA0}.Win8 Release|Mixed Platforms.Build.0 = Release|Any CPU
		{DA326CAA-4E14-4B0F-993D-91F5BD19FBA0}.Win8 Release|Win32.ActiveCfg = Release|Any CPU
		{DA326CAA-4E14-4B0F-993D-91F5BD19FBA0}.Win8 Release|x64.ActiveCfg = Release|Any CPU
		{DA326CAA-4E14-4B0F-993D-91F5BD19FBA0}.Win8.1 Debug|Any CPU.ActiveCfg = Debug|Any CPU
		{DA326CAA-4E14-4B0F-993D-91F5BD19FBA0}.Win8.1 Debug|Any CPU.Build.0 = Debug|Any CPU
		{DA326CAA-4E14-4B0F-993D-91F5BD19FBA0}.Win8.1 Debug|Mixed Platforms.ActiveCfg = Debug|Any CPU
		{DA326CAA-4E14-4B0F-993D-91F5BD19FBA0}.Win8.1 Debug|Mixed Platforms.Build.0 = Debug|Any CPU
		{DA326CAA-4E14-4B0F-993D-91F5BD19FBA0}.Win8.1 Debug|Win32.ActiveCfg = Debug|Any CPU
		{DA326CAA-4E14-4B0F-993D-91F5BD19FBA0}.Win8.1 Debug|x64.ActiveCfg = Debug|Any CPU
		{DA326CAA-4E14-4B0F-993D-91F5BD19FBA0}.Win8.1 Release|Any CPU.ActiveCfg = Release|Any CPU
		{DA326CAA-4E14-4B0F-993D-91F5BD19FBA0}.Win8.1 Release|Any CPU.Build.0 = Release|Any CPU
		{DA326CAA-4E14-4B0F-993D-91F5BD19FBA0}.Win8.1 Release|Mixed Platforms.ActiveCfg = Release|Any CPU
		{DA326CAA-4E14-4B0F-993D-91F5BD19FBA0}.Win8.1 Release|Mixed Platforms.Build.0 = Release|Any CPU
		{DA326CAA-4E14-4B0F-993D-91F5BD19FBA0}.Win8.1 Release|Win32.ActiveCfg = Release|Any CPU
		{DA326CAA-4E14-4B0F-993D-91F5BD19FBA0}.Win8.1 Release|x64.ActiveCfg = Release|Any CPU
		{D553DB39-186A-48B2-B8FA-E9C56C2BC382}.Debug|Any CPU.ActiveCfg = Debug|Any CPU
		{D553DB39-186A-48B2-B8FA-E9C56C2BC382}.Debug|Any CPU.Build.0 = Debug|Any CPU
		{D553DB39-186A-48B2-B8FA-E9C56C2BC382}.Debug|Mixed Platforms.ActiveCfg = Debug|Any CPU
		{D553DB39-186A-48B2-B8FA-E9C56C2BC382}.Debug|Mixed Platforms.Build.0 = Debug|Any CPU
		{D553DB39-186A-48B2-B8FA-E9C56C2BC382}.Debug|Win32.ActiveCfg = Debug|Any CPU
		{D553DB39-186A-48B2-B8FA-E9C56C2BC382}.Debug|x64.ActiveCfg = Debug|Any CPU
		{D553DB39-186A-48B2-B8FA-E9C56C2BC382}.Release|Any CPU.ActiveCfg = Release|Any CPU
		{D553DB39-186A-48B2-B8FA-E9C56C2BC382}.Release|Any CPU.Build.0 = Release|Any CPU
		{D553DB39-186A-48B2-B8FA-E9C56C2BC382}.Release|Mixed Platforms.ActiveCfg = Release|Any CPU
		{D553DB39-186A-48B2-B8FA-E9C56C2BC382}.Release|Mixed Platforms.Build.0 = Release|Any CPU
		{D553DB39-186A-48B2-B8FA-E9C56C2BC382}.Release|Win32.ActiveCfg = Release|Any CPU
		{D553DB39-186A-48B2-B8FA-E9C56C2BC382}.Release|x64.ActiveCfg = Release|Any CPU
		{D553DB39-186A-48B2-B8FA-E9C56C2BC382}.Win7 Debug|Any CPU.ActiveCfg = Debug|Any CPU
		{D553DB39-186A-48B2-B8FA-E9C56C2BC382}.Win7 Debug|Any CPU.Build.0 = Debug|Any CPU
		{D553DB39-186A-48B2-B8FA-E9C56C2BC382}.Win7 Debug|Mixed Platforms.ActiveCfg = Debug|Any CPU
		{D553DB39-186A-48B2-B8FA-E9C56C2BC382}.Win7 Debug|Mixed Platforms.Build.0 = Debug|Any CPU
		{D553DB39-186A-48B2-B8FA-E9C56C2BC382}.Win7 Debug|Win32.ActiveCfg = Debug|Any CPU
		{D553DB39-186A-48B2-B8FA-E9C56C2BC382}.Win7 Debug|x64.ActiveCfg = Debug|Any CPU
		{D553DB39-186A-48B2-B8FA-E9C56C2BC382}.Win7 Release|Any CPU.ActiveCfg = Release|Any CPU
		{D553DB39-186A-48B2-B8FA-E9C56C2BC382}.Win7 Release|Any CPU.Build.0 = Release|Any CPU
		{D553DB39-186A-48B2-B8FA-E9C56C2BC382}.Win7 Release|Mixed Platforms.ActiveCfg = Release|Any CPU
		{D553DB39-186A-48B2-B8FA-E9C56C2BC382}.Win7 Release|Mixed Platforms.Build.0 = Release|Any CPU
		{D553DB39-186A-48B2-B8FA-E9C56C2BC382}.Win7 Release|Win32.ActiveCfg = Release|Any CPU
		{D553DB39-186A-48B2-B8FA-E9C56C2BC382}.Win7 Release|x64.ActiveCfg = Release|Any CPU
		{D553DB39-186A-48B2-B8FA-E9C56C2BC382}.Win8 Debug|Any CPU.ActiveCfg = Debug|Any CPU
		{D553DB39-186A-48B2-B8FA-E9C56C2BC382}.Win8 Debug|Any CPU.Build.0 = Debug|Any CPU
		{D553DB39-186A-48B2-B8FA-E9C56C2BC382}.Win8 Debug|Mixed Platforms.ActiveCfg = Debug|Any CPU
		{D553DB39-186A-48B2-B8FA-E9C56C2BC382}.Win8 Debug|Mixed Platforms.Build.0 = Debug|Any CPU
		{D553DB39-186A-48B2-B8FA-E9C56C2BC382}.Win8 Debug|Win32.ActiveCfg = Debug|Any CPU
		{D553DB39-186A-48B2-B8FA-E9C56C2BC382}.Win8 Debug|x64.ActiveCfg = Debug|Any CPU
		{D553DB39-186A-48B2-B8FA-E9C56C2BC382}.Win8 Release|Any CPU.ActiveCfg = Release|Any CPU
		{D553DB39-186A-48B2-B8FA-E9C56C2BC382}.Win8 Release|Any CPU.Build.0 = Release|Any CPU
		{D553DB39-186A-48B2-B8FA-E9C56C2BC382}.Win8 Release|Mixed Platforms.ActiveCfg = Release|Any CPU
		{D553DB39-186A-48B2-B8FA-E9C56C2BC382}.Win8 Release|Mixed Platforms.Build.0 = Release|Any CPU
		{D553DB39-186A-48B2-B8FA-E9C56C2BC382}.Win8 Release|Win32.ActiveCfg = Release|Any CPU
		{D553DB39-186A-48B2-B8FA-E9C56C2BC382}.Win8 Release|x64.ActiveCfg = Release|Any CPU
		{D553DB39-186A-48B2-B8FA-E9C56C2BC382}.Win8.1 Debug|Any CPU.ActiveCfg = Debug|Any CPU
		{D553DB39-186A-48B2-B8FA-E9C56C2BC382}.Win8.1 Debug|Any CPU.Build.0 = Debug|Any CPU
		{D553DB39-186A-48B2-B8FA-E9C56C2BC382}.Win8.1 Debug|Mixed Platforms.ActiveCfg = Debug|Any CPU
		{D553DB39-186A-48B2-B8FA-E9C56C2BC382}.Win8.1 Debug|Mixed Platforms.Build.0 = Debug|Any CPU
		{D553DB39-186A-48B2-B8FA-E9C56C2BC382}.Win8.1 Debug|Win32.ActiveCfg = Debug|Any CPU
		{D553DB39-186A-48B2-B8FA-E9C56C2BC382}.Win8.1 Debug|x64.ActiveCfg = Debug|Any CPU
		{D553DB39-186A-48B2-B8FA-E9C56C2BC382}.Win8.1 Release|Any CPU.ActiveCfg = Release|Any CPU
		{D553DB39-186A-48B2-B8FA-E9C56C2BC382}.Win8.1 Release|Any CPU.Build.0 = Release|Any CPU
		{D553DB39-186A-48B2-B8FA-E9C56C2BC382}.Win8.1 Release|Mixed Platforms.ActiveCfg = Release|Any CPU
		{D553DB39-186A-48B2-B8FA-E9C56C2BC382}.Win8.1 Release|Mixed Platforms.Build.0 = Release|Any CPU
		{D553DB39-186A-48B2-B8FA-E9C56C2BC382}.Win8.1 Release|Win32.ActiveCfg = Release|Any CPU
		{D553DB39-186A-48B2-B8FA-E9C56C2BC382}.Win8.1 Release|x64.ActiveCfg = Release|Any CPU
		{D5ED7E4A-0B5B-42C4-BBBE-942842BC4535}.Debug|Any CPU.ActiveCfg = Debug|Any CPU
		{D5ED7E4A-0B5B-42C4-BBBE-942842BC4535}.Debug|Any CPU.Build.0 = Debug|Any CPU
		{D5ED7E4A-0B5B-42C4-BBBE-942842BC4535}.Debug|Mixed Platforms.ActiveCfg = Debug|Any CPU
		{D5ED7E4A-0B5B-42C4-BBBE-942842BC4535}.Debug|Mixed Platforms.Build.0 = Debug|Any CPU
		{D5ED7E4A-0B5B-42C4-BBBE-942842BC4535}.Debug|Win32.ActiveCfg = Debug|Any CPU
		{D5ED7E4A-0B5B-42C4-BBBE-942842BC4535}.Debug|x64.ActiveCfg = Debug|Any CPU
		{D5ED7E4A-0B5B-42C4-BBBE-942842BC4535}.Release|Any CPU.ActiveCfg = Release|Any CPU
		{D5ED7E4A-0B5B-42C4-BBBE-942842BC4535}.Release|Any CPU.Build.0 = Release|Any CPU
		{D5ED7E4A-0B5B-42C4-BBBE-942842BC4535}.Release|Mixed Platforms.ActiveCfg = Release|Any CPU
		{D5ED7E4A-0B5B-42C4-BBBE-942842BC4535}.Release|Mixed Platforms.Build.0 = Release|Any CPU
		{D5ED7E4A-0B5B-42C4-BBBE-942842BC4535}.Release|Win32.ActiveCfg = Release|Any CPU
		{D5ED7E4A-0B5B-42C4-BBBE-942842BC4535}.Release|x64.ActiveCfg = Release|Any CPU
		{D5ED7E4A-0B5B-42C4-BBBE-942842BC4535}.Win7 Debug|Any CPU.ActiveCfg = Debug|Any CPU
		{D5ED7E4A-0B5B-42C4-BBBE-942842BC4535}.Win7 Debug|Any CPU.Build.0 = Debug|Any CPU
		{D5ED7E4A-0B5B-42C4-BBBE-942842BC4535}.Win7 Debug|Mixed Platforms.ActiveCfg = Debug|Any CPU
		{D5ED7E4A-0B5B-42C4-BBBE-942842BC4535}.Win7 Debug|Mixed Platforms.Build.0 = Debug|Any CPU
		{D5ED7E4A-0B5B-42C4-BBBE-942842BC4535}.Win7 Debug|Win32.ActiveCfg = Debug|Any CPU
		{D5ED7E4A-0B5B-42C4-BBBE-942842BC4535}.Win7 Debug|x64.ActiveCfg = Debug|Any CPU
		{D5ED7E4A-0B5B-42C4-BBBE-942842BC4535}.Win7 Release|Any CPU.ActiveCfg = Release|Any CPU
		{D5ED7E4A-0B5B-42C4-BBBE-942842BC4535}.Win7 Release|Any CPU.Build.0 = Release|Any CPU
		{D5ED7E4A-0B5B-42C4-BBBE-942842BC4535}.Win7 Release|Mixed Platforms.ActiveCfg = Release|Any CPU
		{D5ED7E4A-0B5B-42C4-BBBE-942842BC4535}.Win7 Release|Mixed Platforms.Build.0 = Release|Any CPU
		{D5ED7E4A-0B5B-42C4-BBBE-942842BC4535}.Win7 Release|Win32.ActiveCfg = Release|Any CPU
		{D5ED7E4A-0B5B-42C4-BBBE-942842BC4535}.Win7 Release|x64.ActiveCfg = Release|Any CPU
		{D5ED7E4A-0B5B-42C4-BBBE-942842BC4535}.Win8 Debug|Any CPU.ActiveCfg = Debug|Any CPU
		{D5ED7E4A-0B5B-42C4-BBBE-942842BC4535}.Win8 Debug|Any CPU.Build.0 = Debug|Any CPU
		{D5ED7E4A-0B5B-42C4-BBBE-942842BC4535}.Win8 Debug|Mixed Platforms.ActiveCfg = Debug|Any CPU
		{D5ED7E4A-0B5B-42C4-BBBE-942842BC4535}.Win8 Debug|Mixed Platforms.Build.0 = Debug|Any CPU
		{D5ED7E4A-0B5B-42C4-BBBE-942842BC4535}.Win8 Debug|Win32.ActiveCfg = Debug|Any CPU
		{D5ED7E4A-0B5B-42C4-BBBE-942842BC4535}.Win8 Debug|x64.ActiveCfg = Debug|Any CPU
		{D5ED7E4A-0B5B-42C4-BBBE-942842BC4535}.Win8 Release|Any CPU.ActiveCfg = Release|Any CPU
		{D5ED7E4A-0B5B-42C4-BBBE-942842BC4535}.Win8 Release|Any CPU.Build.0 = Release|Any CPU
		{D5ED7E4A-0B5B-42C4-BBBE-942842BC4535}.Win8 Release|Mixed Platforms.ActiveCfg = Release|Any CPU
		{D5ED7E4A-0B5B-42C4-BBBE-942842BC4535}.Win8 Release|Mixed Platforms.Build.0 = Release|Any CPU
		{D5ED7E4A-0B5B-42C4-BBBE-942842BC4535}.Win8 Release|Win32.ActiveCfg = Release|Any CPU
		{D5ED7E4A-0B5B-42C4-BBBE-942842BC4535}.Win8 Release|x64.ActiveCfg = Release|Any CPU
		{D5ED7E4A-0B5B-42C4-BBBE-942842BC4535}.Win8.1 Debug|Any CPU.ActiveCfg = Debug|Any CPU
		{D5ED7E4A-0B5B-42C4-BBBE-942842BC4535}.Win8.1 Debug|Any CPU.Build.0 = Debug|Any CPU
		{D5ED7E4A-0B5B-42C4-BBBE-942842BC4535}.Win8.1 Debug|Mixed Platforms.ActiveCfg = Debug|Any CPU
		{D5ED7E4A-0B5B-42C4-BBBE-942842BC4535}.Win8.1 Debug|Mixed Platforms.Build.0 = Debug|Any CPU
		{D5ED7E4A-0B5B-42C4-BBBE-942842BC4535}.Win8.1 Debug|Win32.ActiveCfg = Debug|Any CPU
		{D5ED7E4A-0B5B-42C4-BBBE-942842BC4535}.Win8.1 Debug|x64.ActiveCfg = Debug|Any CPU
		{D5ED7E4A-0B5B-42C4-BBBE-942842BC4535}.Win8.1 Release|Any CPU.ActiveCfg = Release|Any CPU
		{D5ED7E4A-0B5B-42C4-BBBE-942842BC4535}.Win8.1 Release|Any CPU.Build.0 = Release|Any CPU
		{D5ED7E4A-0B5B-42C4-BBBE-942842BC4535}.Win8.1 Release|Mixed Platforms.ActiveCfg = Release|Any CPU
		{D5ED7E4A-0B5B-42C4-BBBE-942842BC4535}.Win8.1 Release|Mixed Platforms.Build.0 = Release|Any CPU
		{D5ED7E4A-0B5B-42C4-BBBE-942842BC4535}.Win8.1 Release|Win32.ActiveCfg = Release|Any CPU
		{D5ED7E4A-0B5B-42C4-BBBE-942842BC4535}.Win8.1 Release|x64.ActiveCfg = Release|Any CPU
		{DDECF06E-BE48-4610-8BF8-4AE5140D9F0C}.Debug|Any CPU.ActiveCfg = Debug|Any CPU
		{DDECF06E-BE48-4610-8BF8-4AE5140D9F0C}.Debug|Any CPU.Build.0 = Debug|Any CPU
		{DDECF06E-BE48-4610-8BF8-4AE5140D9F0C}.Debug|Mixed Platforms.ActiveCfg = Debug|Any CPU
		{DDECF06E-BE48-4610-8BF8-4AE5140D9F0C}.Debug|Mixed Platforms.Build.0 = Debug|Any CPU
		{DDECF06E-BE48-4610-8BF8-4AE5140D9F0C}.Debug|Win32.ActiveCfg = Debug|Any CPU
		{DDECF06E-BE48-4610-8BF8-4AE5140D9F0C}.Debug|x64.ActiveCfg = Debug|Any CPU
		{DDECF06E-BE48-4610-8BF8-4AE5140D9F0C}.Release|Any CPU.ActiveCfg = Release|Any CPU
		{DDECF06E-BE48-4610-8BF8-4AE5140D9F0C}.Release|Any CPU.Build.0 = Release|Any CPU
		{DDECF06E-BE48-4610-8BF8-4AE5140D9F0C}.Release|Mixed Platforms.ActiveCfg = Release|Any CPU
		{DDECF06E-BE48-4610-8BF8-4AE5140D9F0C}.Release|Mixed Platforms.Build.0 = Release|Any CPU
		{DDECF06E-BE48-4610-8BF8-4AE5140D9F0C}.Release|Win32.ActiveCfg = Release|Any CPU
		{DDECF06E-BE48-4610-8BF8-4AE5140D9F0C}.Release|x64.ActiveCfg = Release|Any CPU
		{DDECF06E-BE48-4610-8BF8-4AE5140D9F0C}.Win7 Debug|Any CPU.ActiveCfg = Debug|Any CPU
		{DDECF06E-BE48-4610-8BF8-4AE5140D9F0C}.Win7 Debug|Any CPU.Build.0 = Debug|Any CPU
		{DDECF06E-BE48-4610-8BF8-4AE5140D9F0C}.Win7 Debug|Mixed Platforms.ActiveCfg = Debug|Any CPU
		{DDECF06E-BE48-4610-8BF8-4AE5140D9F0C}.Win7 Debug|Mixed Platforms.Build.0 = Debug|Any CPU
		{DDECF06E-BE48-4610-8BF8-4AE5140D9F0C}.Win7 Debug|Win32.ActiveCfg = Debug|Any CPU
		{DDECF06E-BE48-4610-8BF8-4AE5140D9F0C}.Win7 Debug|x64.ActiveCfg = Debug|Any CPU
		{DDECF06E-BE48-4610-8BF8-4AE5140D9F0C}.Win7 Release|Any CPU.ActiveCfg = Release|Any CPU
		{DDECF06E-BE48-4610-8BF8-4AE5140D9F0C}.Win7 Release|Any CPU.Build.0 = Release|Any CPU
		{DDECF06E-BE48-4610-8BF8-4AE5140D9F0C}.Win7 Release|Mixed Platforms.ActiveCfg = Release|Any CPU
		{DDECF06E-BE48-4610-8BF8-4AE5140D9F0C}.Win7 Release|Mixed Platforms.Build.0 = Release|Any CPU
		{DDECF06E-BE48-4610-8BF8-4AE5140D9F0C}.Win7 Release|Win32.ActiveCfg = Release|Any CPU
		{DDECF06E-BE48-4610-8BF8-4AE5140D9F0C}.Win7 Release|x64.ActiveCfg = Release|Any CPU
		{DDECF06E-BE48-4610-8BF8-4AE5140D9F0C}.Win8 Debug|Any CPU.ActiveCfg = Debug|Any CPU
		{DDECF06E-BE48-4610-8BF8-4AE5140D9F0C}.Win8 Debug|Any CPU.Build.0 = Debug|Any CPU
		{DDECF06E-BE48-4610-8BF8-4AE5140D9F0C}.Win8 Debug|Mixed Platforms.ActiveCfg = Debug|Any CPU
		{DDECF06E-BE48-4610-8BF8-4AE5140D9F0C}.Win8 Debug|Mixed Platforms.Build.0 = Debug|Any CPU
		{DDECF06E-BE48-4610-8BF8-4AE5140D9F0C}.Win8 Debug|Win32.ActiveCfg = Debug|Any CPU
		{DDECF06E-BE48-4610-8BF8-4AE5140D9F0C}.Win8 Debug|x64.ActiveCfg = Debug|Any CPU
		{DDECF06E-BE48-4610-8BF8-4AE5140D9F0C}.Win8 Release|Any CPU.ActiveCfg = Release|Any CPU
		{DDECF06E-BE48-4610-8BF8-4AE5140D9F0C}.Win8 Release|Any CPU.Build.0 = Release|Any CPU
		{DDECF06E-BE48-4610-8BF8-4AE5140D9F0C}.Win8 Release|Mixed Platforms.ActiveCfg = Release|Any CPU
		{DDECF06E-BE48-4610-8BF8-4AE5140D9F0C}.Win8 Release|Mixed Platforms.Build.0 = Release|Any CPU
		{DDECF06E-BE48-4610-8BF8-4AE5140D9F0C}.Win8 Release|Win32.ActiveCfg = Release|Any CPU
		{DDECF06E-BE48-4610-8BF8-4AE5140D9F0C}.Win8 Release|x64.ActiveCfg = Release|Any CPU
		{DDECF06E-BE48-4610-8BF8-4AE5140D9F0C}.Win8.1 Debug|Any CPU.ActiveCfg = Debug|Any CPU
		{DDECF06E-BE48-4610-8BF8-4AE5140D9F0C}.Win8.1 Debug|Any CPU.Build.0 = Debug|Any CPU
		{DDECF06E-BE48-4610-8BF8-4AE5140D9F0C}.Win8.1 Debug|Mixed Platforms.ActiveCfg = Debug|Any CPU
		{DDECF06E-BE48-4610-8BF8-4AE5140D9F0C}.Win8.1 Debug|Mixed Platforms.Build.0 = Debug|Any CPU
		{DDECF06E-BE48-4610-8BF8-4AE5140D9F0C}.Win8.1 Debug|Win32.ActiveCfg = Debug|Any CPU
		{DDECF06E-BE48-4610-8BF8-4AE5140D9F0C}.Win8.1 Debug|x64.ActiveCfg = Debug|Any CPU
		{DDECF06E-BE48-4610-8BF8-4AE5140D9F0C}.Win8.1 Release|Any CPU.ActiveCfg = Release|Any CPU
		{DDECF06E-BE48-4610-8BF8-4AE5140D9F0C}.Win8.1 Release|Any CPU.Build.0 = Release|Any CPU
		{DDECF06E-BE48-4610-8BF8-4AE5140D9F0C}.Win8.1 Release|Mixed Platforms.ActiveCfg = Release|Any CPU
		{DDECF06E-BE48-4610-8BF8-4AE5140D9F0C}.Win8.1 Release|Mixed Platforms.Build.0 = Release|Any CPU
		{DDECF06E-BE48-4610-8BF8-4AE5140D9F0C}.Win8.1 Release|Win32.ActiveCfg = Release|Any CPU
		{DDECF06E-BE48-4610-8BF8-4AE5140D9F0C}.Win8.1 Release|x64.ActiveCfg = Release|Any CPU
		{FDC70577-8D4C-4E79-87EE-E9B3D09FAA8A}.Debug|Any CPU.ActiveCfg = Debug|Any CPU
		{FDC70577-8D4C-4E79-87EE-E9B3D09FAA8A}.Debug|Any CPU.Build.0 = Debug|Any CPU
		{FDC70577-8D4C-4E79-87EE-E9B3D09FAA8A}.Debug|Mixed Platforms.ActiveCfg = Debug|Any CPU
		{FDC70577-8D4C-4E79-87EE-E9B3D09FAA8A}.Debug|Mixed Platforms.Build.0 = Debug|Any CPU
		{FDC70577-8D4C-4E79-87EE-E9B3D09FAA8A}.Debug|Win32.ActiveCfg = Debug|Any CPU
		{FDC70577-8D4C-4E79-87EE-E9B3D09FAA8A}.Debug|x64.ActiveCfg = Debug|Any CPU
		{FDC70577-8D4C-4E79-87EE-E9B3D09FAA8A}.Release|Any CPU.ActiveCfg = Release|Any CPU
		{FDC70577-8D4C-4E79-87EE-E9B3D09FAA8A}.Release|Any CPU.Build.0 = Release|Any CPU
		{FDC70577-8D4C-4E79-87EE-E9B3D09FAA8A}.Release|Mixed Platforms.ActiveCfg = Release|Any CPU
		{FDC70577-8D4C-4E79-87EE-E9B3D09FAA8A}.Release|Mixed Platforms.Build.0 = Release|Any CPU
		{FDC70577-8D4C-4E79-87EE-E9B3D09FAA8A}.Release|Win32.ActiveCfg = Release|Any CPU
		{FDC70577-8D4C-4E79-87EE-E9B3D09FAA8A}.Release|x64.ActiveCfg = Release|Any CPU
		{FDC70577-8D4C-4E79-87EE-E9B3D09FAA8A}.Win7 Debug|Any CPU.ActiveCfg = Debug|Any CPU
		{FDC70577-8D4C-4E79-87EE-E9B3D09FAA8A}.Win7 Debug|Any CPU.Build.0 = Debug|Any CPU
		{FDC70577-8D4C-4E79-87EE-E9B3D09FAA8A}.Win7 Debug|Mixed Platforms.ActiveCfg = Debug|Any CPU
		{FDC70577-8D4C-4E79-87EE-E9B3D09FAA8A}.Win7 Debug|Mixed Platforms.Build.0 = Debug|Any CPU
		{FDC70577-8D4C-4E79-87EE-E9B3D09FAA8A}.Win7 Debug|Win32.ActiveCfg = Debug|Any CPU
		{FDC70577-8D4C-4E79-87EE-E9B3D09FAA8A}.Win7 Debug|x64.ActiveCfg = Debug|Any CPU
		{FDC70577-8D4C-4E79-87EE-E9B3D09FAA8A}.Win7 Release|Any CPU.ActiveCfg = Release|Any CPU
		{FDC70577-8D4C-4E79-87EE-E9B3D09FAA8A}.Win7 Release|Any CPU.Build.0 = Release|Any CPU
		{FDC70577-8D4C-4E79-87EE-E9B3D09FAA8A}.Win7 Release|Mixed Platforms.ActiveCfg = Release|Any CPU
		{FDC70577-8D4C-4E79-87EE-E9B3D09FAA8A}.Win7 Release|Mixed Platforms.Build.0 = Release|Any CPU
		{FDC70577-8D4C-4E79-87EE-E9B3D09FAA8A}.Win7 Release|Win32.ActiveCfg = Release|Any CPU
		{FDC70577-8D4C-4E79-87EE-E9B3D09FAA8A}.Win7 Release|x64.ActiveCfg = Release|Any CPU
		{FDC70577-8D4C-4E79-87EE-E9B3D09FAA8A}.Win8 Debug|Any CPU.ActiveCfg = Debug|Any CPU
		{FDC70577-8D4C-4E79-87EE-E9B3D09FAA8A}.Win8 Debug|Any CPU.Build.0 = Debug|Any CPU
		{FDC70577-8D4C-4E79-87EE-E9B3D09FAA8A}.Win8 Debug|Mixed Platforms.ActiveCfg = Debug|Any CPU
		{FDC70577-8D4C-4E79-87EE-E9B3D09FAA8A}.Win8 Debug|Mixed Platforms.Build.0 = Debug|Any CPU
		{FDC70577-8D4C-4E79-87EE-E9B3D09FAA8A}.Win8 Debug|Win32.ActiveCfg = Debug|Any CPU
		{FDC70577-8D4C-4E79-87EE-E9B3D09FAA8A}.Win8 Debug|x64.ActiveCfg = Debug|Any CPU
		{FDC70577-8D4C-4E79-87EE-E9B3D09FAA8A}.Win8 Release|Any CPU.ActiveCfg = Release|Any CPU
		{FDC70577-8D4C-4E79-87EE-E9B3D09FAA8A}.Win8 Release|Any CPU.Build.0 = Release|Any CPU
		{FDC70577-8D4C-4E79-87EE-E9B3D09FAA8A}.Win8 Release|Mixed Platforms.ActiveCfg = Release|Any CPU
		{FDC70577-8D4C-4E79-87EE-E9B3D09FAA8A}.Win8 Release|Mixed Platforms.Build.0 = Release|Any CPU
		{FDC70577-8D4C-4E79-87EE-E9B3D09FAA8A}.Win8 Release|Win32.ActiveCfg = Release|Any CPU
		{FDC70577-8D4C-4E79-87EE-E9B3D09FAA8A}.Win8 Release|x64.ActiveCfg = Release|Any CPU
		{FDC70577-8D4C-4E79-87EE-E9B3D09FAA8A}.Win8.1 Debug|Any CPU.ActiveCfg = Debug|Any CPU
		{FDC70577-8D4C-4E79-87EE-E9B3D09FAA8A}.Win8.1 Debug|Any CPU.Build.0 = Debug|Any CPU
		{FDC70577-8D4C-4E79-87EE-E9B3D09FAA8A}.Win8.1 Debug|Mixed Platforms.ActiveCfg = Debug|Any CPU
		{FDC70577-8D4C-4E79-87EE-E9B3D09FAA8A}.Win8.1 Debug|Mixed Platforms.Build.0 = Debug|Any CPU
		{FDC70577-8D4C-4E79-87EE-E9B3D09FAA8A}.Win8.1 Debug|Win32.ActiveCfg = Debug|Any CPU
		{FDC70577-8D4C-4E79-87EE-E9B3D09FAA8A}.Win8.1 Debug|x64.ActiveCfg = Debug|Any CPU
		{FDC70577-8D4C-4E79-87EE-E9B3D09FAA8A}.Win8.1 Release|Any CPU.ActiveCfg = Release|Any CPU
		{FDC70577-8D4C-4E79-87EE-E9B3D09FAA8A}.Win8.1 Release|Any CPU.Build.0 = Release|Any CPU
		{FDC70577-8D4C-4E79-87EE-E9B3D09FAA8A}.Win8.1 Release|Mixed Platforms.ActiveCfg = Release|Any CPU
		{FDC70577-8D4C-4E79-87EE-E9B3D09FAA8A}.Win8.1 Release|Mixed Platforms.Build.0 = Release|Any CPU
		{FDC70577-8D4C-4E79-87EE-E9B3D09FAA8A}.Win8.1 Release|Win32.ActiveCfg = Release|Any CPU
		{FDC70577-8D4C-4E79-87EE-E9B3D09FAA8A}.Win8.1 Release|x64.ActiveCfg = Release|Any CPU
		{E7BE9E37-4440-47EE-AB51-193CE1112433}.Debug|Any CPU.ActiveCfg = Debug|Any CPU
		{E7BE9E37-4440-47EE-AB51-193CE1112433}.Debug|Any CPU.Build.0 = Debug|Any CPU
		{E7BE9E37-4440-47EE-AB51-193CE1112433}.Debug|Mixed Platforms.ActiveCfg = Debug|Any CPU
		{E7BE9E37-4440-47EE-AB51-193CE1112433}.Debug|Mixed Platforms.Build.0 = Debug|Any CPU
		{E7BE9E37-4440-47EE-AB51-193CE1112433}.Debug|Win32.ActiveCfg = Debug|Any CPU
		{E7BE9E37-4440-47EE-AB51-193CE1112433}.Debug|x64.ActiveCfg = Debug|Any CPU
		{E7BE9E37-4440-47EE-AB51-193CE1112433}.Release|Any CPU.ActiveCfg = Release|Any CPU
		{E7BE9E37-4440-47EE-AB51-193CE1112433}.Release|Mixed Platforms.ActiveCfg = Release|Any CPU
		{E7BE9E37-4440-47EE-AB51-193CE1112433}.Release|Mixed Platforms.Build.0 = Release|Any CPU
		{E7BE9E37-4440-47EE-AB51-193CE1112433}.Release|Win32.ActiveCfg = Release|Any CPU
		{E7BE9E37-4440-47EE-AB51-193CE1112433}.Release|x64.ActiveCfg = Release|Any CPU
		{E7BE9E37-4440-47EE-AB51-193CE1112433}.Win7 Debug|Any CPU.ActiveCfg = Debug|Any CPU
		{E7BE9E37-4440-47EE-AB51-193CE1112433}.Win7 Debug|Any CPU.Build.0 = Debug|Any CPU
		{E7BE9E37-4440-47EE-AB51-193CE1112433}.Win7 Debug|Mixed Platforms.ActiveCfg = Debug|Any CPU
		{E7BE9E37-4440-47EE-AB51-193CE1112433}.Win7 Debug|Mixed Platforms.Build.0 = Debug|Any CPU
		{E7BE9E37-4440-47EE-AB51-193CE1112433}.Win7 Debug|Win32.ActiveCfg = Debug|Any CPU
		{E7BE9E37-4440-47EE-AB51-193CE1112433}.Win7 Debug|x64.ActiveCfg = Debug|Any CPU
		{E7BE9E37-4440-47EE-AB51-193CE1112433}.Win7 Release|Any CPU.ActiveCfg = Release|Any CPU
		{E7BE9E37-4440-47EE-AB51-193CE1112433}.Win7 Release|Any CPU.Build.0 = Release|Any CPU
		{E7BE9E37-4440-47EE-AB51-193CE1112433}.Win7 Release|Mixed Platforms.ActiveCfg = Release|Any CPU
		{E7BE9E37-4440-47EE-AB51-193CE1112433}.Win7 Release|Mixed Platforms.Build.0 = Release|Any CPU
		{E7BE9E37-4440-47EE-AB51-193CE1112433}.Win7 Release|Win32.ActiveCfg = Release|Any CPU
		{E7BE9E37-4440-47EE-AB51-193CE1112433}.Win7 Release|x64.ActiveCfg = Release|Any CPU
		{E7BE9E37-4440-47EE-AB51-193CE1112433}.Win8 Debug|Any CPU.ActiveCfg = Debug|Any CPU
		{E7BE9E37-4440-47EE-AB51-193CE1112433}.Win8 Debug|Any CPU.Build.0 = Debug|Any CPU
		{E7BE9E37-4440-47EE-AB51-193CE1112433}.Win8 Debug|Mixed Platforms.ActiveCfg = Debug|Any CPU
		{E7BE9E37-4440-47EE-AB51-193CE1112433}.Win8 Debug|Mixed Platforms.Build.0 = Debug|Any CPU
		{E7BE9E37-4440-47EE-AB51-193CE1112433}.Win8 Debug|Win32.ActiveCfg = Debug|Any CPU
		{E7BE9E37-4440-47EE-AB51-193CE1112433}.Win8 Debug|x64.ActiveCfg = Debug|Any CPU
		{E7BE9E37-4440-47EE-AB51-193CE1112433}.Win8 Release|Any CPU.ActiveCfg = Release|Any CPU
		{E7BE9E37-4440-47EE-AB51-193CE1112433}.Win8 Release|Any CPU.Build.0 = Release|Any CPU
		{E7BE9E37-4440-47EE-AB51-193CE1112433}.Win8 Release|Mixed Platforms.ActiveCfg = Release|Any CPU
		{E7BE9E37-4440-47EE-AB51-193CE1112433}.Win8 Release|Mixed Platforms.Build.0 = Release|Any CPU
		{E7BE9E37-4440-47EE-AB51-193CE1112433}.Win8 Release|Win32.ActiveCfg = Release|Any CPU
		{E7BE9E37-4440-47EE-AB51-193CE1112433}.Win8 Release|x64.ActiveCfg = Release|Any CPU
		{E7BE9E37-4440-47EE-AB51-193CE1112433}.Win8.1 Debug|Any CPU.ActiveCfg = Debug|Any CPU
		{E7BE9E37-4440-47EE-AB51-193CE1112433}.Win8.1 Debug|Any CPU.Build.0 = Debug|Any CPU
		{E7BE9E37-4440-47EE-AB51-193CE1112433}.Win8.1 Debug|Mixed Platforms.ActiveCfg = Debug|Any CPU
		{E7BE9E37-4440-47EE-AB51-193CE1112433}.Win8.1 Debug|Mixed Platforms.Build.0 = Debug|Any CPU
		{E7BE9E37-4440-47EE-AB51-193CE1112433}.Win8.1 Debug|Win32.ActiveCfg = Debug|Any CPU
		{E7BE9E37-4440-47EE-AB51-193CE1112433}.Win8.1 Debug|x64.ActiveCfg = Debug|Any CPU
		{E7BE9E37-4440-47EE-AB51-193CE1112433}.Win8.1 Release|Any CPU.ActiveCfg = Release|Any CPU
		{E7BE9E37-4440-47EE-AB51-193CE1112433}.Win8.1 Release|Any CPU.Build.0 = Release|Any CPU
		{E7BE9E37-4440-47EE-AB51-193CE1112433}.Win8.1 Release|Mixed Platforms.ActiveCfg = Release|Any CPU
		{E7BE9E37-4440-47EE-AB51-193CE1112433}.Win8.1 Release|Mixed Platforms.Build.0 = Release|Any CPU
		{E7BE9E37-4440-47EE-AB51-193CE1112433}.Win8.1 Release|Win32.ActiveCfg = Release|Any CPU
		{E7BE9E37-4440-47EE-AB51-193CE1112433}.Win8.1 Release|x64.ActiveCfg = Release|Any CPU
		{5E74D4FF-6121-468C-9697-D9D2FE8054AA}.Debug|Any CPU.ActiveCfg = Win8.1 Debug|Win32
		{5E74D4FF-6121-468C-9697-D9D2FE8054AA}.Debug|Mixed Platforms.ActiveCfg = Win8.1 Debug|Win32
		{5E74D4FF-6121-468C-9697-D9D2FE8054AA}.Debug|Mixed Platforms.Build.0 = Win8.1 Debug|Win32
		{5E74D4FF-6121-468C-9697-D9D2FE8054AA}.Debug|Mixed Platforms.Deploy.0 = Win8.1 Debug|Win32
		{5E74D4FF-6121-468C-9697-D9D2FE8054AA}.Debug|Win32.ActiveCfg = Win8.1 Debug|Win32
		{5E74D4FF-6121-468C-9697-D9D2FE8054AA}.Debug|Win32.Build.0 = Win8.1 Debug|Win32
		{5E74D4FF-6121-468C-9697-D9D2FE8054AA}.Debug|Win32.Deploy.0 = Win8.1 Debug|Win32
		{5E74D4FF-6121-468C-9697-D9D2FE8054AA}.Debug|x64.ActiveCfg = Win8.1 Debug|x64
		{5E74D4FF-6121-468C-9697-D9D2FE8054AA}.Debug|x64.Build.0 = Win8.1 Debug|x64
		{5E74D4FF-6121-468C-9697-D9D2FE8054AA}.Debug|x64.Deploy.0 = Win8.1 Debug|x64
		{5E74D4FF-6121-468C-9697-D9D2FE8054AA}.Release|Any CPU.ActiveCfg = Win8.1 Release|Win32
		{5E74D4FF-6121-468C-9697-D9D2FE8054AA}.Release|Mixed Platforms.ActiveCfg = Win8.1 Release|Win32
		{5E74D4FF-6121-468C-9697-D9D2FE8054AA}.Release|Mixed Platforms.Build.0 = Win8.1 Release|Win32
		{5E74D4FF-6121-468C-9697-D9D2FE8054AA}.Release|Mixed Platforms.Deploy.0 = Win8.1 Release|Win32
		{5E74D4FF-6121-468C-9697-D9D2FE8054AA}.Release|Win32.ActiveCfg = Win8.1 Release|Win32
		{5E74D4FF-6121-468C-9697-D9D2FE8054AA}.Release|Win32.Build.0 = Win8.1 Release|Win32
		{5E74D4FF-6121-468C-9697-D9D2FE8054AA}.Release|Win32.Deploy.0 = Win8.1 Release|Win32
		{5E74D4FF-6121-468C-9697-D9D2FE8054AA}.Release|x64.ActiveCfg = Win8.1 Release|x64
		{5E74D4FF-6121-468C-9697-D9D2FE8054AA}.Release|x64.Build.0 = Win8.1 Release|x64
		{5E74D4FF-6121-468C-9697-D9D2FE8054AA}.Release|x64.Deploy.0 = Win8.1 Release|x64
		{5E74D4FF-6121-468C-9697-D9D2FE8054AA}.Win7 Debug|Any CPU.ActiveCfg = Win7 Debug|Win32
		{5E74D4FF-6121-468C-9697-D9D2FE8054AA}.Win7 Debug|Mixed Platforms.ActiveCfg = Win7 Debug|Win32
		{5E74D4FF-6121-468C-9697-D9D2FE8054AA}.Win7 Debug|Mixed Platforms.Build.0 = Win7 Debug|Win32
		{5E74D4FF-6121-468C-9697-D9D2FE8054AA}.Win7 Debug|Mixed Platforms.Deploy.0 = Win7 Debug|Win32
		{5E74D4FF-6121-468C-9697-D9D2FE8054AA}.Win7 Debug|Win32.ActiveCfg = Win7 Debug|Win32
		{5E74D4FF-6121-468C-9697-D9D2FE8054AA}.Win7 Debug|Win32.Build.0 = Win7 Debug|Win32
		{5E74D4FF-6121-468C-9697-D9D2FE8054AA}.Win7 Debug|Win32.Deploy.0 = Win7 Debug|Win32
		{5E74D4FF-6121-468C-9697-D9D2FE8054AA}.Win7 Debug|x64.ActiveCfg = Win7 Debug|x64
		{5E74D4FF-6121-468C-9697-D9D2FE8054AA}.Win7 Debug|x64.Build.0 = Win7 Debug|x64
		{5E74D4FF-6121-468C-9697-D9D2FE8054AA}.Win7 Debug|x64.Deploy.0 = Win7 Debug|x64
		{5E74D4FF-6121-468C-9697-D9D2FE8054AA}.Win7 Release|Any CPU.ActiveCfg = Win7 Release|Win32
		{5E74D4FF-6121-468C-9697-D9D2FE8054AA}.Win7 Release|Mixed Platforms.ActiveCfg = Win7 Release|Win32
		{5E74D4FF-6121-468C-9697-D9D2FE8054AA}.Win7 Release|Mixed Platforms.Build.0 = Win7 Release|Win32
		{5E74D4FF-6121-468C-9697-D9D2FE8054AA}.Win7 Release|Mixed Platforms.Deploy.0 = Win7 Release|Win32
		{5E74D4FF-6121-468C-9697-D9D2FE8054AA}.Win7 Release|Win32.ActiveCfg = Win7 Release|Win32
		{5E74D4FF-6121-468C-9697-D9D2FE8054AA}.Win7 Release|Win32.Build.0 = Win7 Release|Win32
		{5E74D4FF-6121-468C-9697-D9D2FE8054AA}.Win7 Release|Win32.Deploy.0 = Win7 Release|Win32
		{5E74D4FF-6121-468C-9697-D9D2FE8054AA}.Win7 Release|x64.ActiveCfg = Win7 Release|x64
		{5E74D4FF-6121-468C-9697-D9D2FE8054AA}.Win7 Release|x64.Build.0 = Win7 Release|x64
		{5E74D4FF-6121-468C-9697-D9D2FE8054AA}.Win7 Release|x64.Deploy.0 = Win7 Release|x64
		{5E74D4FF-6121-468C-9697-D9D2FE8054AA}.Win8 Debug|Any CPU.ActiveCfg = Win8 Debug|Win32
		{5E74D4FF-6121-468C-9697-D9D2FE8054AA}.Win8 Debug|Mixed Platforms.ActiveCfg = Win8 Debug|Win32
		{5E74D4FF-6121-468C-9697-D9D2FE8054AA}.Win8 Debug|Mixed Platforms.Build.0 = Win8 Debug|Win32
		{5E74D4FF-6121-468C-9697-D9D2FE8054AA}.Win8 Debug|Mixed Platforms.Deploy.0 = Win8 Debug|Win32
		{5E74D4FF-6121-468C-9697-D9D2FE8054AA}.Win8 Debug|Win32.ActiveCfg = Win8 Debug|Win32
		{5E74D4FF-6121-468C-9697-D9D2FE8054AA}.Win8 Debug|Win32.Build.0 = Win8 Debug|Win32
		{5E74D4FF-6121-468C-9697-D9D2FE8054AA}.Win8 Debug|Win32.Deploy.0 = Win8 Debug|Win32
		{5E74D4FF-6121-468C-9697-D9D2FE8054AA}.Win8 Debug|x64.ActiveCfg = Win8 Debug|x64
		{5E74D4FF-6121-468C-9697-D9D2FE8054AA}.Win8 Debug|x64.Build.0 = Win8 Debug|x64
		{5E74D4FF-6121-468C-9697-D9D2FE8054AA}.Win8 Debug|x64.Deploy.0 = Win8 Debug|x64
		{5E74D4FF-6121-468C-9697-D9D2FE8054AA}.Win8 Release|Any CPU.ActiveCfg = Win8 Release|Win32
		{5E74D4FF-6121-468C-9697-D9D2FE8054AA}.Win8 Release|Mixed Platforms.ActiveCfg = Win8 Release|Win32
		{5E74D4FF-6121-468C-9697-D9D2FE8054AA}.Win8 Release|Mixed Platforms.Build.0 = Win8 Release|Win32
		{5E74D4FF-6121-468C-9697-D9D2FE8054AA}.Win8 Release|Mixed Platforms.Deploy.0 = Win8 Release|Win32
		{5E74D4FF-6121-468C-9697-D9D2FE8054AA}.Win8 Release|Win32.ActiveCfg = Win8 Release|Win32
		{5E74D4FF-6121-468C-9697-D9D2FE8054AA}.Win8 Release|Win32.Build.0 = Win8 Release|Win32
		{5E74D4FF-6121-468C-9697-D9D2FE8054AA}.Win8 Release|Win32.Deploy.0 = Win8 Release|Win32
		{5E74D4FF-6121-468C-9697-D9D2FE8054AA}.Win8 Release|x64.ActiveCfg = Win8 Release|x64
		{5E74D4FF-6121-468C-9697-D9D2FE8054AA}.Win8 Release|x64.Build.0 = Win8 Release|x64
		{5E74D4FF-6121-468C-9697-D9D2FE8054AA}.Win8 Release|x64.Deploy.0 = Win8 Release|x64
		{5E74D4FF-6121-468C-9697-D9D2FE8054AA}.Win8.1 Debug|Any CPU.ActiveCfg = Win8.1 Debug|Win32
		{5E74D4FF-6121-468C-9697-D9D2FE8054AA}.Win8.1 Debug|Mixed Platforms.ActiveCfg = Win8.1 Debug|Win32
		{5E74D4FF-6121-468C-9697-D9D2FE8054AA}.Win8.1 Debug|Mixed Platforms.Build.0 = Win8.1 Debug|Win32
		{5E74D4FF-6121-468C-9697-D9D2FE8054AA}.Win8.1 Debug|Mixed Platforms.Deploy.0 = Win8.1 Debug|Win32
		{5E74D4FF-6121-468C-9697-D9D2FE8054AA}.Win8.1 Debug|Win32.ActiveCfg = Win8.1 Debug|Win32
		{5E74D4FF-6121-468C-9697-D9D2FE8054AA}.Win8.1 Debug|Win32.Build.0 = Win8.1 Debug|Win32
		{5E74D4FF-6121-468C-9697-D9D2FE8054AA}.Win8.1 Debug|Win32.Deploy.0 = Win8.1 Debug|Win32
		{5E74D4FF-6121-468C-9697-D9D2FE8054AA}.Win8.1 Debug|x64.ActiveCfg = Win8.1 Debug|x64
		{5E74D4FF-6121-468C-9697-D9D2FE8054AA}.Win8.1 Debug|x64.Build.0 = Win8.1 Debug|x64
		{5E74D4FF-6121-468C-9697-D9D2FE8054AA}.Win8.1 Debug|x64.Deploy.0 = Win8.1 Debug|x64
		{5E74D4FF-6121-468C-9697-D9D2FE8054AA}.Win8.1 Release|Any CPU.ActiveCfg = Win8.1 Release|Win32
		{5E74D4FF-6121-468C-9697-D9D2FE8054AA}.Win8.1 Release|Mixed Platforms.ActiveCfg = Win8.1 Release|Win32
		{5E74D4FF-6121-468C-9697-D9D2FE8054AA}.Win8.1 Release|Mixed Platforms.Build.0 = Win8.1 Release|Win32
		{5E74D4FF-6121-468C-9697-D9D2FE8054AA}.Win8.1 Release|Mixed Platforms.Deploy.0 = Win8.1 Release|Win32
		{5E74D4FF-6121-468C-9697-D9D2FE8054AA}.Win8.1 Release|Win32.ActiveCfg = Win8.1 Release|Win32
		{5E74D4FF-6121-468C-9697-D9D2FE8054AA}.Win8.1 Release|Win32.Build.0 = Win8.1 Release|Win32
		{5E74D4FF-6121-468C-9697-D9D2FE8054AA}.Win8.1 Release|Win32.Deploy.0 = Win8.1 Release|Win32
		{5E74D4FF-6121-468C-9697-D9D2FE8054AA}.Win8.1 Release|x64.ActiveCfg = Win8.1 Release|x64
		{5E74D4FF-6121-468C-9697-D9D2FE8054AA}.Win8.1 Release|x64.Build.0 = Win8.1 Release|x64
		{5E74D4FF-6121-468C-9697-D9D2FE8054AA}.Win8.1 Release|x64.Deploy.0 = Win8.1 Release|x64
		{E34D279E-2B61-4EE3-95AE-165631857C37}.Debug|Any CPU.ActiveCfg = Win8.1 Debug|Win32
		{E34D279E-2B61-4EE3-95AE-165631857C37}.Debug|Mixed Platforms.ActiveCfg = Win8.1 Debug|Win32
		{E34D279E-2B61-4EE3-95AE-165631857C37}.Debug|Mixed Platforms.Build.0 = Win8.1 Debug|Win32
		{E34D279E-2B61-4EE3-95AE-165631857C37}.Debug|Mixed Platforms.Deploy.0 = Win8.1 Debug|Win32
		{E34D279E-2B61-4EE3-95AE-165631857C37}.Debug|Win32.ActiveCfg = Win8.1 Debug|Win32
		{E34D279E-2B61-4EE3-95AE-165631857C37}.Debug|Win32.Build.0 = Win8.1 Debug|Win32
		{E34D279E-2B61-4EE3-95AE-165631857C37}.Debug|Win32.Deploy.0 = Win8.1 Debug|Win32
		{E34D279E-2B61-4EE3-95AE-165631857C37}.Debug|x64.ActiveCfg = Win8.1 Debug|x64
		{E34D279E-2B61-4EE3-95AE-165631857C37}.Debug|x64.Build.0 = Win8.1 Debug|x64
		{E34D279E-2B61-4EE3-95AE-165631857C37}.Debug|x64.Deploy.0 = Win8.1 Debug|x64
		{E34D279E-2B61-4EE3-95AE-165631857C37}.Release|Any CPU.ActiveCfg = Win8.1 Release|Win32
		{E34D279E-2B61-4EE3-95AE-165631857C37}.Release|Mixed Platforms.ActiveCfg = Win8.1 Release|Win32
		{E34D279E-2B61-4EE3-95AE-165631857C37}.Release|Mixed Platforms.Build.0 = Win8.1 Release|Win32
		{E34D279E-2B61-4EE3-95AE-165631857C37}.Release|Mixed Platforms.Deploy.0 = Win8.1 Release|Win32
		{E34D279E-2B61-4EE3-95AE-165631857C37}.Release|Win32.ActiveCfg = Win8.1 Release|Win32
		{E34D279E-2B61-4EE3-95AE-165631857C37}.Release|Win32.Build.0 = Win8.1 Release|Win32
		{E34D279E-2B61-4EE3-95AE-165631857C37}.Release|Win32.Deploy.0 = Win8.1 Release|Win32
		{E34D279E-2B61-4EE3-95AE-165631857C37}.Release|x64.ActiveCfg = Win8.1 Release|x64
		{E34D279E-2B61-4EE3-95AE-165631857C37}.Release|x64.Build.0 = Win8.1 Release|x64
		{E34D279E-2B61-4EE3-95AE-165631857C37}.Release|x64.Deploy.0 = Win8.1 Release|x64
		{E34D279E-2B61-4EE3-95AE-165631857C37}.Win7 Debug|Any CPU.ActiveCfg = Win7 Debug|Win32
		{E34D279E-2B61-4EE3-95AE-165631857C37}.Win7 Debug|Mixed Platforms.ActiveCfg = Win7 Debug|Win32
		{E34D279E-2B61-4EE3-95AE-165631857C37}.Win7 Debug|Mixed Platforms.Build.0 = Win7 Debug|Win32
		{E34D279E-2B61-4EE3-95AE-165631857C37}.Win7 Debug|Mixed Platforms.Deploy.0 = Win7 Debug|Win32
		{E34D279E-2B61-4EE3-95AE-165631857C37}.Win7 Debug|Win32.ActiveCfg = Win7 Debug|Win32
		{E34D279E-2B61-4EE3-95AE-165631857C37}.Win7 Debug|Win32.Build.0 = Win7 Debug|Win32
		{E34D279E-2B61-4EE3-95AE-165631857C37}.Win7 Debug|Win32.Deploy.0 = Win7 Debug|Win32
		{E34D279E-2B61-4EE3-95AE-165631857C37}.Win7 Debug|x64.ActiveCfg = Win7 Debug|x64
		{E34D279E-2B61-4EE3-95AE-165631857C37}.Win7 Debug|x64.Build.0 = Win7 Debug|x64
		{E34D279E-2B61-4EE3-95AE-165631857C37}.Win7 Debug|x64.Deploy.0 = Win7 Debug|x64
		{E34D279E-2B61-4EE3-95AE-165631857C37}.Win7 Release|Any CPU.ActiveCfg = Win7 Release|Win32
		{E34D279E-2B61-4EE3-95AE-165631857C37}.Win7 Release|Mixed Platforms.ActiveCfg = Win7 Release|Win32
		{E34D279E-2B61-4EE3-95AE-165631857C37}.Win7 Release|Mixed Platforms.Build.0 = Win7 Release|Win32
		{E34D279E-2B61-4EE3-95AE-165631857C37}.Win7 Release|Mixed Platforms.Deploy.0 = Win7 Release|Win32
		{E34D279E-2B61-4EE3-95AE-165631857C37}.Win7 Release|Win32.ActiveCfg = Win7 Release|Win32
		{E34D279E-2B61-4EE3-95AE-165631857C37}.Win7 Release|Win32.Build.0 = Win7 Release|Win32
		{E34D279E-2B61-4EE3-95AE-165631857C37}.Win7 Release|Win32.Deploy.0 = Win7 Release|Win32
		{E34D279E-2B61-4EE3-95AE-165631857C37}.Win7 Release|x64.ActiveCfg = Win7 Release|x64
		{E34D279E-2B61-4EE3-95AE-165631857C37}.Win7 Release|x64.Build.0 = Win7 Release|x64
		{E34D279E-2B61-4EE3-95AE-165631857C37}.Win7 Release|x64.Deploy.0 = Win7 Release|x64
		{E34D279E-2B61-4EE3-95AE-165631857C37}.Win8 Debug|Any CPU.ActiveCfg = Win8 Debug|Win32
		{E34D279E-2B61-4EE3-95AE-165631857C37}.Win8 Debug|Mixed Platforms.ActiveCfg = Win8 Debug|Win32
		{E34D279E-2B61-4EE3-95AE-165631857C37}.Win8 Debug|Mixed Platforms.Build.0 = Win8 Debug|Win32
		{E34D279E-2B61-4EE3-95AE-165631857C37}.Win8 Debug|Mixed Platforms.Deploy.0 = Win8 Debug|Win32
		{E34D279E-2B61-4EE3-95AE-165631857C37}.Win8 Debug|Win32.ActiveCfg = Win8 Debug|Win32
		{E34D279E-2B61-4EE3-95AE-165631857C37}.Win8 Debug|Win32.Build.0 = Win8 Debug|Win32
		{E34D279E-2B61-4EE3-95AE-165631857C37}.Win8 Debug|Win32.Deploy.0 = Win8 Debug|Win32
		{E34D279E-2B61-4EE3-95AE-165631857C37}.Win8 Debug|x64.ActiveCfg = Win8 Debug|x64
		{E34D279E-2B61-4EE3-95AE-165631857C37}.Win8 Debug|x64.Build.0 = Win8 Debug|x64
		{E34D279E-2B61-4EE3-95AE-165631857C37}.Win8 Debug|x64.Deploy.0 = Win8 Debug|x64
		{E34D279E-2B61-4EE3-95AE-165631857C37}.Win8 Release|Any CPU.ActiveCfg = Win8 Release|Win32
		{E34D279E-2B61-4EE3-95AE-165631857C37}.Win8 Release|Mixed Platforms.ActiveCfg = Win8 Release|Win32
		{E34D279E-2B61-4EE3-95AE-165631857C37}.Win8 Release|Mixed Platforms.Build.0 = Win8 Release|Win32
		{E34D279E-2B61-4EE3-95AE-165631857C37}.Win8 Release|Mixed Platforms.Deploy.0 = Win8 Release|Win32
		{E34D279E-2B61-4EE3-95AE-165631857C37}.Win8 Release|Win32.ActiveCfg = Win8 Release|Win32
		{E34D279E-2B61-4EE3-95AE-165631857C37}.Win8 Release|Win32.Build.0 = Win8 Release|Win32
		{E34D279E-2B61-4EE3-95AE-165631857C37}.Win8 Release|Win32.Deploy.0 = Win8 Release|Win32
		{E34D279E-2B61-4EE3-95AE-165631857C37}.Win8 Release|x64.ActiveCfg = Win8 Release|x64
		{E34D279E-2B61-4EE3-95AE-165631857C37}.Win8 Release|x64.Build.0 = Win8 Release|x64
		{E34D279E-2B61-4EE3-95AE-165631857C37}.Win8 Release|x64.Deploy.0 = Win8 Release|x64
		{E34D279E-2B61-4EE3-95AE-165631857C37}.Win8.1 Debug|Any CPU.ActiveCfg = Win8.1 Debug|Win32
		{E34D279E-2B61-4EE3-95AE-165631857C37}.Win8.1 Debug|Mixed Platforms.ActiveCfg = Win8.1 Debug|Win32
		{E34D279E-2B61-4EE3-95AE-165631857C37}.Win8.1 Debug|Mixed Platforms.Build.0 = Win8.1 Debug|Win32
		{E34D279E-2B61-4EE3-95AE-165631857C37}.Win8.1 Debug|Mixed Platforms.Deploy.0 = Win8.1 Debug|Win32
		{E34D279E-2B61-4EE3-95AE-165631857C37}.Win8.1 Debug|Win32.ActiveCfg = Win8.1 Debug|Win32
		{E34D279E-2B61-4EE3-95AE-165631857C37}.Win8.1 Debug|Win32.Build.0 = Win8.1 Debug|Win32
		{E34D279E-2B61-4EE3-95AE-165631857C37}.Win8.1 Debug|Win32.Deploy.0 = Win8.1 Debug|Win32
		{E34D279E-2B61-4EE3-95AE-165631857C37}.Win8.1 Debug|x64.ActiveCfg = Win8.1 Debug|x64
		{E34D279E-2B61-4EE3-95AE-165631857C37}.Win8.1 Debug|x64.Build.0 = Win8.1 Debug|x64
		{E34D279E-2B61-4EE3-95AE-165631857C37}.Win8.1 Debug|x64.Deploy.0 = Win8.1 Debug|x64
		{E34D279E-2B61-4EE3-95AE-165631857C37}.Win8.1 Release|Any CPU.ActiveCfg = Win8.1 Release|Win32
		{E34D279E-2B61-4EE3-95AE-165631857C37}.Win8.1 Release|Mixed Platforms.ActiveCfg = Win8.1 Release|Win32
		{E34D279E-2B61-4EE3-95AE-165631857C37}.Win8.1 Release|Mixed Platforms.Build.0 = Win8.1 Release|Win32
		{E34D279E-2B61-4EE3-95AE-165631857C37}.Win8.1 Release|Mixed Platforms.Deploy.0 = Win8.1 Release|Win32
		{E34D279E-2B61-4EE3-95AE-165631857C37}.Win8.1 Release|Win32.ActiveCfg = Win8.1 Release|Win32
		{E34D279E-2B61-4EE3-95AE-165631857C37}.Win8.1 Release|Win32.Build.0 = Win8.1 Release|Win32
		{E34D279E-2B61-4EE3-95AE-165631857C37}.Win8.1 Release|Win32.Deploy.0 = Win8.1 Release|Win32
		{E34D279E-2B61-4EE3-95AE-165631857C37}.Win8.1 Release|x64.ActiveCfg = Win8.1 Release|x64
		{E34D279E-2B61-4EE3-95AE-165631857C37}.Win8.1 Release|x64.Build.0 = Win8.1 Release|x64
		{E34D279E-2B61-4EE3-95AE-165631857C37}.Win8.1 Release|x64.Deploy.0 = Win8.1 Release|x64
		{B1EA6F7B-13E6-4D4E-B2A4-720E58ABB20A}.Debug|Any CPU.ActiveCfg = Debug|Any CPU
		{B1EA6F7B-13E6-4D4E-B2A4-720E58ABB20A}.Debug|Any CPU.Build.0 = Debug|Any CPU
		{B1EA6F7B-13E6-4D4E-B2A4-720E58ABB20A}.Debug|Mixed Platforms.ActiveCfg = Debug|Any CPU
		{B1EA6F7B-13E6-4D4E-B2A4-720E58ABB20A}.Debug|Mixed Platforms.Build.0 = Debug|Any CPU
		{B1EA6F7B-13E6-4D4E-B2A4-720E58ABB20A}.Debug|Win32.ActiveCfg = Debug|Any CPU
		{B1EA6F7B-13E6-4D4E-B2A4-720E58ABB20A}.Debug|x64.ActiveCfg = Debug|Any CPU
		{B1EA6F7B-13E6-4D4E-B2A4-720E58ABB20A}.Release|Any CPU.ActiveCfg = Release|Any CPU
		{B1EA6F7B-13E6-4D4E-B2A4-720E58ABB20A}.Release|Any CPU.Build.0 = Release|Any CPU
		{B1EA6F7B-13E6-4D4E-B2A4-720E58ABB20A}.Release|Mixed Platforms.ActiveCfg = Release|Any CPU
		{B1EA6F7B-13E6-4D4E-B2A4-720E58ABB20A}.Release|Mixed Platforms.Build.0 = Release|Any CPU
		{B1EA6F7B-13E6-4D4E-B2A4-720E58ABB20A}.Release|Win32.ActiveCfg = Release|Any CPU
		{B1EA6F7B-13E6-4D4E-B2A4-720E58ABB20A}.Release|x64.ActiveCfg = Release|Any CPU
		{B1EA6F7B-13E6-4D4E-B2A4-720E58ABB20A}.Win7 Debug|Any CPU.ActiveCfg = Debug|Any CPU
		{B1EA6F7B-13E6-4D4E-B2A4-720E58ABB20A}.Win7 Debug|Any CPU.Build.0 = Debug|Any CPU
		{B1EA6F7B-13E6-4D4E-B2A4-720E58ABB20A}.Win7 Debug|Mixed Platforms.ActiveCfg = Debug|Any CPU
		{B1EA6F7B-13E6-4D4E-B2A4-720E58ABB20A}.Win7 Debug|Mixed Platforms.Build.0 = Debug|Any CPU
		{B1EA6F7B-13E6-4D4E-B2A4-720E58ABB20A}.Win7 Debug|Win32.ActiveCfg = Debug|Any CPU
		{B1EA6F7B-13E6-4D4E-B2A4-720E58ABB20A}.Win7 Debug|x64.ActiveCfg = Debug|Any CPU
		{B1EA6F7B-13E6-4D4E-B2A4-720E58ABB20A}.Win7 Release|Any CPU.ActiveCfg = Release|Any CPU
		{B1EA6F7B-13E6-4D4E-B2A4-720E58ABB20A}.Win7 Release|Any CPU.Build.0 = Release|Any CPU
		{B1EA6F7B-13E6-4D4E-B2A4-720E58ABB20A}.Win7 Release|Mixed Platforms.ActiveCfg = Release|Any CPU
		{B1EA6F7B-13E6-4D4E-B2A4-720E58ABB20A}.Win7 Release|Mixed Platforms.Build.0 = Release|Any CPU
		{B1EA6F7B-13E6-4D4E-B2A4-720E58ABB20A}.Win7 Release|Win32.ActiveCfg = Release|Any CPU
		{B1EA6F7B-13E6-4D4E-B2A4-720E58ABB20A}.Win7 Release|x64.ActiveCfg = Release|Any CPU
		{B1EA6F7B-13E6-4D4E-B2A4-720E58ABB20A}.Win8 Debug|Any CPU.ActiveCfg = Debug|Any CPU
		{B1EA6F7B-13E6-4D4E-B2A4-720E58ABB20A}.Win8 Debug|Any CPU.Build.0 = Debug|Any CPU
		{B1EA6F7B-13E6-4D4E-B2A4-720E58ABB20A}.Win8 Debug|Mixed Platforms.ActiveCfg = Debug|Any CPU
		{B1EA6F7B-13E6-4D4E-B2A4-720E58ABB20A}.Win8 Debug|Mixed Platforms.Build.0 = Debug|Any CPU
		{B1EA6F7B-13E6-4D4E-B2A4-720E58ABB20A}.Win8 Debug|Win32.ActiveCfg = Debug|Any CPU
		{B1EA6F7B-13E6-4D4E-B2A4-720E58ABB20A}.Win8 Debug|x64.ActiveCfg = Debug|Any CPU
		{B1EA6F7B-13E6-4D4E-B2A4-720E58ABB20A}.Win8 Release|Any CPU.ActiveCfg = Release|Any CPU
		{B1EA6F7B-13E6-4D4E-B2A4-720E58ABB20A}.Win8 Release|Any CPU.Build.0 = Release|Any CPU
		{B1EA6F7B-13E6-4D4E-B2A4-720E58ABB20A}.Win8 Release|Mixed Platforms.ActiveCfg = Release|Any CPU
		{B1EA6F7B-13E6-4D4E-B2A4-720E58ABB20A}.Win8 Release|Mixed Platforms.Build.0 = Release|Any CPU
		{B1EA6F7B-13E6-4D4E-B2A4-720E58ABB20A}.Win8 Release|Win32.ActiveCfg = Release|Any CPU
		{B1EA6F7B-13E6-4D4E-B2A4-720E58ABB20A}.Win8 Release|x64.ActiveCfg = Release|Any CPU
		{B1EA6F7B-13E6-4D4E-B2A4-720E58ABB20A}.Win8.1 Debug|Any CPU.ActiveCfg = Debug|Any CPU
		{B1EA6F7B-13E6-4D4E-B2A4-720E58ABB20A}.Win8.1 Debug|Any CPU.Build.0 = Debug|Any CPU
		{B1EA6F7B-13E6-4D4E-B2A4-720E58ABB20A}.Win8.1 Debug|Mixed Platforms.ActiveCfg = Debug|Any CPU
		{B1EA6F7B-13E6-4D4E-B2A4-720E58ABB20A}.Win8.1 Debug|Mixed Platforms.Build.0 = Debug|Any CPU
		{B1EA6F7B-13E6-4D4E-B2A4-720E58ABB20A}.Win8.1 Debug|Win32.ActiveCfg = Debug|Any CPU
		{B1EA6F7B-13E6-4D4E-B2A4-720E58ABB20A}.Win8.1 Debug|x64.ActiveCfg = Debug|Any CPU
		{B1EA6F7B-13E6-4D4E-B2A4-720E58ABB20A}.Win8.1 Release|Any CPU.ActiveCfg = Release|Any CPU
		{B1EA6F7B-13E6-4D4E-B2A4-720E58ABB20A}.Win8.1 Release|Any CPU.Build.0 = Release|Any CPU
		{B1EA6F7B-13E6-4D4E-B2A4-720E58ABB20A}.Win8.1 Release|Mixed Platforms.ActiveCfg = Release|Any CPU
		{B1EA6F7B-13E6-4D4E-B2A4-720E58ABB20A}.Win8.1 Release|Mixed Platforms.Build.0 = Release|Any CPU
		{B1EA6F7B-13E6-4D4E-B2A4-720E58ABB20A}.Win8.1 Release|Win32.ActiveCfg = Release|Any CPU
		{B1EA6F7B-13E6-4D4E-B2A4-720E58ABB20A}.Win8.1 Release|x64.ActiveCfg = Release|Any CPU
		{97001F94-2EF3-4ED1-A228-F890514F53DC}.Debug|Any CPU.ActiveCfg = Debug|Any CPU
		{97001F94-2EF3-4ED1-A228-F890514F53DC}.Debug|Any CPU.Build.0 = Debug|Any CPU
		{97001F94-2EF3-4ED1-A228-F890514F53DC}.Debug|Mixed Platforms.ActiveCfg = Debug|Any CPU
		{97001F94-2EF3-4ED1-A228-F890514F53DC}.Debug|Mixed Platforms.Build.0 = Debug|Any CPU
		{97001F94-2EF3-4ED1-A228-F890514F53DC}.Debug|Win32.ActiveCfg = Debug|Any CPU
		{97001F94-2EF3-4ED1-A228-F890514F53DC}.Debug|x64.ActiveCfg = Debug|Any CPU
		{97001F94-2EF3-4ED1-A228-F890514F53DC}.Release|Any CPU.ActiveCfg = Release|Any CPU
		{97001F94-2EF3-4ED1-A228-F890514F53DC}.Release|Any CPU.Build.0 = Release|Any CPU
		{97001F94-2EF3-4ED1-A228-F890514F53DC}.Release|Mixed Platforms.ActiveCfg = Release|Any CPU
		{97001F94-2EF3-4ED1-A228-F890514F53DC}.Release|Mixed Platforms.Build.0 = Release|Any CPU
		{97001F94-2EF3-4ED1-A228-F890514F53DC}.Release|Win32.ActiveCfg = Release|Any CPU
		{97001F94-2EF3-4ED1-A228-F890514F53DC}.Release|x64.ActiveCfg = Release|Any CPU
		{97001F94-2EF3-4ED1-A228-F890514F53DC}.Win7 Debug|Any CPU.ActiveCfg = Debug|Any CPU
		{97001F94-2EF3-4ED1-A228-F890514F53DC}.Win7 Debug|Any CPU.Build.0 = Debug|Any CPU
		{97001F94-2EF3-4ED1-A228-F890514F53DC}.Win7 Debug|Mixed Platforms.ActiveCfg = Debug|Any CPU
		{97001F94-2EF3-4ED1-A228-F890514F53DC}.Win7 Debug|Mixed Platforms.Build.0 = Debug|Any CPU
		{97001F94-2EF3-4ED1-A228-F890514F53DC}.Win7 Debug|Win32.ActiveCfg = Debug|Any CPU
		{97001F94-2EF3-4ED1-A228-F890514F53DC}.Win7 Debug|x64.ActiveCfg = Debug|Any CPU
		{97001F94-2EF3-4ED1-A228-F890514F53DC}.Win7 Release|Any CPU.ActiveCfg = Release|Any CPU
		{97001F94-2EF3-4ED1-A228-F890514F53DC}.Win7 Release|Any CPU.Build.0 = Release|Any CPU
		{97001F94-2EF3-4ED1-A228-F890514F53DC}.Win7 Release|Mixed Platforms.ActiveCfg = Release|Any CPU
		{97001F94-2EF3-4ED1-A228-F890514F53DC}.Win7 Release|Mixed Platforms.Build.0 = Release|Any CPU
		{97001F94-2EF3-4ED1-A228-F890514F53DC}.Win7 Release|Win32.ActiveCfg = Release|Any CPU
		{97001F94-2EF3-4ED1-A228-F890514F53DC}.Win7 Release|x64.ActiveCfg = Release|Any CPU
		{97001F94-2EF3-4ED1-A228-F890514F53DC}.Win8 Debug|Any CPU.ActiveCfg = Debug|Any CPU
		{97001F94-2EF3-4ED1-A228-F890514F53DC}.Win8 Debug|Any CPU.Build.0 = Debug|Any CPU
		{97001F94-2EF3-4ED1-A228-F890514F53DC}.Win8 Debug|Mixed Platforms.ActiveCfg = Debug|Any CPU
		{97001F94-2EF3-4ED1-A228-F890514F53DC}.Win8 Debug|Mixed Platforms.Build.0 = Debug|Any CPU
		{97001F94-2EF3-4ED1-A228-F890514F53DC}.Win8 Debug|Win32.ActiveCfg = Debug|Any CPU
		{97001F94-2EF3-4ED1-A228-F890514F53DC}.Win8 Debug|x64.ActiveCfg = Debug|Any CPU
		{97001F94-2EF3-4ED1-A228-F890514F53DC}.Win8 Release|Any CPU.ActiveCfg = Release|Any CPU
		{97001F94-2EF3-4ED1-A228-F890514F53DC}.Win8 Release|Any CPU.Build.0 = Release|Any CPU
		{97001F94-2EF3-4ED1-A228-F890514F53DC}.Win8 Release|Mixed Platforms.ActiveCfg = Release|Any CPU
		{97001F94-2EF3-4ED1-A228-F890514F53DC}.Win8 Release|Mixed Platforms.Build.0 = Release|Any CPU
		{97001F94-2EF3-4ED1-A228-F890514F53DC}.Win8 Release|Win32.ActiveCfg = Release|Any CPU
		{97001F94-2EF3-4ED1-A228-F890514F53DC}.Win8 Release|x64.ActiveCfg = Release|Any CPU
		{97001F94-2EF3-4ED1-A228-F890514F53DC}.Win8.1 Debug|Any CPU.ActiveCfg = Debug|Any CPU
		{97001F94-2EF3-4ED1-A228-F890514F53DC}.Win8.1 Debug|Any CPU.Build.0 = Debug|Any CPU
		{97001F94-2EF3-4ED1-A228-F890514F53DC}.Win8.1 Debug|Mixed Platforms.ActiveCfg = Debug|Any CPU
		{97001F94-2EF3-4ED1-A228-F890514F53DC}.Win8.1 Debug|Mixed Platforms.Build.0 = Debug|Any CPU
		{97001F94-2EF3-4ED1-A228-F890514F53DC}.Win8.1 Debug|Win32.ActiveCfg = Debug|Any CPU
		{97001F94-2EF3-4ED1-A228-F890514F53DC}.Win8.1 Debug|x64.ActiveCfg = Debug|Any CPU
		{97001F94-2EF3-4ED1-A228-F890514F53DC}.Win8.1 Release|Any CPU.ActiveCfg = Release|Any CPU
		{97001F94-2EF3-4ED1-A228-F890514F53DC}.Win8.1 Release|Any CPU.Build.0 = Release|Any CPU
		{97001F94-2EF3-4ED1-A228-F890514F53DC}.Win8.1 Release|Mixed Platforms.ActiveCfg = Release|Any CPU
		{97001F94-2EF3-4ED1-A228-F890514F53DC}.Win8.1 Release|Mixed Platforms.Build.0 = Release|Any CPU
		{97001F94-2EF3-4ED1-A228-F890514F53DC}.Win8.1 Release|Win32.ActiveCfg = Release|Any CPU
		{97001F94-2EF3-4ED1-A228-F890514F53DC}.Win8.1 Release|x64.ActiveCfg = Release|Any CPU
		{F39679D5-160D-4334-B3C1-7A0C6B436D69}.Debug|Any CPU.ActiveCfg = Debug|Any CPU
		{F39679D5-160D-4334-B3C1-7A0C6B436D69}.Debug|Any CPU.Build.0 = Debug|Any CPU
		{F39679D5-160D-4334-B3C1-7A0C6B436D69}.Debug|Mixed Platforms.ActiveCfg = Debug|Any CPU
		{F39679D5-160D-4334-B3C1-7A0C6B436D69}.Debug|Mixed Platforms.Build.0 = Debug|Any CPU
		{F39679D5-160D-4334-B3C1-7A0C6B436D69}.Debug|Win32.ActiveCfg = Debug|Any CPU
		{F39679D5-160D-4334-B3C1-7A0C6B436D69}.Debug|x64.ActiveCfg = Debug|Any CPU
		{F39679D5-160D-4334-B3C1-7A0C6B436D69}.Release|Any CPU.ActiveCfg = Release|Any CPU
		{F39679D5-160D-4334-B3C1-7A0C6B436D69}.Release|Any CPU.Build.0 = Release|Any CPU
		{F39679D5-160D-4334-B3C1-7A0C6B436D69}.Release|Mixed Platforms.ActiveCfg = Release|Any CPU
		{F39679D5-160D-4334-B3C1-7A0C6B436D69}.Release|Mixed Platforms.Build.0 = Release|Any CPU
		{F39679D5-160D-4334-B3C1-7A0C6B436D69}.Release|Win32.ActiveCfg = Release|Any CPU
		{F39679D5-160D-4334-B3C1-7A0C6B436D69}.Release|x64.ActiveCfg = Release|Any CPU
		{F39679D5-160D-4334-B3C1-7A0C6B436D69}.Win7 Debug|Any CPU.ActiveCfg = Debug|Any CPU
		{F39679D5-160D-4334-B3C1-7A0C6B436D69}.Win7 Debug|Any CPU.Build.0 = Debug|Any CPU
		{F39679D5-160D-4334-B3C1-7A0C6B436D69}.Win7 Debug|Mixed Platforms.ActiveCfg = Debug|Any CPU
		{F39679D5-160D-4334-B3C1-7A0C6B436D69}.Win7 Debug|Mixed Platforms.Build.0 = Debug|Any CPU
		{F39679D5-160D-4334-B3C1-7A0C6B436D69}.Win7 Debug|Win32.ActiveCfg = Debug|Any CPU
		{F39679D5-160D-4334-B3C1-7A0C6B436D69}.Win7 Debug|x64.ActiveCfg = Debug|Any CPU
		{F39679D5-160D-4334-B3C1-7A0C6B436D69}.Win7 Release|Any CPU.ActiveCfg = Release|Any CPU
		{F39679D5-160D-4334-B3C1-7A0C6B436D69}.Win7 Release|Any CPU.Build.0 = Release|Any CPU
		{F39679D5-160D-4334-B3C1-7A0C6B436D69}.Win7 Release|Mixed Platforms.ActiveCfg = Release|Any CPU
		{F39679D5-160D-4334-B3C1-7A0C6B436D69}.Win7 Release|Mixed Platforms.Build.0 = Release|Any CPU
		{F39679D5-160D-4334-B3C1-7A0C6B436D69}.Win7 Release|Win32.ActiveCfg = Release|Any CPU
		{F39679D5-160D-4334-B3C1-7A0C6B436D69}.Win7 Release|x64.ActiveCfg = Release|Any CPU
		{F39679D5-160D-4334-B3C1-7A0C6B436D69}.Win8 Debug|Any CPU.ActiveCfg = Debug|Any CPU
		{F39679D5-160D-4334-B3C1-7A0C6B436D69}.Win8 Debug|Any CPU.Build.0 = Debug|Any CPU
		{F39679D5-160D-4334-B3C1-7A0C6B436D69}.Win8 Debug|Mixed Platforms.ActiveCfg = Debug|Any CPU
		{F39679D5-160D-4334-B3C1-7A0C6B436D69}.Win8 Debug|Mixed Platforms.Build.0 = Debug|Any CPU
		{F39679D5-160D-4334-B3C1-7A0C6B436D69}.Win8 Debug|Win32.ActiveCfg = Debug|Any CPU
		{F39679D5-160D-4334-B3C1-7A0C6B436D69}.Win8 Debug|x64.ActiveCfg = Debug|Any CPU
		{F39679D5-160D-4334-B3C1-7A0C6B436D69}.Win8 Release|Any CPU.ActiveCfg = Release|Any CPU
		{F39679D5-160D-4334-B3C1-7A0C6B436D69}.Win8 Release|Any CPU.Build.0 = Release|Any CPU
		{F39679D5-160D-4334-B3C1-7A0C6B436D69}.Win8 Release|Mixed Platforms.ActiveCfg = Release|Any CPU
		{F39679D5-160D-4334-B3C1-7A0C6B436D69}.Win8 Release|Mixed Platforms.Build.0 = Release|Any CPU
		{F39679D5-160D-4334-B3C1-7A0C6B436D69}.Win8 Release|Win32.ActiveCfg = Release|Any CPU
		{F39679D5-160D-4334-B3C1-7A0C6B436D69}.Win8 Release|x64.ActiveCfg = Release|Any CPU
		{F39679D5-160D-4334-B3C1-7A0C6B436D69}.Win8.1 Debug|Any CPU.ActiveCfg = Debug|Any CPU
		{F39679D5-160D-4334-B3C1-7A0C6B436D69}.Win8.1 Debug|Any CPU.Build.0 = Debug|Any CPU
		{F39679D5-160D-4334-B3C1-7A0C6B436D69}.Win8.1 Debug|Mixed Platforms.ActiveCfg = Debug|Any CPU
		{F39679D5-160D-4334-B3C1-7A0C6B436D69}.Win8.1 Debug|Mixed Platforms.Build.0 = Debug|Any CPU
		{F39679D5-160D-4334-B3C1-7A0C6B436D69}.Win8.1 Debug|Win32.ActiveCfg = Debug|Any CPU
		{F39679D5-160D-4334-B3C1-7A0C6B436D69}.Win8.1 Debug|x64.ActiveCfg = Debug|Any CPU
		{F39679D5-160D-4334-B3C1-7A0C6B436D69}.Win8.1 Release|Any CPU.ActiveCfg = Release|Any CPU
		{F39679D5-160D-4334-B3C1-7A0C6B436D69}.Win8.1 Release|Any CPU.Build.0 = Release|Any CPU
		{F39679D5-160D-4334-B3C1-7A0C6B436D69}.Win8.1 Release|Mixed Platforms.ActiveCfg = Release|Any CPU
		{F39679D5-160D-4334-B3C1-7A0C6B436D69}.Win8.1 Release|Mixed Platforms.Build.0 = Release|Any CPU
		{F39679D5-160D-4334-B3C1-7A0C6B436D69}.Win8.1 Release|Win32.ActiveCfg = Release|Any CPU
		{F39679D5-160D-4334-B3C1-7A0C6B436D69}.Win8.1 Release|x64.ActiveCfg = Release|Any CPU
	EndGlobalSection
	GlobalSection(SolutionProperties) = preSolution
		HideSolutionNode = FALSE
	EndGlobalSection
EndGlobal
