
Microsoft Visual Studio Solution File, Format Version 11.00
# Visual Studio 2010
Project("{FAE04EC0-301F-11D3-BF4B-00C04F79EFBC}") = "ScpMonitor_2010", "ScpMonitor\ScpMonitor_2010.csproj", "{6C9F554E-90D6-449C-91E9-130D476D88B5}"
EndProject
Project("{FAE04EC0-301F-11D3-BF4B-00C04F79EFBC}") = "ScpServer_2010", "ScpServer\ScpServer_2010.csproj", "{D553DB39-186A-48B2-B8FA-E9C56C2BC382}"
EndProject
Project("{FAE04EC0-301F-11D3-BF4B-00C04F79EFBC}") = "ScpControl_2010", "ScpControl\ScpControl_2010.csproj", "{DDECF06E-BE48-4610-8BF8-4AE5140D9F0C}"
EndProject
Project("{FAE04EC0-301F-11D3-BF4B-00C04F79EFBC}") = "ScpService_2010", "ScpService\ScpService_2010.csproj", "{DA326CAA-4E14-4B0F-993D-91F5BD19FBA0}"
EndProject
Project("{FAE04EC0-301F-11D3-BF4B-00C04F79EFBC}") = "ScpInstaller_2010", "ScpInstaller\ScpInstaller_2010.csproj", "{D5ED7E4A-0B5B-42C4-BBBE-942842BC4535}"
EndProject
Project("{FAE04EC0-301F-11D3-BF4B-00C04F79EFBC}") = "ScpPair_2010", "ScpPair\ScpPair_2010.csproj", "{FDC70577-8D4C-4E79-87EE-E9B3D09FAA8A}"
EndProject
Global
	GlobalSection(SolutionConfigurationPlatforms) = preSolution
		Debug|Any CPU = Debug|Any CPU
		Release|Any CPU = Release|Any CPU
	EndGlobalSection
	GlobalSection(ProjectConfigurationPlatforms) = postSolution
		{6C9F554E-90D6-449C-91E9-130D476D88B5}.Debug|Any CPU.ActiveCfg = Debug|Any CPU
		{6C9F554E-90D6-449C-91E9-130D476D88B5}.Debug|Any CPU.Build.0 = Debug|Any CPU
		{6C9F554E-90D6-449C-91E9-130D476D88B5}.Release|Any CPU.ActiveCfg = Release|Any CPU
		{6C9F554E-90D6-449C-91E9-130D476D88B5}.Release|Any CPU.Build.0 = Release|Any CPU
		{D553DB39-186A-48B2-B8FA-E9C56C2BC382}.Debug|Any CPU.ActiveCfg = Debug|Any CPU
		{D553DB39-186A-48B2-B8FA-E9C56C2BC382}.Debug|Any CPU.Build.0 = Debug|Any CPU
		{D553DB39-186A-48B2-B8FA-E9C56C2BC382}.Release|Any CPU.ActiveCfg = Release|Any CPU
		{D553DB39-186A-48B2-B8FA-E9C56C2BC382}.Release|Any CPU.Build.0 = Release|Any CPU
		{DDECF06E-BE48-4610-8BF8-4AE5140D9F0C}.Debug|Any CPU.ActiveCfg = Debug|Any CPU
		{DDECF06E-BE48-4610-8BF8-4AE5140D9F0C}.Debug|Any CPU.Build.0 = Debug|Any CPU
		{DDECF06E-BE48-4610-8BF8-4AE5140D9F0C}.Release|Any CPU.ActiveCfg = Release|Any CPU
		{DDECF06E-BE48-4610-8BF8-4AE5140D9F0C}.Release|Any CPU.Build.0 = Release|Any CPU
		{DA326CAA-4E14-4B0F-993D-91F5BD19FBA0}.Debug|Any CPU.ActiveCfg = Debug|Any CPU
		{DA326CAA-4E14-4B0F-993D-91F5BD19FBA0}.Debug|Any CPU.Build.0 = Debug|Any CPU
		{DA326CAA-4E14-4B0F-993D-91F5BD19FBA0}.Release|Any CPU.ActiveCfg = Release|Any CPU
		{DA326CAA-4E14-4B0F-993D-91F5BD19FBA0}.Release|Any CPU.Build.0 = Release|Any CPU
		{D5ED7E4A-0B5B-42C4-BBBE-942842BC4535}.Debug|Any CPU.ActiveCfg = Debug|Any CPU
		{D5ED7E4A-0B5B-42C4-BBBE-942842BC4535}.Debug|Any CPU.Build.0 = Debug|Any CPU
		{D5ED7E4A-0B5B-42C4-BBBE-942842BC4535}.Release|Any CPU.ActiveCfg = Release|Any CPU
		{D5ED7E4A-0B5B-42C4-BBBE-942842BC4535}.Release|Any CPU.Build.0 = Release|Any CPU
		{FDC70577-8D4C-4E79-87EE-E9B3D09FAA8A}.Debug|Any CPU.ActiveCfg = Debug|Any CPU
		{FDC70577-8D4C-4E79-87EE-E9B3D09FAA8A}.Debug|Any CPU.Build.0 = Debug|Any CPU
		{FDC70577-8D4C-4E79-87EE-E9B3D09FAA8A}.Release|Any CPU.ActiveCfg = Release|Any CPU
		{FDC70577-8D4C-4E79-87EE-E9B3D09FAA8A}.Release|Any CPU.Build.0 = Release|Any CPU
	EndGlobalSection
	GlobalSection(SolutionProperties) = preSolution
		HideSolutionNode = FALSE
	EndGlobalSection
EndGlobal
