
Microsoft Visual Studio Solution File, Format Version 12.00
# Visual Studio 2013
VisualStudioVersion = 12.0.40629.0
MinimumVisualStudioVersion = 10.0.40219.1
Project("{FAE04EC0-301F-11D3-BF4B-00C04F79EFBC}") = "ScpMonitor", "ScpMonitor\ScpMonitor.csproj", "{6C9F554E-90D6-449C-91E9-130D476D88B5}"
EndProject
Project("{FAE04EC0-301F-11D3-BF4B-00C04F79EFBC}") = "ScpService", "ScpService\ScpService.csproj", "{DA326CAA-4E14-4B0F-993D-91F5BD19FBA0}"
EndProject
Project("{FAE04EC0-301F-11D3-BF4B-00C04F79EFBC}") = "ScpServer", "ScpServer\ScpServer.csproj", "{D553DB39-186A-48B2-B8FA-E9C56C2BC382}"
EndProject
Project("{FAE04EC0-301F-11D3-BF4B-00C04F79EFBC}") = "ScpControl", "ScpControl\ScpControl.csproj", "{DDECF06E-BE48-4610-8BF8-4AE5140D9F0C}"
EndProject
Project("{FAE04EC0-301F-11D3-BF4B-00C04F79EFBC}") = "ScpProfiler", "ScpProfiler\ScpProfiler.csproj", "{B1EA6F7B-13E6-4D4E-B2A4-720E58ABB20A}"
EndProject
Project("{FAE04EC0-301F-11D3-BF4B-00C04F79EFBC}") = "ScpSettings", "ScpSettings\ScpSettings.csproj", "{97001F94-2EF3-4ED1-A228-F890514F53DC}"
EndProject
Project("{FAE04EC0-301F-11D3-BF4B-00C04F79EFBC}") = "ScpDriverInstaller", "ScpDriverInstaller\ScpDriverInstaller.csproj", "{F39679D5-160D-4334-B3C1-7A0C6B436D69}"
EndProject
Project("{FAE04EC0-301F-11D3-BF4B-00C04F79EFBC}") = "ScpCleanWipe", "ScpCleanWipe\ScpCleanWipe.csproj", "{4015B77B-14BB-4A14-B0CC-2147D38AED76}"
EndProject
Project("{FAE04EC0-301F-11D3-BF4B-00C04F79EFBC}") = "ScpGamepadAnalyzer", "ScpGamepadAnalyzer\ScpGamepadAnalyzer.csproj", "{68E454FA-ADFC-4745-9BE9-064093B84F1A}"
EndProject
Project("{FAE04EC0-301F-11D3-BF4B-00C04F79EFBC}") = "ScpControlPanel", "ScpControlPanel\ScpControlPanel.csproj", "{7100AEBD-D938-4362-8EF8-CF5037958D6D}"
EndProject
Project("{FAE04EC0-301F-11D3-BF4B-00C04F79EFBC}") = "ScpXInputBridge", "ScpXInputBridge\ScpXInputBridge.csproj", "{876BAF11-8720-4F44-BE81-9FB967D609E9}"
EndProject
Project("{FAE04EC0-301F-11D3-BF4B-00C04F79EFBC}") = "ScpControl.Shared", "ScpControl.Shared\ScpControl.Shared.csproj", "{DCC3A7CD-B7F3-42F0-B1AB-C55AD82C4593}"
EndProject
Project("{FAE04EC0-301F-11D3-BF4B-00C04F79EFBC}") = "ScpDebugInfoCollector", "ScpDebugInfoCollector\ScpDebugInfoCollector.csproj", "{B0ECF67D-57A3-4C06-805E-C9264DF0A8B6}"
EndProject
Project("{FAE04EC0-301F-11D3-BF4B-00C04F79EFBC}") = "ScpTrayApp", "ScpTrayApp\ScpTrayApp.csproj", "{B65D0305-1E3E-4185-91F0-613C40D5CF7D}"
EndProject
Project("{FAE04EC0-301F-11D3-BF4B-00C04F79EFBC}") = "ScpPair", "ScpPair\ScpPair.csproj", "{FDC70577-8D4C-4E79-87EE-E9B3D09FAA8A}"
EndProject
Global
	GlobalSection(SolutionConfigurationPlatforms) = preSolution
		Debug|Any CPU = Debug|Any CPU
		Debug|Mixed Platforms = Debug|Mixed Platforms
		Debug|Win32 = Debug|Win32
		Debug|x64 = Debug|x64
		Release|Any CPU = Release|Any CPU
		Release|Mixed Platforms = Release|Mixed Platforms
		Release|Win32 = Release|Win32
		Release|x64 = Release|x64
		Win7 Debug|Any CPU = Win7 Debug|Any CPU
		Win7 Debug|Mixed Platforms = Win7 Debug|Mixed Platforms
		Win7 Debug|Win32 = Win7 Debug|Win32
		Win7 Debug|x64 = Win7 Debug|x64
		Win7 Release|Any CPU = Win7 Release|Any CPU
		Win7 Release|Mixed Platforms = Win7 Release|Mixed Platforms
		Win7 Release|Win32 = Win7 Release|Win32
		Win7 Release|x64 = Win7 Release|x64
		Win8 Debug|Any CPU = Win8 Debug|Any CPU
		Win8 Debug|Mixed Platforms = Win8 Debug|Mixed Platforms
		Win8 Debug|Win32 = Win8 Debug|Win32
		Win8 Debug|x64 = Win8 Debug|x64
		Win8 Release|Any CPU = Win8 Release|Any CPU
		Win8 Release|Mixed Platforms = Win8 Release|Mixed Platforms
		Win8 Release|Win32 = Win8 Release|Win32
		Win8 Release|x64 = Win8 Release|x64
		Win8.1 Debug|Any CPU = Win8.1 Debug|Any CPU
		Win8.1 Debug|Mixed Platforms = Win8.1 Debug|Mixed Platforms
		Win8.1 Debug|Win32 = Win8.1 Debug|Win32
		Win8.1 Debug|x64 = Win8.1 Debug|x64
		Win8.1 Release|Any CPU = Win8.1 Release|Any CPU
		Win8.1 Release|Mixed Platforms = Win8.1 Release|Mixed Platforms
		Win8.1 Release|Win32 = Win8.1 Release|Win32
		Win8.1 Release|x64 = Win8.1 Release|x64
	EndGlobalSection
	GlobalSection(ProjectConfigurationPlatforms) = postSolution
		{6C9F554E-90D6-449C-91E9-130D476D88B5}.Debug|Any CPU.ActiveCfg = Debug|Any CPU
		{6C9F554E-90D6-449C-91E9-130D476D88B5}.Debug|Any CPU.Build.0 = Debug|Any CPU
		{6C9F554E-90D6-449C-91E9-130D476D88B5}.Debug|Mixed Platforms.ActiveCfg = Debug|Any CPU
		{6C9F554E-90D6-449C-91E9-130D476D88B5}.Debug|Mixed Platforms.Build.0 = Debug|Any CPU
		{6C9F554E-90D6-449C-91E9-130D476D88B5}.Debug|Win32.ActiveCfg = Debug|Any CPU
		{6C9F554E-90D6-449C-91E9-130D476D88B5}.Debug|x64.ActiveCfg = Debug|Any CPU
		{6C9F554E-90D6-449C-91E9-130D476D88B5}.Release|Any CPU.ActiveCfg = Release|Any CPU
		{6C9F554E-90D6-449C-91E9-130D476D88B5}.Release|Any CPU.Build.0 = Release|Any CPU
		{6C9F554E-90D6-449C-91E9-130D476D88B5}.Release|Mixed Platforms.ActiveCfg = Release|Any CPU
		{6C9F554E-90D6-449C-91E9-130D476D88B5}.Release|Mixed Platforms.Build.0 = Release|Any CPU
		{6C9F554E-90D6-449C-91E9-130D476D88B5}.Release|Win32.ActiveCfg = Release|Any CPU
		{6C9F554E-90D6-449C-91E9-130D476D88B5}.Release|x64.ActiveCfg = Release|Any CPU
		{6C9F554E-90D6-449C-91E9-130D476D88B5}.Win7 Debug|Any CPU.ActiveCfg = Debug|Any CPU
		{6C9F554E-90D6-449C-91E9-130D476D88B5}.Win7 Debug|Any CPU.Build.0 = Debug|Any CPU
		{6C9F554E-90D6-449C-91E9-130D476D88B5}.Win7 Debug|Mixed Platforms.ActiveCfg = Debug|Any CPU
		{6C9F554E-90D6-449C-91E9-130D476D88B5}.Win7 Debug|Mixed Platforms.Build.0 = Debug|Any CPU
		{6C9F554E-90D6-449C-91E9-130D476D88B5}.Win7 Debug|Win32.ActiveCfg = Debug|Any CPU
		{6C9F554E-90D6-449C-91E9-130D476D88B5}.Win7 Debug|x64.ActiveCfg = Debug|Any CPU
		{6C9F554E-90D6-449C-91E9-130D476D88B5}.Win7 Release|Any CPU.ActiveCfg = Release|Any CPU
		{6C9F554E-90D6-449C-91E9-130D476D88B5}.Win7 Release|Any CPU.Build.0 = Release|Any CPU
		{6C9F554E-90D6-449C-91E9-130D476D88B5}.Win7 Release|Mixed Platforms.ActiveCfg = Release|Any CPU
		{6C9F554E-90D6-449C-91E9-130D476D88B5}.Win7 Release|Mixed Platforms.Build.0 = Release|Any CPU
		{6C9F554E-90D6-449C-91E9-130D476D88B5}.Win7 Release|Win32.ActiveCfg = Release|Any CPU
		{6C9F554E-90D6-449C-91E9-130D476D88B5}.Win7 Release|x64.ActiveCfg = Release|Any CPU
		{6C9F554E-90D6-449C-91E9-130D476D88B5}.Win8 Debug|Any CPU.ActiveCfg = Debug|Any CPU
		{6C9F554E-90D6-449C-91E9-130D476D88B5}.Win8 Debug|Any CPU.Build.0 = Debug|Any CPU
		{6C9F554E-90D6-449C-91E9-130D476D88B5}.Win8 Debug|Mixed Platforms.ActiveCfg = Debug|Any CPU
		{6C9F554E-90D6-449C-91E9-130D476D88B5}.Win8 Debug|Mixed Platforms.Build.0 = Debug|Any CPU
		{6C9F554E-90D6-449C-91E9-130D476D88B5}.Win8 Debug|Win32.ActiveCfg = Debug|Any CPU
		{6C9F554E-90D6-449C-91E9-130D476D88B5}.Win8 Debug|x64.ActiveCfg = Debug|Any CPU
		{6C9F554E-90D6-449C-91E9-130D476D88B5}.Win8 Release|Any CPU.ActiveCfg = Release|Any CPU
		{6C9F554E-90D6-449C-91E9-130D476D88B5}.Win8 Release|Any CPU.Build.0 = Release|Any CPU
		{6C9F554E-90D6-449C-91E9-130D476D88B5}.Win8 Release|Mixed Platforms.ActiveCfg = Release|Any CPU
		{6C9F554E-90D6-449C-91E9-130D476D88B5}.Win8 Release|Mixed Platforms.Build.0 = Release|Any CPU
		{6C9F554E-90D6-449C-91E9-130D476D88B5}.Win8 Release|Win32.ActiveCfg = Release|Any CPU
		{6C9F554E-90D6-449C-91E9-130D476D88B5}.Win8 Release|x64.ActiveCfg = Release|Any CPU
		{6C9F554E-90D6-449C-91E9-130D476D88B5}.Win8.1 Debug|Any CPU.ActiveCfg = Debug|Any CPU
		{6C9F554E-90D6-449C-91E9-130D476D88B5}.Win8.1 Debug|Any CPU.Build.0 = Debug|Any CPU
		{6C9F554E-90D6-449C-91E9-130D476D88B5}.Win8.1 Debug|Mixed Platforms.ActiveCfg = Debug|Any CPU
		{6C9F554E-90D6-449C-91E9-130D476D88B5}.Win8.1 Debug|Mixed Platforms.Build.0 = Debug|Any CPU
		{6C9F554E-90D6-449C-91E9-130D476D88B5}.Win8.1 Debug|Win32.ActiveCfg = Debug|Any CPU
		{6C9F554E-90D6-449C-91E9-130D476D88B5}.Win8.1 Debug|x64.ActiveCfg = Debug|Any CPU
		{6C9F554E-90D6-449C-91E9-130D476D88B5}.Win8.1 Release|Any CPU.ActiveCfg = Release|Any CPU
		{6C9F554E-90D6-449C-91E9-130D476D88B5}.Win8.1 Release|Any CPU.Build.0 = Release|Any CPU
		{6C9F554E-90D6-449C-91E9-130D476D88B5}.Win8.1 Release|Mixed Platforms.ActiveCfg = Release|Any CPU
		{6C9F554E-90D6-449C-91E9-130D476D88B5}.Win8.1 Release|Mixed Platforms.Build.0 = Release|Any CPU
		{6C9F554E-90D6-449C-91E9-130D476D88B5}.Win8.1 Release|Win32.ActiveCfg = Release|Any CPU
		{6C9F554E-90D6-449C-91E9-130D476D88B5}.Win8.1 Release|x64.ActiveCfg = Release|Any CPU
		{DA326CAA-4E14-4B0F-993D-91F5BD19FBA0}.Debug|Any CPU.ActiveCfg = Debug|Any CPU
		{DA326CAA-4E14-4B0F-993D-91F5BD19FBA0}.Debug|Any CPU.Build.0 = Debug|Any CPU
		{DA326CAA-4E14-4B0F-993D-91F5BD19FBA0}.Debug|Mixed Platforms.ActiveCfg = Debug|Any CPU
		{DA326CAA-4E14-4B0F-993D-91F5BD19FBA0}.Debug|Mixed Platforms.Build.0 = Debug|Any CPU
		{DA326CAA-4E14-4B0F-993D-91F5BD19FBA0}.Debug|Win32.ActiveCfg = Debug|Any CPU
		{DA326CAA-4E14-4B0F-993D-91F5BD19FBA0}.Debug|x64.ActiveCfg = Debug|Any CPU
		{DA326CAA-4E14-4B0F-993D-91F5BD19FBA0}.Release|Any CPU.ActiveCfg = Release|Any CPU
		{DA326CAA-4E14-4B0F-993D-91F5BD19FBA0}.Release|Any CPU.Build.0 = Release|Any CPU
		{DA326CAA-4E14-4B0F-993D-91F5BD19FBA0}.Release|Mixed Platforms.ActiveCfg = Release|Any CPU
		{DA326CAA-4E14-4B0F-993D-91F5BD19FBA0}.Release|Mixed Platforms.Build.0 = Release|Any CPU
		{DA326CAA-4E14-4B0F-993D-91F5BD19FBA0}.Release|Win32.ActiveCfg = Release|Any CPU
		{DA326CAA-4E14-4B0F-993D-91F5BD19FBA0}.Release|x64.ActiveCfg = Release|Any CPU
		{DA326CAA-4E14-4B0F-993D-91F5BD19FBA0}.Win7 Debug|Any CPU.ActiveCfg = Debug|Any CPU
		{DA326CAA-4E14-4B0F-993D-91F5BD19FBA0}.Win7 Debug|Any CPU.Build.0 = Debug|Any CPU
		{DA326CAA-4E14-4B0F-993D-91F5BD19FBA0}.Win7 Debug|Mixed Platforms.ActiveCfg = Debug|Any CPU
		{DA326CAA-4E14-4B0F-993D-91F5BD19FBA0}.Win7 Debug|Mixed Platforms.Build.0 = Debug|Any CPU
		{DA326CAA-4E14-4B0F-993D-91F5BD19FBA0}.Win7 Debug|Win32.ActiveCfg = Debug|Any CPU
		{DA326CAA-4E14-4B0F-993D-91F5BD19FBA0}.Win7 Debug|x64.ActiveCfg = Debug|Any CPU
		{DA326CAA-4E14-4B0F-993D-91F5BD19FBA0}.Win7 Release|Any CPU.ActiveCfg = Release|Any CPU
		{DA326CAA-4E14-4B0F-993D-91F5BD19FBA0}.Win7 Release|Any CPU.Build.0 = Release|Any CPU
		{DA326CAA-4E14-4B0F-993D-91F5BD19FBA0}.Win7 Release|Mixed Platforms.ActiveCfg = Release|Any CPU
		{DA326CAA-4E14-4B0F-993D-91F5BD19FBA0}.Win7 Release|Mixed Platforms.Build.0 = Release|Any CPU
		{DA326CAA-4E14-4B0F-993D-91F5BD19FBA0}.Win7 Release|Win32.ActiveCfg = Release|Any CPU
		{DA326CAA-4E14-4B0F-993D-91F5BD19FBA0}.Win7 Release|x64.ActiveCfg = Release|Any CPU
		{DA326CAA-4E14-4B0F-993D-91F5BD19FBA0}.Win8 Debug|Any CPU.ActiveCfg = Debug|Any CPU
		{DA326CAA-4E14-4B0F-993D-91F5BD19FBA0}.Win8 Debug|Any CPU.Build.0 = Debug|Any CPU
		{DA326CAA-4E14-4B0F-993D-91F5BD19FBA0}.Win8 Debug|Mixed Platforms.ActiveCfg = Debug|Any CPU
		{DA326CAA-4E14-4B0F-993D-91F5BD19FBA0}.Win8 Debug|Mixed Platforms.Build.0 = Debug|Any CPU
		{DA326CAA-4E14-4B0F-993D-91F5BD19FBA0}.Win8 Debug|Win32.ActiveCfg = Debug|Any CPU
		{DA326CAA-4E14-4B0F-993D-91F5BD19FBA0}.Win8 Debug|x64.ActiveCfg = Debug|Any CPU
		{DA326CAA-4E14-4B0F-993D-91F5BD19FBA0}.Win8 Release|Any CPU.ActiveCfg = Release|Any CPU
		{DA326CAA-4E14-4B0F-993D-91F5BD19FBA0}.Win8 Release|Any CPU.Build.0 = Release|Any CPU
		{DA326CAA-4E14-4B0F-993D-91F5BD19FBA0}.Win8 Release|Mixed Platforms.ActiveCfg = Release|Any CPU
		{DA326CAA-4E14-4B0F-993D-91F5BD19FBA0}.Win8 Release|Mixed Platforms.Build.0 = Release|Any CPU
		{DA326CAA-4E14-4B0F-993D-91F5BD19FBA0}.Win8 Release|Win32.ActiveCfg = Release|Any CPU
		{DA326CAA-4E14-4B0F-993D-91F5BD19FBA0}.Win8 Release|x64.ActiveCfg = Release|Any CPU
		{DA326CAA-4E14-4B0F-993D-91F5BD19FBA0}.Win8.1 Debug|Any CPU.ActiveCfg = Debug|Any CPU
		{DA326CAA-4E14-4B0F-993D-91F5BD19FBA0}.Win8.1 Debug|Any CPU.Build.0 = Debug|Any CPU
		{DA326CAA-4E14-4B0F-993D-91F5BD19FBA0}.Win8.1 Debug|Mixed Platforms.ActiveCfg = Debug|Any CPU
		{DA326CAA-4E14-4B0F-993D-91F5BD19FBA0}.Win8.1 Debug|Mixed Platforms.Build.0 = Debug|Any CPU
		{DA326CAA-4E14-4B0F-993D-91F5BD19FBA0}.Win8.1 Debug|Win32.ActiveCfg = Debug|Any CPU
		{DA326CAA-4E14-4B0F-993D-91F5BD19FBA0}.Win8.1 Debug|x64.ActiveCfg = Debug|Any CPU
		{DA326CAA-4E14-4B0F-993D-91F5BD19FBA0}.Win8.1 Release|Any CPU.ActiveCfg = Release|Any CPU
		{DA326CAA-4E14-4B0F-993D-91F5BD19FBA0}.Win8.1 Release|Any CPU.Build.0 = Release|Any CPU
		{DA326CAA-4E14-4B0F-993D-91F5BD19FBA0}.Win8.1 Release|Mixed Platforms.ActiveCfg = Release|Any CPU
		{DA326CAA-4E14-4B0F-993D-91F5BD19FBA0}.Win8.1 Release|Mixed Platforms.Build.0 = Release|Any CPU
		{DA326CAA-4E14-4B0F-993D-91F5BD19FBA0}.Win8.1 Release|Win32.ActiveCfg = Release|Any CPU
		{DA326CAA-4E14-4B0F-993D-91F5BD19FBA0}.Win8.1 Release|x64.ActiveCfg = Release|Any CPU
		{D553DB39-186A-48B2-B8FA-E9C56C2BC382}.Debug|Any CPU.ActiveCfg = Debug|Any CPU
		{D553DB39-186A-48B2-B8FA-E9C56C2BC382}.Debug|Any CPU.Build.0 = Debug|Any CPU
		{D553DB39-186A-48B2-B8FA-E9C56C2BC382}.Debug|Mixed Platforms.ActiveCfg = Debug|Any CPU
		{D553DB39-186A-48B2-B8FA-E9C56C2BC382}.Debug|Mixed Platforms.Build.0 = Debug|Any CPU
		{D553DB39-186A-48B2-B8FA-E9C56C2BC382}.Debug|Win32.ActiveCfg = Debug|Any CPU
		{D553DB39-186A-48B2-B8FA-E9C56C2BC382}.Debug|x64.ActiveCfg = Debug|Any CPU
		{D553DB39-186A-48B2-B8FA-E9C56C2BC382}.Release|Any CPU.ActiveCfg = Release|Any CPU
		{D553DB39-186A-48B2-B8FA-E9C56C2BC382}.Release|Any CPU.Build.0 = Release|Any CPU
		{D553DB39-186A-48B2-B8FA-E9C56C2BC382}.Release|Mixed Platforms.ActiveCfg = Release|Any CPU
		{D553DB39-186A-48B2-B8FA-E9C56C2BC382}.Release|Mixed Platforms.Build.0 = Release|Any CPU
		{D553DB39-186A-48B2-B8FA-E9C56C2BC382}.Release|Win32.ActiveCfg = Release|Any CPU
		{D553DB39-186A-48B2-B8FA-E9C56C2BC382}.Release|x64.ActiveCfg = Release|Any CPU
		{D553DB39-186A-48B2-B8FA-E9C56C2BC382}.Win7 Debug|Any CPU.ActiveCfg = Debug|Any CPU
		{D553DB39-186A-48B2-B8FA-E9C56C2BC382}.Win7 Debug|Any CPU.Build.0 = Debug|Any CPU
		{D553DB39-186A-48B2-B8FA-E9C56C2BC382}.Win7 Debug|Mixed Platforms.ActiveCfg = Debug|Any CPU
		{D553DB39-186A-48B2-B8FA-E9C56C2BC382}.Win7 Debug|Mixed Platforms.Build.0 = Debug|Any CPU
		{D553DB39-186A-48B2-B8FA-E9C56C2BC382}.Win7 Debug|Win32.ActiveCfg = Debug|Any CPU
		{D553DB39-186A-48B2-B8FA-E9C56C2BC382}.Win7 Debug|x64.ActiveCfg = Debug|Any CPU
		{D553DB39-186A-48B2-B8FA-E9C56C2BC382}.Win7 Release|Any CPU.ActiveCfg = Release|Any CPU
		{D553DB39-186A-48B2-B8FA-E9C56C2BC382}.Win7 Release|Any CPU.Build.0 = Release|Any CPU
		{D553DB39-186A-48B2-B8FA-E9C56C2BC382}.Win7 Release|Mixed Platforms.ActiveCfg = Release|Any CPU
		{D553DB39-186A-48B2-B8FA-E9C56C2BC382}.Win7 Release|Mixed Platforms.Build.0 = Release|Any CPU
		{D553DB39-186A-48B2-B8FA-E9C56C2BC382}.Win7 Release|Win32.ActiveCfg = Release|Any CPU
		{D553DB39-186A-48B2-B8FA-E9C56C2BC382}.Win7 Release|x64.ActiveCfg = Release|Any CPU
		{D553DB39-186A-48B2-B8FA-E9C56C2BC382}.Win8 Debug|Any CPU.ActiveCfg = Debug|Any CPU
		{D553DB39-186A-48B2-B8FA-E9C56C2BC382}.Win8 Debug|Any CPU.Build.0 = Debug|Any CPU
		{D553DB39-186A-48B2-B8FA-E9C56C2BC382}.Win8 Debug|Mixed Platforms.ActiveCfg = Debug|Any CPU
		{D553DB39-186A-48B2-B8FA-E9C56C2BC382}.Win8 Debug|Mixed Platforms.Build.0 = Debug|Any CPU
		{D553DB39-186A-48B2-B8FA-E9C56C2BC382}.Win8 Debug|Win32.ActiveCfg = Debug|Any CPU
		{D553DB39-186A-48B2-B8FA-E9C56C2BC382}.Win8 Debug|x64.ActiveCfg = Debug|Any CPU
		{D553DB39-186A-48B2-B8FA-E9C56C2BC382}.Win8 Release|Any CPU.ActiveCfg = Release|Any CPU
		{D553DB39-186A-48B2-B8FA-E9C56C2BC382}.Win8 Release|Any CPU.Build.0 = Release|Any CPU
		{D553DB39-186A-48B2-B8FA-E9C56C2BC382}.Win8 Release|Mixed Platforms.ActiveCfg = Release|Any CPU
		{D553DB39-186A-48B2-B8FA-E9C56C2BC382}.Win8 Release|Mixed Platforms.Build.0 = Release|Any CPU
		{D553DB39-186A-48B2-B8FA-E9C56C2BC382}.Win8 Release|Win32.ActiveCfg = Release|Any CPU
		{D553DB39-186A-48B2-B8FA-E9C56C2BC382}.Win8 Release|x64.ActiveCfg = Release|Any CPU
		{D553DB39-186A-48B2-B8FA-E9C56C2BC382}.Win8.1 Debug|Any CPU.ActiveCfg = Debug|Any CPU
		{D553DB39-186A-48B2-B8FA-E9C56C2BC382}.Win8.1 Debug|Any CPU.Build.0 = Debug|Any CPU
		{D553DB39-186A-48B2-B8FA-E9C56C2BC382}.Win8.1 Debug|Mixed Platforms.ActiveCfg = Debug|Any CPU
		{D553DB39-186A-48B2-B8FA-E9C56C2BC382}.Win8.1 Debug|Mixed Platforms.Build.0 = Debug|Any CPU
		{D553DB39-186A-48B2-B8FA-E9C56C2BC382}.Win8.1 Debug|Win32.ActiveCfg = Debug|Any CPU
		{D553DB39-186A-48B2-B8FA-E9C56C2BC382}.Win8.1 Debug|x64.ActiveCfg = Debug|Any CPU
		{D553DB39-186A-48B2-B8FA-E9C56C2BC382}.Win8.1 Release|Any CPU.ActiveCfg = Release|Any CPU
		{D553DB39-186A-48B2-B8FA-E9C56C2BC382}.Win8.1 Release|Any CPU.Build.0 = Release|Any CPU
		{D553DB39-186A-48B2-B8FA-E9C56C2BC382}.Win8.1 Release|Mixed Platforms.ActiveCfg = Release|Any CPU
		{D553DB39-186A-48B2-B8FA-E9C56C2BC382}.Win8.1 Release|Mixed Platforms.Build.0 = Release|Any CPU
		{D553DB39-186A-48B2-B8FA-E9C56C2BC382}.Win8.1 Release|Win32.ActiveCfg = Release|Any CPU
		{D553DB39-186A-48B2-B8FA-E9C56C2BC382}.Win8.1 Release|x64.ActiveCfg = Release|Any CPU
		{DDECF06E-BE48-4610-8BF8-4AE5140D9F0C}.Debug|Any CPU.ActiveCfg = Debug|Any CPU
		{DDECF06E-BE48-4610-8BF8-4AE5140D9F0C}.Debug|Any CPU.Build.0 = Debug|Any CPU
		{DDECF06E-BE48-4610-8BF8-4AE5140D9F0C}.Debug|Mixed Platforms.ActiveCfg = Debug|Any CPU
		{DDECF06E-BE48-4610-8BF8-4AE5140D9F0C}.Debug|Mixed Platforms.Build.0 = Debug|Any CPU
		{DDECF06E-BE48-4610-8BF8-4AE5140D9F0C}.Debug|Win32.ActiveCfg = Debug|Any CPU
		{DDECF06E-BE48-4610-8BF8-4AE5140D9F0C}.Debug|x64.ActiveCfg = Debug|Any CPU
		{DDECF06E-BE48-4610-8BF8-4AE5140D9F0C}.Release|Any CPU.ActiveCfg = Release|Any CPU
		{DDECF06E-BE48-4610-8BF8-4AE5140D9F0C}.Release|Any CPU.Build.0 = Release|Any CPU
		{DDECF06E-BE48-4610-8BF8-4AE5140D9F0C}.Release|Mixed Platforms.ActiveCfg = Release|Any CPU
		{DDECF06E-BE48-4610-8BF8-4AE5140D9F0C}.Release|Mixed Platforms.Build.0 = Release|Any CPU
		{DDECF06E-BE48-4610-8BF8-4AE5140D9F0C}.Release|Win32.ActiveCfg = Release|Any CPU
		{DDECF06E-BE48-4610-8BF8-4AE5140D9F0C}.Release|x64.ActiveCfg = Release|Any CPU
		{DDECF06E-BE48-4610-8BF8-4AE5140D9F0C}.Release|x64.Build.0 = Release|Any CPU
		{DDECF06E-BE48-4610-8BF8-4AE5140D9F0C}.Win7 Debug|Any CPU.ActiveCfg = Debug|Any CPU
		{DDECF06E-BE48-4610-8BF8-4AE5140D9F0C}.Win7 Debug|Any CPU.Build.0 = Debug|Any CPU
		{DDECF06E-BE48-4610-8BF8-4AE5140D9F0C}.Win7 Debug|Mixed Platforms.ActiveCfg = Debug|Any CPU
		{DDECF06E-BE48-4610-8BF8-4AE5140D9F0C}.Win7 Debug|Mixed Platforms.Build.0 = Debug|Any CPU
		{DDECF06E-BE48-4610-8BF8-4AE5140D9F0C}.Win7 Debug|Win32.ActiveCfg = Debug|Any CPU
		{DDECF06E-BE48-4610-8BF8-4AE5140D9F0C}.Win7 Debug|x64.ActiveCfg = Debug|Any CPU
		{DDECF06E-BE48-4610-8BF8-4AE5140D9F0C}.Win7 Release|Any CPU.ActiveCfg = Release|Any CPU
		{DDECF06E-BE48-4610-8BF8-4AE5140D9F0C}.Win7 Release|Any CPU.Build.0 = Release|Any CPU
		{DDECF06E-BE48-4610-8BF8-4AE5140D9F0C}.Win7 Release|Mixed Platforms.ActiveCfg = Release|Any CPU
		{DDECF06E-BE48-4610-8BF8-4AE5140D9F0C}.Win7 Release|Mixed Platforms.Build.0 = Release|Any CPU
		{DDECF06E-BE48-4610-8BF8-4AE5140D9F0C}.Win7 Release|Win32.ActiveCfg = Release|Any CPU
		{DDECF06E-BE48-4610-8BF8-4AE5140D9F0C}.Win7 Release|x64.ActiveCfg = Release|Any CPU
		{DDECF06E-BE48-4610-8BF8-4AE5140D9F0C}.Win8 Debug|Any CPU.ActiveCfg = Debug|Any CPU
		{DDECF06E-BE48-4610-8BF8-4AE5140D9F0C}.Win8 Debug|Any CPU.Build.0 = Debug|Any CPU
		{DDECF06E-BE48-4610-8BF8-4AE5140D9F0C}.Win8 Debug|Mixed Platforms.ActiveCfg = Debug|Any CPU
		{DDECF06E-BE48-4610-8BF8-4AE5140D9F0C}.Win8 Debug|Mixed Platforms.Build.0 = Debug|Any CPU
		{DDECF06E-BE48-4610-8BF8-4AE5140D9F0C}.Win8 Debug|Win32.ActiveCfg = Debug|Any CPU
		{DDECF06E-BE48-4610-8BF8-4AE5140D9F0C}.Win8 Debug|x64.ActiveCfg = Debug|Any CPU
		{DDECF06E-BE48-4610-8BF8-4AE5140D9F0C}.Win8 Release|Any CPU.ActiveCfg = Release|Any CPU
		{DDECF06E-BE48-4610-8BF8-4AE5140D9F0C}.Win8 Release|Any CPU.Build.0 = Release|Any CPU
		{DDECF06E-BE48-4610-8BF8-4AE5140D9F0C}.Win8 Release|Mixed Platforms.ActiveCfg = Release|Any CPU
		{DDECF06E-BE48-4610-8BF8-4AE5140D9F0C}.Win8 Release|Mixed Platforms.Build.0 = Release|Any CPU
		{DDECF06E-BE48-4610-8BF8-4AE5140D9F0C}.Win8 Release|Win32.ActiveCfg = Release|Any CPU
		{DDECF06E-BE48-4610-8BF8-4AE5140D9F0C}.Win8 Release|x64.ActiveCfg = Release|Any CPU
		{DDECF06E-BE48-4610-8BF8-4AE5140D9F0C}.Win8.1 Debug|Any CPU.ActiveCfg = Debug|Any CPU
		{DDECF06E-BE48-4610-8BF8-4AE5140D9F0C}.Win8.1 Debug|Any CPU.Build.0 = Debug|Any CPU
		{DDECF06E-BE48-4610-8BF8-4AE5140D9F0C}.Win8.1 Debug|Mixed Platforms.ActiveCfg = Debug|Any CPU
		{DDECF06E-BE48-4610-8BF8-4AE5140D9F0C}.Win8.1 Debug|Mixed Platforms.Build.0 = Debug|Any CPU
		{DDECF06E-BE48-4610-8BF8-4AE5140D9F0C}.Win8.1 Debug|Win32.ActiveCfg = Debug|Any CPU
		{DDECF06E-BE48-4610-8BF8-4AE5140D9F0C}.Win8.1 Debug|x64.ActiveCfg = Debug|Any CPU
		{DDECF06E-BE48-4610-8BF8-4AE5140D9F0C}.Win8.1 Release|Any CPU.ActiveCfg = Release|Any CPU
		{DDECF06E-BE48-4610-8BF8-4AE5140D9F0C}.Win8.1 Release|Any CPU.Build.0 = Release|Any CPU
		{DDECF06E-BE48-4610-8BF8-4AE5140D9F0C}.Win8.1 Release|Mixed Platforms.ActiveCfg = Release|Any CPU
		{DDECF06E-BE48-4610-8BF8-4AE5140D9F0C}.Win8.1 Release|Mixed Platforms.Build.0 = Release|Any CPU
		{DDECF06E-BE48-4610-8BF8-4AE5140D9F0C}.Win8.1 Release|Win32.ActiveCfg = Release|Any CPU
		{DDECF06E-BE48-4610-8BF8-4AE5140D9F0C}.Win8.1 Release|x64.ActiveCfg = Release|Any CPU
		{B1EA6F7B-13E6-4D4E-B2A4-720E58ABB20A}.Debug|Any CPU.ActiveCfg = Debug|Any CPU
		{B1EA6F7B-13E6-4D4E-B2A4-720E58ABB20A}.Debug|Any CPU.Build.0 = Debug|Any CPU
		{B1EA6F7B-13E6-4D4E-B2A4-720E58ABB20A}.Debug|Mixed Platforms.ActiveCfg = Debug|Any CPU
		{B1EA6F7B-13E6-4D4E-B2A4-720E58ABB20A}.Debug|Mixed Platforms.Build.0 = Debug|Any CPU
		{B1EA6F7B-13E6-4D4E-B2A4-720E58ABB20A}.Debug|Win32.ActiveCfg = Debug|Any CPU
		{B1EA6F7B-13E6-4D4E-B2A4-720E58ABB20A}.Debug|x64.ActiveCfg = Debug|Any CPU
		{B1EA6F7B-13E6-4D4E-B2A4-720E58ABB20A}.Release|Any CPU.ActiveCfg = Release|Any CPU
		{B1EA6F7B-13E6-4D4E-B2A4-720E58ABB20A}.Release|Any CPU.Build.0 = Release|Any CPU
		{B1EA6F7B-13E6-4D4E-B2A4-720E58ABB20A}.Release|Mixed Platforms.ActiveCfg = Release|Any CPU
		{B1EA6F7B-13E6-4D4E-B2A4-720E58ABB20A}.Release|Mixed Platforms.Build.0 = Release|Any CPU
		{B1EA6F7B-13E6-4D4E-B2A4-720E58ABB20A}.Release|Win32.ActiveCfg = Release|Any CPU
		{B1EA6F7B-13E6-4D4E-B2A4-720E58ABB20A}.Release|x64.ActiveCfg = Release|Any CPU
		{B1EA6F7B-13E6-4D4E-B2A4-720E58ABB20A}.Win7 Debug|Any CPU.ActiveCfg = Debug|Any CPU
		{B1EA6F7B-13E6-4D4E-B2A4-720E58ABB20A}.Win7 Debug|Any CPU.Build.0 = Debug|Any CPU
		{B1EA6F7B-13E6-4D4E-B2A4-720E58ABB20A}.Win7 Debug|Mixed Platforms.ActiveCfg = Debug|Any CPU
		{B1EA6F7B-13E6-4D4E-B2A4-720E58ABB20A}.Win7 Debug|Mixed Platforms.Build.0 = Debug|Any CPU
		{B1EA6F7B-13E6-4D4E-B2A4-720E58ABB20A}.Win7 Debug|Win32.ActiveCfg = Debug|Any CPU
		{B1EA6F7B-13E6-4D4E-B2A4-720E58ABB20A}.Win7 Debug|x64.ActiveCfg = Debug|Any CPU
		{B1EA6F7B-13E6-4D4E-B2A4-720E58ABB20A}.Win7 Release|Any CPU.ActiveCfg = Release|Any CPU
		{B1EA6F7B-13E6-4D4E-B2A4-720E58ABB20A}.Win7 Release|Any CPU.Build.0 = Release|Any CPU
		{B1EA6F7B-13E6-4D4E-B2A4-720E58ABB20A}.Win7 Release|Mixed Platforms.ActiveCfg = Release|Any CPU
		{B1EA6F7B-13E6-4D4E-B2A4-720E58ABB20A}.Win7 Release|Mixed Platforms.Build.0 = Release|Any CPU
		{B1EA6F7B-13E6-4D4E-B2A4-720E58ABB20A}.Win7 Release|Win32.ActiveCfg = Release|Any CPU
		{B1EA6F7B-13E6-4D4E-B2A4-720E58ABB20A}.Win7 Release|x64.ActiveCfg = Release|Any CPU
		{B1EA6F7B-13E6-4D4E-B2A4-720E58ABB20A}.Win8 Debug|Any CPU.ActiveCfg = Debug|Any CPU
		{B1EA6F7B-13E6-4D4E-B2A4-720E58ABB20A}.Win8 Debug|Any CPU.Build.0 = Debug|Any CPU
		{B1EA6F7B-13E6-4D4E-B2A4-720E58ABB20A}.Win8 Debug|Mixed Platforms.ActiveCfg = Debug|Any CPU
		{B1EA6F7B-13E6-4D4E-B2A4-720E58ABB20A}.Win8 Debug|Mixed Platforms.Build.0 = Debug|Any CPU
		{B1EA6F7B-13E6-4D4E-B2A4-720E58ABB20A}.Win8 Debug|Win32.ActiveCfg = Debug|Any CPU
		{B1EA6F7B-13E6-4D4E-B2A4-720E58ABB20A}.Win8 Debug|x64.ActiveCfg = Debug|Any CPU
		{B1EA6F7B-13E6-4D4E-B2A4-720E58ABB20A}.Win8 Release|Any CPU.ActiveCfg = Release|Any CPU
		{B1EA6F7B-13E6-4D4E-B2A4-720E58ABB20A}.Win8 Release|Any CPU.Build.0 = Release|Any CPU
		{B1EA6F7B-13E6-4D4E-B2A4-720E58ABB20A}.Win8 Release|Mixed Platforms.ActiveCfg = Release|Any CPU
		{B1EA6F7B-13E6-4D4E-B2A4-720E58ABB20A}.Win8 Release|Mixed Platforms.Build.0 = Release|Any CPU
		{B1EA6F7B-13E6-4D4E-B2A4-720E58ABB20A}.Win8 Release|Win32.ActiveCfg = Release|Any CPU
		{B1EA6F7B-13E6-4D4E-B2A4-720E58ABB20A}.Win8 Release|x64.ActiveCfg = Release|Any CPU
		{B1EA6F7B-13E6-4D4E-B2A4-720E58ABB20A}.Win8.1 Debug|Any CPU.ActiveCfg = Debug|Any CPU
		{B1EA6F7B-13E6-4D4E-B2A4-720E58ABB20A}.Win8.1 Debug|Any CPU.Build.0 = Debug|Any CPU
		{B1EA6F7B-13E6-4D4E-B2A4-720E58ABB20A}.Win8.1 Debug|Mixed Platforms.ActiveCfg = Debug|Any CPU
		{B1EA6F7B-13E6-4D4E-B2A4-720E58ABB20A}.Win8.1 Debug|Mixed Platforms.Build.0 = Debug|Any CPU
		{B1EA6F7B-13E6-4D4E-B2A4-720E58ABB20A}.Win8.1 Debug|Win32.ActiveCfg = Debug|Any CPU
		{B1EA6F7B-13E6-4D4E-B2A4-720E58ABB20A}.Win8.1 Debug|x64.ActiveCfg = Debug|Any CPU
		{B1EA6F7B-13E6-4D4E-B2A4-720E58ABB20A}.Win8.1 Release|Any CPU.ActiveCfg = Release|Any CPU
		{B1EA6F7B-13E6-4D4E-B2A4-720E58ABB20A}.Win8.1 Release|Any CPU.Build.0 = Release|Any CPU
		{B1EA6F7B-13E6-4D4E-B2A4-720E58ABB20A}.Win8.1 Release|Mixed Platforms.ActiveCfg = Release|Any CPU
		{B1EA6F7B-13E6-4D4E-B2A4-720E58ABB20A}.Win8.1 Release|Mixed Platforms.Build.0 = Release|Any CPU
		{B1EA6F7B-13E6-4D4E-B2A4-720E58ABB20A}.Win8.1 Release|Win32.ActiveCfg = Release|Any CPU
		{B1EA6F7B-13E6-4D4E-B2A4-720E58ABB20A}.Win8.1 Release|x64.ActiveCfg = Release|Any CPU
		{97001F94-2EF3-4ED1-A228-F890514F53DC}.Debug|Any CPU.ActiveCfg = Debug|Any CPU
		{97001F94-2EF3-4ED1-A228-F890514F53DC}.Debug|Any CPU.Build.0 = Debug|Any CPU
		{97001F94-2EF3-4ED1-A228-F890514F53DC}.Debug|Mixed Platforms.ActiveCfg = Debug|Any CPU
		{97001F94-2EF3-4ED1-A228-F890514F53DC}.Debug|Mixed Platforms.Build.0 = Debug|Any CPU
		{97001F94-2EF3-4ED1-A228-F890514F53DC}.Debug|Win32.ActiveCfg = Debug|Any CPU
		{97001F94-2EF3-4ED1-A228-F890514F53DC}.Debug|x64.ActiveCfg = Debug|Any CPU
		{97001F94-2EF3-4ED1-A228-F890514F53DC}.Release|Any CPU.ActiveCfg = Release|Any CPU
		{97001F94-2EF3-4ED1-A228-F890514F53DC}.Release|Any CPU.Build.0 = Release|Any CPU
		{97001F94-2EF3-4ED1-A228-F890514F53DC}.Release|Mixed Platforms.ActiveCfg = Release|Any CPU
		{97001F94-2EF3-4ED1-A228-F890514F53DC}.Release|Mixed Platforms.Build.0 = Release|Any CPU
		{97001F94-2EF3-4ED1-A228-F890514F53DC}.Release|Win32.ActiveCfg = Release|Any CPU
		{97001F94-2EF3-4ED1-A228-F890514F53DC}.Release|x64.ActiveCfg = Release|Any CPU
		{97001F94-2EF3-4ED1-A228-F890514F53DC}.Win7 Debug|Any CPU.ActiveCfg = Debug|Any CPU
		{97001F94-2EF3-4ED1-A228-F890514F53DC}.Win7 Debug|Any CPU.Build.0 = Debug|Any CPU
		{97001F94-2EF3-4ED1-A228-F890514F53DC}.Win7 Debug|Mixed Platforms.ActiveCfg = Debug|Any CPU
		{97001F94-2EF3-4ED1-A228-F890514F53DC}.Win7 Debug|Mixed Platforms.Build.0 = Debug|Any CPU
		{97001F94-2EF3-4ED1-A228-F890514F53DC}.Win7 Debug|Win32.ActiveCfg = Debug|Any CPU
		{97001F94-2EF3-4ED1-A228-F890514F53DC}.Win7 Debug|x64.ActiveCfg = Debug|Any CPU
		{97001F94-2EF3-4ED1-A228-F890514F53DC}.Win7 Release|Any CPU.ActiveCfg = Release|Any CPU
		{97001F94-2EF3-4ED1-A228-F890514F53DC}.Win7 Release|Any CPU.Build.0 = Release|Any CPU
		{97001F94-2EF3-4ED1-A228-F890514F53DC}.Win7 Release|Mixed Platforms.ActiveCfg = Release|Any CPU
		{97001F94-2EF3-4ED1-A228-F890514F53DC}.Win7 Release|Mixed Platforms.Build.0 = Release|Any CPU
		{97001F94-2EF3-4ED1-A228-F890514F53DC}.Win7 Release|Win32.ActiveCfg = Release|Any CPU
		{97001F94-2EF3-4ED1-A228-F890514F53DC}.Win7 Release|x64.ActiveCfg = Release|Any CPU
		{97001F94-2EF3-4ED1-A228-F890514F53DC}.Win8 Debug|Any CPU.ActiveCfg = Debug|Any CPU
		{97001F94-2EF3-4ED1-A228-F890514F53DC}.Win8 Debug|Any CPU.Build.0 = Debug|Any CPU
		{97001F94-2EF3-4ED1-A228-F890514F53DC}.Win8 Debug|Mixed Platforms.ActiveCfg = Debug|Any CPU
		{97001F94-2EF3-4ED1-A228-F890514F53DC}.Win8 Debug|Mixed Platforms.Build.0 = Debug|Any CPU
		{97001F94-2EF3-4ED1-A228-F890514F53DC}.Win8 Debug|Win32.ActiveCfg = Debug|Any CPU
		{97001F94-2EF3-4ED1-A228-F890514F53DC}.Win8 Debug|x64.ActiveCfg = Debug|Any CPU
		{97001F94-2EF3-4ED1-A228-F890514F53DC}.Win8 Release|Any CPU.ActiveCfg = Release|Any CPU
		{97001F94-2EF3-4ED1-A228-F890514F53DC}.Win8 Release|Any CPU.Build.0 = Release|Any CPU
		{97001F94-2EF3-4ED1-A228-F890514F53DC}.Win8 Release|Mixed Platforms.ActiveCfg = Release|Any CPU
		{97001F94-2EF3-4ED1-A228-F890514F53DC}.Win8 Release|Mixed Platforms.Build.0 = Release|Any CPU
		{97001F94-2EF3-4ED1-A228-F890514F53DC}.Win8 Release|Win32.ActiveCfg = Release|Any CPU
		{97001F94-2EF3-4ED1-A228-F890514F53DC}.Win8 Release|x64.ActiveCfg = Release|Any CPU
		{97001F94-2EF3-4ED1-A228-F890514F53DC}.Win8.1 Debug|Any CPU.ActiveCfg = Debug|Any CPU
		{97001F94-2EF3-4ED1-A228-F890514F53DC}.Win8.1 Debug|Any CPU.Build.0 = Debug|Any CPU
		{97001F94-2EF3-4ED1-A228-F890514F53DC}.Win8.1 Debug|Mixed Platforms.ActiveCfg = Debug|Any CPU
		{97001F94-2EF3-4ED1-A228-F890514F53DC}.Win8.1 Debug|Mixed Platforms.Build.0 = Debug|Any CPU
		{97001F94-2EF3-4ED1-A228-F890514F53DC}.Win8.1 Debug|Win32.ActiveCfg = Debug|Any CPU
		{97001F94-2EF3-4ED1-A228-F890514F53DC}.Win8.1 Debug|x64.ActiveCfg = Debug|Any CPU
		{97001F94-2EF3-4ED1-A228-F890514F53DC}.Win8.1 Release|Any CPU.ActiveCfg = Release|Any CPU
		{97001F94-2EF3-4ED1-A228-F890514F53DC}.Win8.1 Release|Any CPU.Build.0 = Release|Any CPU
		{97001F94-2EF3-4ED1-A228-F890514F53DC}.Win8.1 Release|Mixed Platforms.ActiveCfg = Release|Any CPU
		{97001F94-2EF3-4ED1-A228-F890514F53DC}.Win8.1 Release|Mixed Platforms.Build.0 = Release|Any CPU
		{97001F94-2EF3-4ED1-A228-F890514F53DC}.Win8.1 Release|Win32.ActiveCfg = Release|Any CPU
		{97001F94-2EF3-4ED1-A228-F890514F53DC}.Win8.1 Release|x64.ActiveCfg = Release|Any CPU
		{F39679D5-160D-4334-B3C1-7A0C6B436D69}.Debug|Any CPU.ActiveCfg = Debug|Any CPU
		{F39679D5-160D-4334-B3C1-7A0C6B436D69}.Debug|Any CPU.Build.0 = Debug|Any CPU
		{F39679D5-160D-4334-B3C1-7A0C6B436D69}.Debug|Mixed Platforms.ActiveCfg = Debug|Any CPU
		{F39679D5-160D-4334-B3C1-7A0C6B436D69}.Debug|Mixed Platforms.Build.0 = Debug|Any CPU
		{F39679D5-160D-4334-B3C1-7A0C6B436D69}.Debug|Win32.ActiveCfg = Debug|Any CPU
		{F39679D5-160D-4334-B3C1-7A0C6B436D69}.Debug|x64.ActiveCfg = Debug|Any CPU
		{F39679D5-160D-4334-B3C1-7A0C6B436D69}.Release|Any CPU.ActiveCfg = Release|Any CPU
		{F39679D5-160D-4334-B3C1-7A0C6B436D69}.Release|Any CPU.Build.0 = Release|Any CPU
		{F39679D5-160D-4334-B3C1-7A0C6B436D69}.Release|Mixed Platforms.ActiveCfg = Release|Any CPU
		{F39679D5-160D-4334-B3C1-7A0C6B436D69}.Release|Mixed Platforms.Build.0 = Release|Any CPU
		{F39679D5-160D-4334-B3C1-7A0C6B436D69}.Release|Win32.ActiveCfg = Release|Any CPU
		{F39679D5-160D-4334-B3C1-7A0C6B436D69}.Release|x64.ActiveCfg = Release|Any CPU
		{F39679D5-160D-4334-B3C1-7A0C6B436D69}.Win7 Debug|Any CPU.ActiveCfg = Debug|Any CPU
		{F39679D5-160D-4334-B3C1-7A0C6B436D69}.Win7 Debug|Any CPU.Build.0 = Debug|Any CPU
		{F39679D5-160D-4334-B3C1-7A0C6B436D69}.Win7 Debug|Mixed Platforms.ActiveCfg = Debug|Any CPU
		{F39679D5-160D-4334-B3C1-7A0C6B436D69}.Win7 Debug|Mixed Platforms.Build.0 = Debug|Any CPU
		{F39679D5-160D-4334-B3C1-7A0C6B436D69}.Win7 Debug|Win32.ActiveCfg = Debug|Any CPU
		{F39679D5-160D-4334-B3C1-7A0C6B436D69}.Win7 Debug|x64.ActiveCfg = Debug|Any CPU
		{F39679D5-160D-4334-B3C1-7A0C6B436D69}.Win7 Release|Any CPU.ActiveCfg = Release|Any CPU
		{F39679D5-160D-4334-B3C1-7A0C6B436D69}.Win7 Release|Any CPU.Build.0 = Release|Any CPU
		{F39679D5-160D-4334-B3C1-7A0C6B436D69}.Win7 Release|Mixed Platforms.ActiveCfg = Release|Any CPU
		{F39679D5-160D-4334-B3C1-7A0C6B436D69}.Win7 Release|Mixed Platforms.Build.0 = Release|Any CPU
		{F39679D5-160D-4334-B3C1-7A0C6B436D69}.Win7 Release|Win32.ActiveCfg = Release|Any CPU
		{F39679D5-160D-4334-B3C1-7A0C6B436D69}.Win7 Release|x64.ActiveCfg = Release|Any CPU
		{F39679D5-160D-4334-B3C1-7A0C6B436D69}.Win8 Debug|Any CPU.ActiveCfg = Debug|Any CPU
		{F39679D5-160D-4334-B3C1-7A0C6B436D69}.Win8 Debug|Any CPU.Build.0 = Debug|Any CPU
		{F39679D5-160D-4334-B3C1-7A0C6B436D69}.Win8 Debug|Mixed Platforms.ActiveCfg = Debug|Any CPU
		{F39679D5-160D-4334-B3C1-7A0C6B436D69}.Win8 Debug|Mixed Platforms.Build.0 = Debug|Any CPU
		{F39679D5-160D-4334-B3C1-7A0C6B436D69}.Win8 Debug|Win32.ActiveCfg = Debug|Any CPU
		{F39679D5-160D-4334-B3C1-7A0C6B436D69}.Win8 Debug|x64.ActiveCfg = Debug|Any CPU
		{F39679D5-160D-4334-B3C1-7A0C6B436D69}.Win8 Release|Any CPU.ActiveCfg = Release|Any CPU
		{F39679D5-160D-4334-B3C1-7A0C6B436D69}.Win8 Release|Any CPU.Build.0 = Release|Any CPU
		{F39679D5-160D-4334-B3C1-7A0C6B436D69}.Win8 Release|Mixed Platforms.ActiveCfg = Release|Any CPU
		{F39679D5-160D-4334-B3C1-7A0C6B436D69}.Win8 Release|Mixed Platforms.Build.0 = Release|Any CPU
		{F39679D5-160D-4334-B3C1-7A0C6B436D69}.Win8 Release|Win32.ActiveCfg = Release|Any CPU
		{F39679D5-160D-4334-B3C1-7A0C6B436D69}.Win8 Release|x64.ActiveCfg = Release|Any CPU
		{F39679D5-160D-4334-B3C1-7A0C6B436D69}.Win8.1 Debug|Any CPU.ActiveCfg = Debug|Any CPU
		{F39679D5-160D-4334-B3C1-7A0C6B436D69}.Win8.1 Debug|Any CPU.Build.0 = Debug|Any CPU
		{F39679D5-160D-4334-B3C1-7A0C6B436D69}.Win8.1 Debug|Mixed Platforms.ActiveCfg = Debug|Any CPU
		{F39679D5-160D-4334-B3C1-7A0C6B436D69}.Win8.1 Debug|Mixed Platforms.Build.0 = Debug|Any CPU
		{F39679D5-160D-4334-B3C1-7A0C6B436D69}.Win8.1 Debug|Win32.ActiveCfg = Debug|Any CPU
		{F39679D5-160D-4334-B3C1-7A0C6B436D69}.Win8.1 Debug|x64.ActiveCfg = Debug|Any CPU
		{F39679D5-160D-4334-B3C1-7A0C6B436D69}.Win8.1 Release|Any CPU.ActiveCfg = Release|Any CPU
		{F39679D5-160D-4334-B3C1-7A0C6B436D69}.Win8.1 Release|Any CPU.Build.0 = Release|Any CPU
		{F39679D5-160D-4334-B3C1-7A0C6B436D69}.Win8.1 Release|Mixed Platforms.ActiveCfg = Release|Any CPU
		{F39679D5-160D-4334-B3C1-7A0C6B436D69}.Win8.1 Release|Mixed Platforms.Build.0 = Release|Any CPU
		{F39679D5-160D-4334-B3C1-7A0C6B436D69}.Win8.1 Release|Win32.ActiveCfg = Release|Any CPU
		{F39679D5-160D-4334-B3C1-7A0C6B436D69}.Win8.1 Release|x64.ActiveCfg = Release|Any CPU
		{4015B77B-14BB-4A14-B0CC-2147D38AED76}.Debug|Any CPU.ActiveCfg = Debug|Any CPU
		{4015B77B-14BB-4A14-B0CC-2147D38AED76}.Debug|Any CPU.Build.0 = Debug|Any CPU
		{4015B77B-14BB-4A14-B0CC-2147D38AED76}.Debug|Mixed Platforms.ActiveCfg = Debug|Any CPU
		{4015B77B-14BB-4A14-B0CC-2147D38AED76}.Debug|Mixed Platforms.Build.0 = Debug|Any CPU
		{4015B77B-14BB-4A14-B0CC-2147D38AED76}.Debug|Win32.ActiveCfg = Debug|Any CPU
		{4015B77B-14BB-4A14-B0CC-2147D38AED76}.Debug|x64.ActiveCfg = Debug|Any CPU
		{4015B77B-14BB-4A14-B0CC-2147D38AED76}.Release|Any CPU.ActiveCfg = Release|Any CPU
		{4015B77B-14BB-4A14-B0CC-2147D38AED76}.Release|Any CPU.Build.0 = Release|Any CPU
		{4015B77B-14BB-4A14-B0CC-2147D38AED76}.Release|Mixed Platforms.ActiveCfg = Release|Any CPU
		{4015B77B-14BB-4A14-B0CC-2147D38AED76}.Release|Mixed Platforms.Build.0 = Release|Any CPU
		{4015B77B-14BB-4A14-B0CC-2147D38AED76}.Release|Win32.ActiveCfg = Release|Any CPU
		{4015B77B-14BB-4A14-B0CC-2147D38AED76}.Release|x64.ActiveCfg = Release|Any CPU
		{4015B77B-14BB-4A14-B0CC-2147D38AED76}.Win7 Debug|Any CPU.ActiveCfg = Debug|Any CPU
		{4015B77B-14BB-4A14-B0CC-2147D38AED76}.Win7 Debug|Any CPU.Build.0 = Debug|Any CPU
		{4015B77B-14BB-4A14-B0CC-2147D38AED76}.Win7 Debug|Mixed Platforms.ActiveCfg = Debug|Any CPU
		{4015B77B-14BB-4A14-B0CC-2147D38AED76}.Win7 Debug|Mixed Platforms.Build.0 = Debug|Any CPU
		{4015B77B-14BB-4A14-B0CC-2147D38AED76}.Win7 Debug|Win32.ActiveCfg = Debug|Any CPU
		{4015B77B-14BB-4A14-B0CC-2147D38AED76}.Win7 Debug|x64.ActiveCfg = Debug|Any CPU
		{4015B77B-14BB-4A14-B0CC-2147D38AED76}.Win7 Release|Any CPU.ActiveCfg = Release|Any CPU
		{4015B77B-14BB-4A14-B0CC-2147D38AED76}.Win7 Release|Any CPU.Build.0 = Release|Any CPU
		{4015B77B-14BB-4A14-B0CC-2147D38AED76}.Win7 Release|Mixed Platforms.ActiveCfg = Release|Any CPU
		{4015B77B-14BB-4A14-B0CC-2147D38AED76}.Win7 Release|Mixed Platforms.Build.0 = Release|Any CPU
		{4015B77B-14BB-4A14-B0CC-2147D38AED76}.Win7 Release|Win32.ActiveCfg = Release|Any CPU
		{4015B77B-14BB-4A14-B0CC-2147D38AED76}.Win7 Release|x64.ActiveCfg = Release|Any CPU
		{4015B77B-14BB-4A14-B0CC-2147D38AED76}.Win8 Debug|Any CPU.ActiveCfg = Debug|Any CPU
		{4015B77B-14BB-4A14-B0CC-2147D38AED76}.Win8 Debug|Any CPU.Build.0 = Debug|Any CPU
		{4015B77B-14BB-4A14-B0CC-2147D38AED76}.Win8 Debug|Mixed Platforms.ActiveCfg = Debug|Any CPU
		{4015B77B-14BB-4A14-B0CC-2147D38AED76}.Win8 Debug|Mixed Platforms.Build.0 = Debug|Any CPU
		{4015B77B-14BB-4A14-B0CC-2147D38AED76}.Win8 Debug|Win32.ActiveCfg = Debug|Any CPU
		{4015B77B-14BB-4A14-B0CC-2147D38AED76}.Win8 Debug|x64.ActiveCfg = Debug|Any CPU
		{4015B77B-14BB-4A14-B0CC-2147D38AED76}.Win8 Release|Any CPU.ActiveCfg = Release|Any CPU
		{4015B77B-14BB-4A14-B0CC-2147D38AED76}.Win8 Release|Any CPU.Build.0 = Release|Any CPU
		{4015B77B-14BB-4A14-B0CC-2147D38AED76}.Win8 Release|Mixed Platforms.ActiveCfg = Release|Any CPU
		{4015B77B-14BB-4A14-B0CC-2147D38AED76}.Win8 Release|Mixed Platforms.Build.0 = Release|Any CPU
		{4015B77B-14BB-4A14-B0CC-2147D38AED76}.Win8 Release|Win32.ActiveCfg = Release|Any CPU
		{4015B77B-14BB-4A14-B0CC-2147D38AED76}.Win8 Release|x64.ActiveCfg = Release|Any CPU
		{4015B77B-14BB-4A14-B0CC-2147D38AED76}.Win8.1 Debug|Any CPU.ActiveCfg = Debug|Any CPU
		{4015B77B-14BB-4A14-B0CC-2147D38AED76}.Win8.1 Debug|Any CPU.Build.0 = Debug|Any CPU
		{4015B77B-14BB-4A14-B0CC-2147D38AED76}.Win8.1 Debug|Mixed Platforms.ActiveCfg = Debug|Any CPU
		{4015B77B-14BB-4A14-B0CC-2147D38AED76}.Win8.1 Debug|Mixed Platforms.Build.0 = Debug|Any CPU
		{4015B77B-14BB-4A14-B0CC-2147D38AED76}.Win8.1 Debug|Win32.ActiveCfg = Debug|Any CPU
		{4015B77B-14BB-4A14-B0CC-2147D38AED76}.Win8.1 Debug|x64.ActiveCfg = Debug|Any CPU
		{4015B77B-14BB-4A14-B0CC-2147D38AED76}.Win8.1 Release|Any CPU.ActiveCfg = Release|Any CPU
		{4015B77B-14BB-4A14-B0CC-2147D38AED76}.Win8.1 Release|Any CPU.Build.0 = Release|Any CPU
		{4015B77B-14BB-4A14-B0CC-2147D38AED76}.Win8.1 Release|Mixed Platforms.ActiveCfg = Release|Any CPU
		{4015B77B-14BB-4A14-B0CC-2147D38AED76}.Win8.1 Release|Mixed Platforms.Build.0 = Release|Any CPU
		{4015B77B-14BB-4A14-B0CC-2147D38AED76}.Win8.1 Release|Win32.ActiveCfg = Release|Any CPU
		{4015B77B-14BB-4A14-B0CC-2147D38AED76}.Win8.1 Release|x64.ActiveCfg = Release|Any CPU
		{68E454FA-ADFC-4745-9BE9-064093B84F1A}.Debug|Any CPU.ActiveCfg = Debug|Any CPU
		{68E454FA-ADFC-4745-9BE9-064093B84F1A}.Debug|Any CPU.Build.0 = Debug|Any CPU
		{68E454FA-ADFC-4745-9BE9-064093B84F1A}.Debug|Mixed Platforms.ActiveCfg = Debug|Any CPU
		{68E454FA-ADFC-4745-9BE9-064093B84F1A}.Debug|Mixed Platforms.Build.0 = Debug|Any CPU
		{68E454FA-ADFC-4745-9BE9-064093B84F1A}.Debug|Win32.ActiveCfg = Debug|Any CPU
		{68E454FA-ADFC-4745-9BE9-064093B84F1A}.Debug|x64.ActiveCfg = Debug|Any CPU
		{68E454FA-ADFC-4745-9BE9-064093B84F1A}.Release|Any CPU.ActiveCfg = Release|Any CPU
		{68E454FA-ADFC-4745-9BE9-064093B84F1A}.Release|Any CPU.Build.0 = Release|Any CPU
		{68E454FA-ADFC-4745-9BE9-064093B84F1A}.Release|Mixed Platforms.ActiveCfg = Release|Any CPU
		{68E454FA-ADFC-4745-9BE9-064093B84F1A}.Release|Mixed Platforms.Build.0 = Release|Any CPU
		{68E454FA-ADFC-4745-9BE9-064093B84F1A}.Release|Win32.ActiveCfg = Release|Any CPU
		{68E454FA-ADFC-4745-9BE9-064093B84F1A}.Release|x64.ActiveCfg = Release|Any CPU
		{68E454FA-ADFC-4745-9BE9-064093B84F1A}.Win7 Debug|Any CPU.ActiveCfg = Debug|Any CPU
		{68E454FA-ADFC-4745-9BE9-064093B84F1A}.Win7 Debug|Any CPU.Build.0 = Debug|Any CPU
		{68E454FA-ADFC-4745-9BE9-064093B84F1A}.Win7 Debug|Mixed Platforms.ActiveCfg = Debug|Any CPU
		{68E454FA-ADFC-4745-9BE9-064093B84F1A}.Win7 Debug|Mixed Platforms.Build.0 = Debug|Any CPU
		{68E454FA-ADFC-4745-9BE9-064093B84F1A}.Win7 Debug|Win32.ActiveCfg = Debug|Any CPU
		{68E454FA-ADFC-4745-9BE9-064093B84F1A}.Win7 Debug|x64.ActiveCfg = Debug|Any CPU
		{68E454FA-ADFC-4745-9BE9-064093B84F1A}.Win7 Release|Any CPU.ActiveCfg = Release|Any CPU
		{68E454FA-ADFC-4745-9BE9-064093B84F1A}.Win7 Release|Any CPU.Build.0 = Release|Any CPU
		{68E454FA-ADFC-4745-9BE9-064093B84F1A}.Win7 Release|Mixed Platforms.ActiveCfg = Release|Any CPU
		{68E454FA-ADFC-4745-9BE9-064093B84F1A}.Win7 Release|Mixed Platforms.Build.0 = Release|Any CPU
		{68E454FA-ADFC-4745-9BE9-064093B84F1A}.Win7 Release|Win32.ActiveCfg = Release|Any CPU
		{68E454FA-ADFC-4745-9BE9-064093B84F1A}.Win7 Release|x64.ActiveCfg = Release|Any CPU
		{68E454FA-ADFC-4745-9BE9-064093B84F1A}.Win8 Debug|Any CPU.ActiveCfg = Debug|Any CPU
		{68E454FA-ADFC-4745-9BE9-064093B84F1A}.Win8 Debug|Any CPU.Build.0 = Debug|Any CPU
		{68E454FA-ADFC-4745-9BE9-064093B84F1A}.Win8 Debug|Mixed Platforms.ActiveCfg = Debug|Any CPU
		{68E454FA-ADFC-4745-9BE9-064093B84F1A}.Win8 Debug|Mixed Platforms.Build.0 = Debug|Any CPU
		{68E454FA-ADFC-4745-9BE9-064093B84F1A}.Win8 Debug|Win32.ActiveCfg = Debug|Any CPU
		{68E454FA-ADFC-4745-9BE9-064093B84F1A}.Win8 Debug|x64.ActiveCfg = Debug|Any CPU
		{68E454FA-ADFC-4745-9BE9-064093B84F1A}.Win8 Release|Any CPU.ActiveCfg = Release|Any CPU
		{68E454FA-ADFC-4745-9BE9-064093B84F1A}.Win8 Release|Any CPU.Build.0 = Release|Any CPU
		{68E454FA-ADFC-4745-9BE9-064093B84F1A}.Win8 Release|Mixed Platforms.ActiveCfg = Release|Any CPU
		{68E454FA-ADFC-4745-9BE9-064093B84F1A}.Win8 Release|Mixed Platforms.Build.0 = Release|Any CPU
		{68E454FA-ADFC-4745-9BE9-064093B84F1A}.Win8 Release|Win32.ActiveCfg = Release|Any CPU
		{68E454FA-ADFC-4745-9BE9-064093B84F1A}.Win8 Release|x64.ActiveCfg = Release|Any CPU
		{68E454FA-ADFC-4745-9BE9-064093B84F1A}.Win8.1 Debug|Any CPU.ActiveCfg = Debug|Any CPU
		{68E454FA-ADFC-4745-9BE9-064093B84F1A}.Win8.1 Debug|Any CPU.Build.0 = Debug|Any CPU
		{68E454FA-ADFC-4745-9BE9-064093B84F1A}.Win8.1 Debug|Mixed Platforms.ActiveCfg = Debug|Any CPU
		{68E454FA-ADFC-4745-9BE9-064093B84F1A}.Win8.1 Debug|Mixed Platforms.Build.0 = Debug|Any CPU
		{68E454FA-ADFC-4745-9BE9-064093B84F1A}.Win8.1 Debug|Win32.ActiveCfg = Debug|Any CPU
		{68E454FA-ADFC-4745-9BE9-064093B84F1A}.Win8.1 Debug|x64.ActiveCfg = Debug|Any CPU
		{68E454FA-ADFC-4745-9BE9-064093B84F1A}.Win8.1 Release|Any CPU.ActiveCfg = Release|Any CPU
		{68E454FA-ADFC-4745-9BE9-064093B84F1A}.Win8.1 Release|Any CPU.Build.0 = Release|Any CPU
		{68E454FA-ADFC-4745-9BE9-064093B84F1A}.Win8.1 Release|Mixed Platforms.ActiveCfg = Release|Any CPU
		{68E454FA-ADFC-4745-9BE9-064093B84F1A}.Win8.1 Release|Mixed Platforms.Build.0 = Release|Any CPU
		{68E454FA-ADFC-4745-9BE9-064093B84F1A}.Win8.1 Release|Win32.ActiveCfg = Release|Any CPU
		{68E454FA-ADFC-4745-9BE9-064093B84F1A}.Win8.1 Release|x64.ActiveCfg = Release|Any CPU
		{7100AEBD-D938-4362-8EF8-CF5037958D6D}.Debug|Any CPU.ActiveCfg = Debug|Any CPU
		{7100AEBD-D938-4362-8EF8-CF5037958D6D}.Debug|Any CPU.Build.0 = Debug|Any CPU
		{7100AEBD-D938-4362-8EF8-CF5037958D6D}.Debug|Mixed Platforms.ActiveCfg = Debug|Any CPU
		{7100AEBD-D938-4362-8EF8-CF5037958D6D}.Debug|Mixed Platforms.Build.0 = Debug|Any CPU
		{7100AEBD-D938-4362-8EF8-CF5037958D6D}.Debug|Win32.ActiveCfg = Debug|Any CPU
		{7100AEBD-D938-4362-8EF8-CF5037958D6D}.Debug|x64.ActiveCfg = Debug|Any CPU
		{7100AEBD-D938-4362-8EF8-CF5037958D6D}.Release|Any CPU.ActiveCfg = Release|Any CPU
		{7100AEBD-D938-4362-8EF8-CF5037958D6D}.Release|Mixed Platforms.ActiveCfg = Release|Any CPU
		{7100AEBD-D938-4362-8EF8-CF5037958D6D}.Release|Mixed Platforms.Build.0 = Release|Any CPU
		{7100AEBD-D938-4362-8EF8-CF5037958D6D}.Release|Win32.ActiveCfg = Release|Any CPU
		{7100AEBD-D938-4362-8EF8-CF5037958D6D}.Release|x64.ActiveCfg = Release|Any CPU
		{7100AEBD-D938-4362-8EF8-CF5037958D6D}.Win7 Debug|Any CPU.ActiveCfg = Debug|Any CPU
		{7100AEBD-D938-4362-8EF8-CF5037958D6D}.Win7 Debug|Any CPU.Build.0 = Debug|Any CPU
		{7100AEBD-D938-4362-8EF8-CF5037958D6D}.Win7 Debug|Mixed Platforms.ActiveCfg = Debug|Any CPU
		{7100AEBD-D938-4362-8EF8-CF5037958D6D}.Win7 Debug|Mixed Platforms.Build.0 = Debug|Any CPU
		{7100AEBD-D938-4362-8EF8-CF5037958D6D}.Win7 Debug|Win32.ActiveCfg = Debug|Any CPU
		{7100AEBD-D938-4362-8EF8-CF5037958D6D}.Win7 Debug|x64.ActiveCfg = Debug|Any CPU
		{7100AEBD-D938-4362-8EF8-CF5037958D6D}.Win7 Release|Any CPU.ActiveCfg = Release|Any CPU
		{7100AEBD-D938-4362-8EF8-CF5037958D6D}.Win7 Release|Any CPU.Build.0 = Release|Any CPU
		{7100AEBD-D938-4362-8EF8-CF5037958D6D}.Win7 Release|Mixed Platforms.ActiveCfg = Release|Any CPU
		{7100AEBD-D938-4362-8EF8-CF5037958D6D}.Win7 Release|Mixed Platforms.Build.0 = Release|Any CPU
		{7100AEBD-D938-4362-8EF8-CF5037958D6D}.Win7 Release|Win32.ActiveCfg = Release|Any CPU
		{7100AEBD-D938-4362-8EF8-CF5037958D6D}.Win7 Release|x64.ActiveCfg = Release|Any CPU
		{7100AEBD-D938-4362-8EF8-CF5037958D6D}.Win8 Debug|Any CPU.ActiveCfg = Debug|Any CPU
		{7100AEBD-D938-4362-8EF8-CF5037958D6D}.Win8 Debug|Any CPU.Build.0 = Debug|Any CPU
		{7100AEBD-D938-4362-8EF8-CF5037958D6D}.Win8 Debug|Mixed Platforms.ActiveCfg = Debug|Any CPU
		{7100AEBD-D938-4362-8EF8-CF5037958D6D}.Win8 Debug|Mixed Platforms.Build.0 = Debug|Any CPU
		{7100AEBD-D938-4362-8EF8-CF5037958D6D}.Win8 Debug|Win32.ActiveCfg = Debug|Any CPU
		{7100AEBD-D938-4362-8EF8-CF5037958D6D}.Win8 Debug|x64.ActiveCfg = Debug|Any CPU
		{7100AEBD-D938-4362-8EF8-CF5037958D6D}.Win8 Release|Any CPU.ActiveCfg = Release|Any CPU
		{7100AEBD-D938-4362-8EF8-CF5037958D6D}.Win8 Release|Any CPU.Build.0 = Release|Any CPU
		{7100AEBD-D938-4362-8EF8-CF5037958D6D}.Win8 Release|Mixed Platforms.ActiveCfg = Release|Any CPU
		{7100AEBD-D938-4362-8EF8-CF5037958D6D}.Win8 Release|Mixed Platforms.Build.0 = Release|Any CPU
		{7100AEBD-D938-4362-8EF8-CF5037958D6D}.Win8 Release|Win32.ActiveCfg = Release|Any CPU
		{7100AEBD-D938-4362-8EF8-CF5037958D6D}.Win8 Release|x64.ActiveCfg = Release|Any CPU
		{7100AEBD-D938-4362-8EF8-CF5037958D6D}.Win8.1 Debug|Any CPU.ActiveCfg = Debug|Any CPU
		{7100AEBD-D938-4362-8EF8-CF5037958D6D}.Win8.1 Debug|Any CPU.Build.0 = Debug|Any CPU
		{7100AEBD-D938-4362-8EF8-CF5037958D6D}.Win8.1 Debug|Mixed Platforms.ActiveCfg = Debug|Any CPU
		{7100AEBD-D938-4362-8EF8-CF5037958D6D}.Win8.1 Debug|Mixed Platforms.Build.0 = Debug|Any CPU
		{7100AEBD-D938-4362-8EF8-CF5037958D6D}.Win8.1 Debug|Win32.ActiveCfg = Debug|Any CPU
		{7100AEBD-D938-4362-8EF8-CF5037958D6D}.Win8.1 Debug|x64.ActiveCfg = Debug|Any CPU
		{7100AEBD-D938-4362-8EF8-CF5037958D6D}.Win8.1 Release|Any CPU.ActiveCfg = Release|Any CPU
		{7100AEBD-D938-4362-8EF8-CF5037958D6D}.Win8.1 Release|Any CPU.Build.0 = Release|Any CPU
		{7100AEBD-D938-4362-8EF8-CF5037958D6D}.Win8.1 Release|Mixed Platforms.ActiveCfg = Release|Any CPU
		{7100AEBD-D938-4362-8EF8-CF5037958D6D}.Win8.1 Release|Mixed Platforms.Build.0 = Release|Any CPU
		{7100AEBD-D938-4362-8EF8-CF5037958D6D}.Win8.1 Release|Win32.ActiveCfg = Release|Any CPU
		{7100AEBD-D938-4362-8EF8-CF5037958D6D}.Win8.1 Release|x64.ActiveCfg = Release|Any CPU
		{876BAF11-8720-4F44-BE81-9FB967D609E9}.Debug|Any CPU.ActiveCfg = Debug|x86
		{876BAF11-8720-4F44-BE81-9FB967D609E9}.Debug|Any CPU.Build.0 = Debug|x86
		{876BAF11-8720-4F44-BE81-9FB967D609E9}.Debug|Mixed Platforms.ActiveCfg = Debug|x86
		{876BAF11-8720-4F44-BE81-9FB967D609E9}.Debug|Mixed Platforms.Build.0 = Debug|x86
		{876BAF11-8720-4F44-BE81-9FB967D609E9}.Debug|Win32.ActiveCfg = Debug|x86
		{876BAF11-8720-4F44-BE81-9FB967D609E9}.Debug|Win32.Build.0 = Debug|x86
		{876BAF11-8720-4F44-BE81-9FB967D609E9}.Debug|x64.ActiveCfg = Debug|x64
		{876BAF11-8720-4F44-BE81-9FB967D609E9}.Debug|x64.Build.0 = Debug|x64
		{876BAF11-8720-4F44-BE81-9FB967D609E9}.Release|Any CPU.ActiveCfg = Release|x86
		{876BAF11-8720-4F44-BE81-9FB967D609E9}.Release|Any CPU.Build.0 = Release|x86
		{876BAF11-8720-4F44-BE81-9FB967D609E9}.Release|Mixed Platforms.ActiveCfg = Release|x86
		{876BAF11-8720-4F44-BE81-9FB967D609E9}.Release|Mixed Platforms.Build.0 = Release|x86
		{876BAF11-8720-4F44-BE81-9FB967D609E9}.Release|Win32.ActiveCfg = Release|x86
		{876BAF11-8720-4F44-BE81-9FB967D609E9}.Release|Win32.Build.0 = Release|x86
		{876BAF11-8720-4F44-BE81-9FB967D609E9}.Release|x64.ActiveCfg = Release|x64
		{876BAF11-8720-4F44-BE81-9FB967D609E9}.Release|x64.Build.0 = Release|x64
		{876BAF11-8720-4F44-BE81-9FB967D609E9}.Win7 Debug|Any CPU.ActiveCfg = Debug|Any CPU
		{876BAF11-8720-4F44-BE81-9FB967D609E9}.Win7 Debug|Any CPU.Build.0 = Debug|Any CPU
		{876BAF11-8720-4F44-BE81-9FB967D609E9}.Win7 Debug|Mixed Platforms.ActiveCfg = Debug|x86
		{876BAF11-8720-4F44-BE81-9FB967D609E9}.Win7 Debug|Mixed Platforms.Build.0 = Debug|x86
		{876BAF11-8720-4F44-BE81-9FB967D609E9}.Win7 Debug|Win32.ActiveCfg = Debug|x86
		{876BAF11-8720-4F44-BE81-9FB967D609E9}.Win7 Debug|Win32.Build.0 = Debug|x86
		{876BAF11-8720-4F44-BE81-9FB967D609E9}.Win7 Debug|x64.ActiveCfg = Debug|Any CPU
		{876BAF11-8720-4F44-BE81-9FB967D609E9}.Win7 Release|Any CPU.ActiveCfg = Release|Any CPU
		{876BAF11-8720-4F44-BE81-9FB967D609E9}.Win7 Release|Any CPU.Build.0 = Release|Any CPU
		{876BAF11-8720-4F44-BE81-9FB967D609E9}.Win7 Release|Mixed Platforms.ActiveCfg = Release|x86
		{876BAF11-8720-4F44-BE81-9FB967D609E9}.Win7 Release|Mixed Platforms.Build.0 = Release|x86
		{876BAF11-8720-4F44-BE81-9FB967D609E9}.Win7 Release|Win32.ActiveCfg = Release|x86
		{876BAF11-8720-4F44-BE81-9FB967D609E9}.Win7 Release|Win32.Build.0 = Release|x86
		{876BAF11-8720-4F44-BE81-9FB967D609E9}.Win7 Release|x64.ActiveCfg = Release|Any CPU
		{876BAF11-8720-4F44-BE81-9FB967D609E9}.Win8 Debug|Any CPU.ActiveCfg = Debug|Any CPU
		{876BAF11-8720-4F44-BE81-9FB967D609E9}.Win8 Debug|Any CPU.Build.0 = Debug|Any CPU
		{876BAF11-8720-4F44-BE81-9FB967D609E9}.Win8 Debug|Mixed Platforms.ActiveCfg = Debug|x86
		{876BAF11-8720-4F44-BE81-9FB967D609E9}.Win8 Debug|Mixed Platforms.Build.0 = Debug|x86
		{876BAF11-8720-4F44-BE81-9FB967D609E9}.Win8 Debug|Win32.ActiveCfg = Debug|x86
		{876BAF11-8720-4F44-BE81-9FB967D609E9}.Win8 Debug|Win32.Build.0 = Debug|x86
		{876BAF11-8720-4F44-BE81-9FB967D609E9}.Win8 Debug|x64.ActiveCfg = Debug|Any CPU
		{876BAF11-8720-4F44-BE81-9FB967D609E9}.Win8 Release|Any CPU.ActiveCfg = Release|Any CPU
		{876BAF11-8720-4F44-BE81-9FB967D609E9}.Win8 Release|Any CPU.Build.0 = Release|Any CPU
		{876BAF11-8720-4F44-BE81-9FB967D609E9}.Win8 Release|Mixed Platforms.ActiveCfg = Release|x86
		{876BAF11-8720-4F44-BE81-9FB967D609E9}.Win8 Release|Mixed Platforms.Build.0 = Release|x86
		{876BAF11-8720-4F44-BE81-9FB967D609E9}.Win8 Release|Win32.ActiveCfg = Release|x86
		{876BAF11-8720-4F44-BE81-9FB967D609E9}.Win8 Release|Win32.Build.0 = Release|x86
		{876BAF11-8720-4F44-BE81-9FB967D609E9}.Win8 Release|x64.ActiveCfg = Release|Any CPU
		{876BAF11-8720-4F44-BE81-9FB967D609E9}.Win8.1 Debug|Any CPU.ActiveCfg = Debug|Any CPU
		{876BAF11-8720-4F44-BE81-9FB967D609E9}.Win8.1 Debug|Any CPU.Build.0 = Debug|Any CPU
		{876BAF11-8720-4F44-BE81-9FB967D609E9}.Win8.1 Debug|Mixed Platforms.ActiveCfg = Debug|x86
		{876BAF11-8720-4F44-BE81-9FB967D609E9}.Win8.1 Debug|Mixed Platforms.Build.0 = Debug|x86
		{876BAF11-8720-4F44-BE81-9FB967D609E9}.Win8.1 Debug|Win32.ActiveCfg = Debug|x86
		{876BAF11-8720-4F44-BE81-9FB967D609E9}.Win8.1 Debug|Win32.Build.0 = Debug|x86
		{876BAF11-8720-4F44-BE81-9FB967D609E9}.Win8.1 Debug|x64.ActiveCfg = Debug|Any CPU
		{876BAF11-8720-4F44-BE81-9FB967D609E9}.Win8.1 Release|Any CPU.ActiveCfg = Release|Any CPU
		{876BAF11-8720-4F44-BE81-9FB967D609E9}.Win8.1 Release|Any CPU.Build.0 = Release|Any CPU
		{876BAF11-8720-4F44-BE81-9FB967D609E9}.Win8.1 Release|Mixed Platforms.ActiveCfg = Release|x86
		{876BAF11-8720-4F44-BE81-9FB967D609E9}.Win8.1 Release|Mixed Platforms.Build.0 = Release|x86
		{876BAF11-8720-4F44-BE81-9FB967D609E9}.Win8.1 Release|Win32.ActiveCfg = Release|x86
		{876BAF11-8720-4F44-BE81-9FB967D609E9}.Win8.1 Release|Win32.Build.0 = Release|x86
		{876BAF11-8720-4F44-BE81-9FB967D609E9}.Win8.1 Release|x64.ActiveCfg = Release|Any CPU
		{DCC3A7CD-B7F3-42F0-B1AB-C55AD82C4593}.Debug|Any CPU.ActiveCfg = Debug|Any CPU
		{DCC3A7CD-B7F3-42F0-B1AB-C55AD82C4593}.Debug|Any CPU.Build.0 = Debug|Any CPU
		{DCC3A7CD-B7F3-42F0-B1AB-C55AD82C4593}.Debug|Mixed Platforms.ActiveCfg = Debug|Any CPU
		{DCC3A7CD-B7F3-42F0-B1AB-C55AD82C4593}.Debug|Mixed Platforms.Build.0 = Debug|Any CPU
		{DCC3A7CD-B7F3-42F0-B1AB-C55AD82C4593}.Debug|Win32.ActiveCfg = Debug|Any CPU
		{DCC3A7CD-B7F3-42F0-B1AB-C55AD82C4593}.Debug|x64.ActiveCfg = Debug|Any CPU
		{DCC3A7CD-B7F3-42F0-B1AB-C55AD82C4593}.Release|Any CPU.ActiveCfg = Release|Any CPU
		{DCC3A7CD-B7F3-42F0-B1AB-C55AD82C4593}.Release|Any CPU.Build.0 = Release|Any CPU
		{DCC3A7CD-B7F3-42F0-B1AB-C55AD82C4593}.Release|Mixed Platforms.ActiveCfg = Release|Any CPU
		{DCC3A7CD-B7F3-42F0-B1AB-C55AD82C4593}.Release|Mixed Platforms.Build.0 = Release|Any CPU
		{DCC3A7CD-B7F3-42F0-B1AB-C55AD82C4593}.Release|Win32.ActiveCfg = Release|Any CPU
		{DCC3A7CD-B7F3-42F0-B1AB-C55AD82C4593}.Release|x64.ActiveCfg = Release|Any CPU
		{DCC3A7CD-B7F3-42F0-B1AB-C55AD82C4593}.Release|x64.Build.0 = Release|Any CPU
		{DCC3A7CD-B7F3-42F0-B1AB-C55AD82C4593}.Win7 Debug|Any CPU.ActiveCfg = Debug|Any CPU
		{DCC3A7CD-B7F3-42F0-B1AB-C55AD82C4593}.Win7 Debug|Any CPU.Build.0 = Debug|Any CPU
		{DCC3A7CD-B7F3-42F0-B1AB-C55AD82C4593}.Win7 Debug|Mixed Platforms.ActiveCfg = Debug|Any CPU
		{DCC3A7CD-B7F3-42F0-B1AB-C55AD82C4593}.Win7 Debug|Mixed Platforms.Build.0 = Debug|Any CPU
		{DCC3A7CD-B7F3-42F0-B1AB-C55AD82C4593}.Win7 Debug|Win32.ActiveCfg = Debug|Any CPU
		{DCC3A7CD-B7F3-42F0-B1AB-C55AD82C4593}.Win7 Debug|x64.ActiveCfg = Debug|Any CPU
		{DCC3A7CD-B7F3-42F0-B1AB-C55AD82C4593}.Win7 Release|Any CPU.ActiveCfg = Release|Any CPU
		{DCC3A7CD-B7F3-42F0-B1AB-C55AD82C4593}.Win7 Release|Any CPU.Build.0 = Release|Any CPU
		{DCC3A7CD-B7F3-42F0-B1AB-C55AD82C4593}.Win7 Release|Mixed Platforms.ActiveCfg = Release|Any CPU
		{DCC3A7CD-B7F3-42F0-B1AB-C55AD82C4593}.Win7 Release|Mixed Platforms.Build.0 = Release|Any CPU
		{DCC3A7CD-B7F3-42F0-B1AB-C55AD82C4593}.Win7 Release|Win32.ActiveCfg = Release|Any CPU
		{DCC3A7CD-B7F3-42F0-B1AB-C55AD82C4593}.Win7 Release|x64.ActiveCfg = Release|Any CPU
		{DCC3A7CD-B7F3-42F0-B1AB-C55AD82C4593}.Win8 Debug|Any CPU.ActiveCfg = Debug|Any CPU
		{DCC3A7CD-B7F3-42F0-B1AB-C55AD82C4593}.Win8 Debug|Any CPU.Build.0 = Debug|Any CPU
		{DCC3A7CD-B7F3-42F0-B1AB-C55AD82C4593}.Win8 Debug|Mixed Platforms.ActiveCfg = Debug|Any CPU
		{DCC3A7CD-B7F3-42F0-B1AB-C55AD82C4593}.Win8 Debug|Mixed Platforms.Build.0 = Debug|Any CPU
		{DCC3A7CD-B7F3-42F0-B1AB-C55AD82C4593}.Win8 Debug|Win32.ActiveCfg = Debug|Any CPU
		{DCC3A7CD-B7F3-42F0-B1AB-C55AD82C4593}.Win8 Debug|x64.ActiveCfg = Debug|Any CPU
		{DCC3A7CD-B7F3-42F0-B1AB-C55AD82C4593}.Win8 Release|Any CPU.ActiveCfg = Release|Any CPU
		{DCC3A7CD-B7F3-42F0-B1AB-C55AD82C4593}.Win8 Release|Any CPU.Build.0 = Release|Any CPU
		{DCC3A7CD-B7F3-42F0-B1AB-C55AD82C4593}.Win8 Release|Mixed Platforms.ActiveCfg = Release|Any CPU
		{DCC3A7CD-B7F3-42F0-B1AB-C55AD82C4593}.Win8 Release|Mixed Platforms.Build.0 = Release|Any CPU
		{DCC3A7CD-B7F3-42F0-B1AB-C55AD82C4593}.Win8 Release|Win32.ActiveCfg = Release|Any CPU
		{DCC3A7CD-B7F3-42F0-B1AB-C55AD82C4593}.Win8 Release|x64.ActiveCfg = Release|Any CPU
		{DCC3A7CD-B7F3-42F0-B1AB-C55AD82C4593}.Win8.1 Debug|Any CPU.ActiveCfg = Debug|Any CPU
		{DCC3A7CD-B7F3-42F0-B1AB-C55AD82C4593}.Win8.1 Debug|Any CPU.Build.0 = Debug|Any CPU
		{DCC3A7CD-B7F3-42F0-B1AB-C55AD82C4593}.Win8.1 Debug|Mixed Platforms.ActiveCfg = Debug|Any CPU
		{DCC3A7CD-B7F3-42F0-B1AB-C55AD82C4593}.Win8.1 Debug|Mixed Platforms.Build.0 = Debug|Any CPU
		{DCC3A7CD-B7F3-42F0-B1AB-C55AD82C4593}.Win8.1 Debug|Win32.ActiveCfg = Debug|Any CPU
		{DCC3A7CD-B7F3-42F0-B1AB-C55AD82C4593}.Win8.1 Debug|x64.ActiveCfg = Debug|Any CPU
		{DCC3A7CD-B7F3-42F0-B1AB-C55AD82C4593}.Win8.1 Release|Any CPU.ActiveCfg = Release|Any CPU
		{DCC3A7CD-B7F3-42F0-B1AB-C55AD82C4593}.Win8.1 Release|Any CPU.Build.0 = Release|Any CPU
		{DCC3A7CD-B7F3-42F0-B1AB-C55AD82C4593}.Win8.1 Release|Mixed Platforms.ActiveCfg = Release|Any CPU
		{DCC3A7CD-B7F3-42F0-B1AB-C55AD82C4593}.Win8.1 Release|Mixed Platforms.Build.0 = Release|Any CPU
		{DCC3A7CD-B7F3-42F0-B1AB-C55AD82C4593}.Win8.1 Release|Win32.ActiveCfg = Release|Any CPU
		{DCC3A7CD-B7F3-42F0-B1AB-C55AD82C4593}.Win8.1 Release|x64.ActiveCfg = Release|Any CPU
		{B0ECF67D-57A3-4C06-805E-C9264DF0A8B6}.Debug|Any CPU.ActiveCfg = Debug|Any CPU
		{B0ECF67D-57A3-4C06-805E-C9264DF0A8B6}.Debug|Any CPU.Build.0 = Debug|Any CPU
		{B0ECF67D-57A3-4C06-805E-C9264DF0A8B6}.Debug|Mixed Platforms.ActiveCfg = Debug|Any CPU
		{B0ECF67D-57A3-4C06-805E-C9264DF0A8B6}.Debug|Mixed Platforms.Build.0 = Debug|Any CPU
		{B0ECF67D-57A3-4C06-805E-C9264DF0A8B6}.Debug|Win32.ActiveCfg = Debug|Any CPU
		{B0ECF67D-57A3-4C06-805E-C9264DF0A8B6}.Debug|x64.ActiveCfg = Debug|Any CPU
		{B0ECF67D-57A3-4C06-805E-C9264DF0A8B6}.Release|Any CPU.ActiveCfg = Release|Any CPU
		{B0ECF67D-57A3-4C06-805E-C9264DF0A8B6}.Release|Any CPU.Build.0 = Release|Any CPU
		{B0ECF67D-57A3-4C06-805E-C9264DF0A8B6}.Release|Mixed Platforms.ActiveCfg = Release|Any CPU
		{B0ECF67D-57A3-4C06-805E-C9264DF0A8B6}.Release|Mixed Platforms.Build.0 = Release|Any CPU
		{B0ECF67D-57A3-4C06-805E-C9264DF0A8B6}.Release|Win32.ActiveCfg = Release|Any CPU
		{B0ECF67D-57A3-4C06-805E-C9264DF0A8B6}.Release|x64.ActiveCfg = Release|Any CPU
		{B0ECF67D-57A3-4C06-805E-C9264DF0A8B6}.Win7 Debug|Any CPU.ActiveCfg = Debug|Any CPU
		{B0ECF67D-57A3-4C06-805E-C9264DF0A8B6}.Win7 Debug|Any CPU.Build.0 = Debug|Any CPU
		{B0ECF67D-57A3-4C06-805E-C9264DF0A8B6}.Win7 Debug|Mixed Platforms.ActiveCfg = Debug|Any CPU
		{B0ECF67D-57A3-4C06-805E-C9264DF0A8B6}.Win7 Debug|Mixed Platforms.Build.0 = Debug|Any CPU
		{B0ECF67D-57A3-4C06-805E-C9264DF0A8B6}.Win7 Debug|Win32.ActiveCfg = Debug|Any CPU
		{B0ECF67D-57A3-4C06-805E-C9264DF0A8B6}.Win7 Debug|x64.ActiveCfg = Debug|Any CPU
		{B0ECF67D-57A3-4C06-805E-C9264DF0A8B6}.Win7 Release|Any CPU.ActiveCfg = Release|Any CPU
		{B0ECF67D-57A3-4C06-805E-C9264DF0A8B6}.Win7 Release|Any CPU.Build.0 = Release|Any CPU
		{B0ECF67D-57A3-4C06-805E-C9264DF0A8B6}.Win7 Release|Mixed Platforms.ActiveCfg = Release|Any CPU
		{B0ECF67D-57A3-4C06-805E-C9264DF0A8B6}.Win7 Release|Mixed Platforms.Build.0 = Release|Any CPU
		{B0ECF67D-57A3-4C06-805E-C9264DF0A8B6}.Win7 Release|Win32.ActiveCfg = Release|Any CPU
		{B0ECF67D-57A3-4C06-805E-C9264DF0A8B6}.Win7 Release|x64.ActiveCfg = Release|Any CPU
		{B0ECF67D-57A3-4C06-805E-C9264DF0A8B6}.Win8 Debug|Any CPU.ActiveCfg = Debug|Any CPU
		{B0ECF67D-57A3-4C06-805E-C9264DF0A8B6}.Win8 Debug|Any CPU.Build.0 = Debug|Any CPU
		{B0ECF67D-57A3-4C06-805E-C9264DF0A8B6}.Win8 Debug|Mixed Platforms.ActiveCfg = Debug|Any CPU
		{B0ECF67D-57A3-4C06-805E-C9264DF0A8B6}.Win8 Debug|Mixed Platforms.Build.0 = Debug|Any CPU
		{B0ECF67D-57A3-4C06-805E-C9264DF0A8B6}.Win8 Debug|Win32.ActiveCfg = Debug|Any CPU
		{B0ECF67D-57A3-4C06-805E-C9264DF0A8B6}.Win8 Debug|x64.ActiveCfg = Debug|Any CPU
		{B0ECF67D-57A3-4C06-805E-C9264DF0A8B6}.Win8 Release|Any CPU.ActiveCfg = Release|Any CPU
		{B0ECF67D-57A3-4C06-805E-C9264DF0A8B6}.Win8 Release|Any CPU.Build.0 = Release|Any CPU
		{B0ECF67D-57A3-4C06-805E-C9264DF0A8B6}.Win8 Release|Mixed Platforms.ActiveCfg = Release|Any CPU
		{B0ECF67D-57A3-4C06-805E-C9264DF0A8B6}.Win8 Release|Mixed Platforms.Build.0 = Release|Any CPU
		{B0ECF67D-57A3-4C06-805E-C9264DF0A8B6}.Win8 Release|Win32.ActiveCfg = Release|Any CPU
		{B0ECF67D-57A3-4C06-805E-C9264DF0A8B6}.Win8 Release|x64.ActiveCfg = Release|Any CPU
		{B0ECF67D-57A3-4C06-805E-C9264DF0A8B6}.Win8.1 Debug|Any CPU.ActiveCfg = Debug|Any CPU
		{B0ECF67D-57A3-4C06-805E-C9264DF0A8B6}.Win8.1 Debug|Any CPU.Build.0 = Debug|Any CPU
		{B0ECF67D-57A3-4C06-805E-C9264DF0A8B6}.Win8.1 Debug|Mixed Platforms.ActiveCfg = Debug|Any CPU
		{B0ECF67D-57A3-4C06-805E-C9264DF0A8B6}.Win8.1 Debug|Mixed Platforms.Build.0 = Debug|Any CPU
		{B0ECF67D-57A3-4C06-805E-C9264DF0A8B6}.Win8.1 Debug|Win32.ActiveCfg = Debug|Any CPU
		{B0ECF67D-57A3-4C06-805E-C9264DF0A8B6}.Win8.1 Debug|x64.ActiveCfg = Debug|Any CPU
		{B0ECF67D-57A3-4C06-805E-C9264DF0A8B6}.Win8.1 Release|Any CPU.ActiveCfg = Release|Any CPU
		{B0ECF67D-57A3-4C06-805E-C9264DF0A8B6}.Win8.1 Release|Any CPU.Build.0 = Release|Any CPU
		{B0ECF67D-57A3-4C06-805E-C9264DF0A8B6}.Win8.1 Release|Mixed Platforms.ActiveCfg = Release|Any CPU
		{B0ECF67D-57A3-4C06-805E-C9264DF0A8B6}.Win8.1 Release|Mixed Platforms.Build.0 = Release|Any CPU
		{B0ECF67D-57A3-4C06-805E-C9264DF0A8B6}.Win8.1 Release|Win32.ActiveCfg = Release|Any CPU
		{B0ECF67D-57A3-4C06-805E-C9264DF0A8B6}.Win8.1 Release|x64.ActiveCfg = Release|Any CPU
		{B65D0305-1E3E-4185-91F0-613C40D5CF7D}.Debug|Any CPU.ActiveCfg = Debug|Any CPU
		{B65D0305-1E3E-4185-91F0-613C40D5CF7D}.Debug|Any CPU.Build.0 = Debug|Any CPU
		{B65D0305-1E3E-4185-91F0-613C40D5CF7D}.Debug|Mixed Platforms.ActiveCfg = Debug|Any CPU
		{B65D0305-1E3E-4185-91F0-613C40D5CF7D}.Debug|Mixed Platforms.Build.0 = Debug|Any CPU
		{B65D0305-1E3E-4185-91F0-613C40D5CF7D}.Debug|Win32.ActiveCfg = Debug|Any CPU
		{B65D0305-1E3E-4185-91F0-613C40D5CF7D}.Debug|x64.ActiveCfg = Debug|Any CPU
		{B65D0305-1E3E-4185-91F0-613C40D5CF7D}.Release|Any CPU.ActiveCfg = Release|Any CPU
		{B65D0305-1E3E-4185-91F0-613C40D5CF7D}.Release|Any CPU.Build.0 = Release|Any CPU
		{B65D0305-1E3E-4185-91F0-613C40D5CF7D}.Release|Mixed Platforms.ActiveCfg = Release|Any CPU
		{B65D0305-1E3E-4185-91F0-613C40D5CF7D}.Release|Mixed Platforms.Build.0 = Release|Any CPU
		{B65D0305-1E3E-4185-91F0-613C40D5CF7D}.Release|Win32.ActiveCfg = Release|Any CPU
		{B65D0305-1E3E-4185-91F0-613C40D5CF7D}.Release|x64.ActiveCfg = Release|Any CPU
		{B65D0305-1E3E-4185-91F0-613C40D5CF7D}.Win7 Debug|Any CPU.ActiveCfg = Debug|Any CPU
		{B65D0305-1E3E-4185-91F0-613C40D5CF7D}.Win7 Debug|Any CPU.Build.0 = Debug|Any CPU
		{B65D0305-1E3E-4185-91F0-613C40D5CF7D}.Win7 Debug|Mixed Platforms.ActiveCfg = Debug|Any CPU
		{B65D0305-1E3E-4185-91F0-613C40D5CF7D}.Win7 Debug|Mixed Platforms.Build.0 = Debug|Any CPU
		{B65D0305-1E3E-4185-91F0-613C40D5CF7D}.Win7 Debug|Win32.ActiveCfg = Debug|Any CPU
		{B65D0305-1E3E-4185-91F0-613C40D5CF7D}.Win7 Debug|x64.ActiveCfg = Debug|Any CPU
		{B65D0305-1E3E-4185-91F0-613C40D5CF7D}.Win7 Release|Any CPU.ActiveCfg = Release|Any CPU
		{B65D0305-1E3E-4185-91F0-613C40D5CF7D}.Win7 Release|Any CPU.Build.0 = Release|Any CPU
		{B65D0305-1E3E-4185-91F0-613C40D5CF7D}.Win7 Release|Mixed Platforms.ActiveCfg = Release|Any CPU
		{B65D0305-1E3E-4185-91F0-613C40D5CF7D}.Win7 Release|Mixed Platforms.Build.0 = Release|Any CPU
		{B65D0305-1E3E-4185-91F0-613C40D5CF7D}.Win7 Release|Win32.ActiveCfg = Release|Any CPU
		{B65D0305-1E3E-4185-91F0-613C40D5CF7D}.Win7 Release|x64.ActiveCfg = Release|Any CPU
		{B65D0305-1E3E-4185-91F0-613C40D5CF7D}.Win8 Debug|Any CPU.ActiveCfg = Debug|Any CPU
		{B65D0305-1E3E-4185-91F0-613C40D5CF7D}.Win8 Debug|Any CPU.Build.0 = Debug|Any CPU
		{B65D0305-1E3E-4185-91F0-613C40D5CF7D}.Win8 Debug|Mixed Platforms.ActiveCfg = Debug|Any CPU
		{B65D0305-1E3E-4185-91F0-613C40D5CF7D}.Win8 Debug|Mixed Platforms.Build.0 = Debug|Any CPU
		{B65D0305-1E3E-4185-91F0-613C40D5CF7D}.Win8 Debug|Win32.ActiveCfg = Debug|Any CPU
		{B65D0305-1E3E-4185-91F0-613C40D5CF7D}.Win8 Debug|x64.ActiveCfg = Debug|Any CPU
		{B65D0305-1E3E-4185-91F0-613C40D5CF7D}.Win8 Release|Any CPU.ActiveCfg = Release|Any CPU
		{B65D0305-1E3E-4185-91F0-613C40D5CF7D}.Win8 Release|Any CPU.Build.0 = Release|Any CPU
		{B65D0305-1E3E-4185-91F0-613C40D5CF7D}.Win8 Release|Mixed Platforms.ActiveCfg = Release|Any CPU
		{B65D0305-1E3E-4185-91F0-613C40D5CF7D}.Win8 Release|Mixed Platforms.Build.0 = Release|Any CPU
		{B65D0305-1E3E-4185-91F0-613C40D5CF7D}.Win8 Release|Win32.ActiveCfg = Release|Any CPU
		{B65D0305-1E3E-4185-91F0-613C40D5CF7D}.Win8 Release|x64.ActiveCfg = Release|Any CPU
		{B65D0305-1E3E-4185-91F0-613C40D5CF7D}.Win8.1 Debug|Any CPU.ActiveCfg = Debug|Any CPU
		{B65D0305-1E3E-4185-91F0-613C40D5CF7D}.Win8.1 Debug|Any CPU.Build.0 = Debug|Any CPU
		{B65D0305-1E3E-4185-91F0-613C40D5CF7D}.Win8.1 Debug|Mixed Platforms.ActiveCfg = Debug|Any CPU
		{B65D0305-1E3E-4185-91F0-613C40D5CF7D}.Win8.1 Debug|Mixed Platforms.Build.0 = Debug|Any CPU
		{B65D0305-1E3E-4185-91F0-613C40D5CF7D}.Win8.1 Debug|Win32.ActiveCfg = Debug|Any CPU
		{B65D0305-1E3E-4185-91F0-613C40D5CF7D}.Win8.1 Debug|x64.ActiveCfg = Debug|Any CPU
		{B65D0305-1E3E-4185-91F0-613C40D5CF7D}.Win8.1 Release|Any CPU.ActiveCfg = Release|Any CPU
		{B65D0305-1E3E-4185-91F0-613C40D5CF7D}.Win8.1 Release|Any CPU.Build.0 = Release|Any CPU
		{B65D0305-1E3E-4185-91F0-613C40D5CF7D}.Win8.1 Release|Mixed Platforms.ActiveCfg = Release|Any CPU
		{B65D0305-1E3E-4185-91F0-613C40D5CF7D}.Win8.1 Release|Mixed Platforms.Build.0 = Release|Any CPU
		{B65D0305-1E3E-4185-91F0-613C40D5CF7D}.Win8.1 Release|Win32.ActiveCfg = Release|Any CPU
		{B65D0305-1E3E-4185-91F0-613C40D5CF7D}.Win8.1 Release|x64.ActiveCfg = Release|Any CPU
		{FDC70577-8D4C-4E79-87EE-E9B3D09FAA8A}.Debug|Any CPU.ActiveCfg = Debug|Any CPU
		{FDC70577-8D4C-4E79-87EE-E9B3D09FAA8A}.Debug|Any CPU.Build.0 = Debug|Any CPU
		{FDC70577-8D4C-4E79-87EE-E9B3D09FAA8A}.Debug|Mixed Platforms.ActiveCfg = Debug|Any CPU
		{FDC70577-8D4C-4E79-87EE-E9B3D09FAA8A}.Debug|Mixed Platforms.Build.0 = Debug|Any CPU
		{FDC70577-8D4C-4E79-87EE-E9B3D09FAA8A}.Debug|Win32.ActiveCfg = Debug|Any CPU
		{FDC70577-8D4C-4E79-87EE-E9B3D09FAA8A}.Debug|x64.ActiveCfg = Debug|Any CPU
		{FDC70577-8D4C-4E79-87EE-E9B3D09FAA8A}.Release|Any CPU.ActiveCfg = Release|Any CPU
		{FDC70577-8D4C-4E79-87EE-E9B3D09FAA8A}.Release|Any CPU.Build.0 = Release|Any CPU
		{FDC70577-8D4C-4E79-87EE-E9B3D09FAA8A}.Release|Mixed Platforms.ActiveCfg = Release|Any CPU
		{FDC70577-8D4C-4E79-87EE-E9B3D09FAA8A}.Release|Mixed Platforms.Build.0 = Release|Any CPU
		{FDC70577-8D4C-4E79-87EE-E9B3D09FAA8A}.Release|Win32.ActiveCfg = Release|Any CPU
		{FDC70577-8D4C-4E79-87EE-E9B3D09FAA8A}.Release|x64.ActiveCfg = Release|Any CPU
		{FDC70577-8D4C-4E79-87EE-E9B3D09FAA8A}.Win7 Debug|Any CPU.ActiveCfg = Debug|Any CPU
		{FDC70577-8D4C-4E79-87EE-E9B3D09FAA8A}.Win7 Debug|Any CPU.Build.0 = Debug|Any CPU
		{FDC70577-8D4C-4E79-87EE-E9B3D09FAA8A}.Win7 Debug|Mixed Platforms.ActiveCfg = Debug|Any CPU
		{FDC70577-8D4C-4E79-87EE-E9B3D09FAA8A}.Win7 Debug|Mixed Platforms.Build.0 = Debug|Any CPU
		{FDC70577-8D4C-4E79-87EE-E9B3D09FAA8A}.Win7 Debug|Win32.ActiveCfg = Debug|Any CPU
		{FDC70577-8D4C-4E79-87EE-E9B3D09FAA8A}.Win7 Debug|x64.ActiveCfg = Debug|Any CPU
		{FDC70577-8D4C-4E79-87EE-E9B3D09FAA8A}.Win7 Release|Any CPU.ActiveCfg = Release|Any CPU
		{FDC70577-8D4C-4E79-87EE-E9B3D09FAA8A}.Win7 Release|Any CPU.Build.0 = Release|Any CPU
		{FDC70577-8D4C-4E79-87EE-E9B3D09FAA8A}.Win7 Release|Mixed Platforms.ActiveCfg = Release|Any CPU
		{FDC70577-8D4C-4E79-87EE-E9B3D09FAA8A}.Win7 Release|Mixed Platforms.Build.0 = Release|Any CPU
		{FDC70577-8D4C-4E79-87EE-E9B3D09FAA8A}.Win7 Release|Win32.ActiveCfg = Release|Any CPU
		{FDC70577-8D4C-4E79-87EE-E9B3D09FAA8A}.Win7 Release|x64.ActiveCfg = Release|Any CPU
		{FDC70577-8D4C-4E79-87EE-E9B3D09FAA8A}.Win8 Debug|Any CPU.ActiveCfg = Debug|Any CPU
		{FDC70577-8D4C-4E79-87EE-E9B3D09FAA8A}.Win8 Debug|Any CPU.Build.0 = Debug|Any CPU
		{FDC70577-8D4C-4E79-87EE-E9B3D09FAA8A}.Win8 Debug|Mixed Platforms.ActiveCfg = Debug|Any CPU
		{FDC70577-8D4C-4E79-87EE-E9B3D09FAA8A}.Win8 Debug|Mixed Platforms.Build.0 = Debug|Any CPU
		{FDC70577-8D4C-4E79-87EE-E9B3D09FAA8A}.Win8 Debug|Win32.ActiveCfg = Debug|Any CPU
		{FDC70577-8D4C-4E79-87EE-E9B3D09FAA8A}.Win8 Debug|x64.ActiveCfg = Debug|Any CPU
		{FDC70577-8D4C-4E79-87EE-E9B3D09FAA8A}.Win8 Release|Any CPU.ActiveCfg = Release|Any CPU
		{FDC70577-8D4C-4E79-87EE-E9B3D09FAA8A}.Win8 Release|Any CPU.Build.0 = Release|Any CPU
		{FDC70577-8D4C-4E79-87EE-E9B3D09FAA8A}.Win8 Release|Mixed Platforms.ActiveCfg = Release|Any CPU
		{FDC70577-8D4C-4E79-87EE-E9B3D09FAA8A}.Win8 Release|Mixed Platforms.Build.0 = Release|Any CPU
		{FDC70577-8D4C-4E79-87EE-E9B3D09FAA8A}.Win8 Release|Win32.ActiveCfg = Release|Any CPU
		{FDC70577-8D4C-4E79-87EE-E9B3D09FAA8A}.Win8 Release|x64.ActiveCfg = Release|Any CPU
		{FDC70577-8D4C-4E79-87EE-E9B3D09FAA8A}.Win8.1 Debug|Any CPU.ActiveCfg = Debug|Any CPU
		{FDC70577-8D4C-4E79-87EE-E9B3D09FAA8A}.Win8.1 Debug|Any CPU.Build.0 = Debug|Any CPU
		{FDC70577-8D4C-4E79-87EE-E9B3D09FAA8A}.Win8.1 Debug|Mixed Platforms.ActiveCfg = Debug|Any CPU
		{FDC70577-8D4C-4E79-87EE-E9B3D09FAA8A}.Win8.1 Debug|Mixed Platforms.Build.0 = Debug|Any CPU
		{FDC70577-8D4C-4E79-87EE-E9B3D09FAA8A}.Win8.1 Debug|Win32.ActiveCfg = Debug|Any CPU
		{FDC70577-8D4C-4E79-87EE-E9B3D09FAA8A}.Win8.1 Debug|x64.ActiveCfg = Debug|Any CPU
		{FDC70577-8D4C-4E79-87EE-E9B3D09FAA8A}.Win8.1 Release|Any CPU.ActiveCfg = Release|Any CPU
		{FDC70577-8D4C-4E79-87EE-E9B3D09FAA8A}.Win8.1 Release|Any CPU.Build.0 = Release|Any CPU
		{FDC70577-8D4C-4E79-87EE-E9B3D09FAA8A}.Win8.1 Release|Mixed Platforms.ActiveCfg = Release|Any CPU
		{FDC70577-8D4C-4E79-87EE-E9B3D09FAA8A}.Win8.1 Release|Mixed Platforms.Build.0 = Release|Any CPU
		{FDC70577-8D4C-4E79-87EE-E9B3D09FAA8A}.Win8.1 Release|Win32.ActiveCfg = Release|Any CPU
		{FDC70577-8D4C-4E79-87EE-E9B3D09FAA8A}.Win8.1 Release|x64.ActiveCfg = Release|Any CPU
	EndGlobalSection
	GlobalSection(SolutionProperties) = preSolution
		HideSolutionNode = FALSE
	EndGlobalSection
EndGlobal
