<?xml version="1.0" encoding="utf-8"?>
<Project ToolsVersion="4.0" xmlns="http://schemas.microsoft.com/developer/msbuild/2003">
  <ItemGroup>
    <Filter Include="Source Files">
      <UniqueIdentifier>{4FC737F1-C7A5-4376-A066-2A32D752A2FF}</UniqueIdentifier>
      <Extensions>cpp;c;cc;cxx;def;odl;idl;hpj;bat;asm;asmx</Extensions>
    </Filter>
    <Filter Include="Header Files">
      <UniqueIdentifier>{93995380-89BD-4b04-88EB-625FBE52EBFB}</UniqueIdentifier>
      <Extensions>h;hpp;hxx;hm;inl;inc;xsd</Extensions>
    </Filter>
    <Filter Include="Resource Files">
      <UniqueIdentifier>{67DA6AB6-F800-4c08-8B7A-83BB121AAD01}</UniqueIdentifier>
      <Extensions>rc;ico;cur;bmp;dlg;rc2;rct;bin;rgs;gif;jpg;jpeg;jpe;resx;tiff;tif;png;wav</Extensions>
    </Filter>
  </ItemGroup>
  <ItemGroup>
    <ClCompile Include="dllmain.cpp">
      <Filter>Source Files</Filter>
    </ClCompile>
    <ClCompile Include="DS3Controller.cpp">
      <Filter>Source Files</Filter>
    </ClCompile>
    <ClCompile Include="stdafx.cpp">
      <Filter>Source Files</Filter>
    </ClCompile>
    <ClCompile Include="XInput_Wrap.cpp">
      <Filter>Source Files</Filter>
    </ClCompile>
    <ClCompile Include="pnp.cpp">
      <Filter>Source Files</Filter>
    </ClCompile>
    <ClCompile Include="report.cpp">
      <Filter>Source Files</Filter>
    </ClCompile>
    <ClCompile Include="SCPController.cpp">
      <Filter>Source Files</Filter>
    </ClCompile>
    <ClCompile Include="DS2Controller.cpp">
      <Filter>Source Files</Filter>
    </ClCompile>
    <ClCompile Include="XInput_SCP.cpp">
      <Filter>Source Files</Filter>
    </ClCompile>
    <ClCompile Include="LibUsbApi.cpp">
      <Filter>Source Files</Filter>
    </ClCompile>
    <ClCompile Include="SL3Controller.cpp">
      <Filter>Source Files</Filter>
    </ClCompile>
    <ClCompile Include="X360Controller.cpp">
      <Filter>Source Files</Filter>
    </ClCompile>
    <ClCompile Include="BTConnection.cpp">
      <Filter>Source Files</Filter>
    </ClCompile>
  </ItemGroup>
  <ItemGroup>
    <ClInclude Include="DS3Controller.h">
      <Filter>Header Files</Filter>
    </ClInclude>
    <ClInclude Include="resource.h">
      <Filter>Header Files</Filter>
    </ClInclude>
    <ClInclude Include="stdafx.h">
      <Filter>Header Files</Filter>
    </ClInclude>
    <ClInclude Include="targetver.h">
      <Filter>Header Files</Filter>
    </ClInclude>
    <ClInclude Include="XInput_Wrap.h">
      <Filter>Header Files</Filter>
    </ClInclude>
    <ClInclude Include="hid.h">
      <Filter>Header Files</Filter>
    </ClInclude>
    <ClInclude Include="SCPController.h">
      <Filter>Header Files</Filter>
    </ClInclude>
    <ClInclude Include="DS2Controller.h">
      <Filter>Header Files</Filter>
    </ClInclude>
    <ClInclude Include="XInput_SCP.h">
      <Filter>Header Files</Filter>
    </ClInclude>
    <ClInclude Include="LibUsbApi.h">
      <Filter>Header Files</Filter>
    </ClInclude>
    <ClInclude Include="SL3Controller.h">
      <Filter>Header Files</Filter>
    </ClInclude>
    <ClInclude Include="X360Controller.h">
      <Filter>Header Files</Filter>
    </ClInclude>
    <ClInclude Include="BTConnection.h">
      <Filter>Header Files</Filter>
    </ClInclude>
  </ItemGroup>
  <ItemGroup>
    <ResourceCompile Include="XInput_SCP.rc">
      <Filter>Resource Files</Filter>
    </ResourceCompile>
  </ItemGroup>
  <ItemGroup>
    <None Include="XInput_SCP.def">
      <Filter>Resource Files</Filter>
    </None>
  </ItemGroup>
</Project>